// !$*UTF8*$!
{
	archiveVersion = 1;
	classes = {
	};
	objectVersion = 46;
	objects = {

/* Begin PBXBuildFile section */
		0466919C192CE88D0095E1A8 /* FPBonusViewController.m in Sources */ = {isa = PBXBuildFile; fileRef = 0466919B192CE88D0095E1A8 /* FPBonusViewController.m */; };
		046691A0192CE99A0095E1A8 /* Candies.m in Sources */ = {isa = PBXBuildFile; fileRef = 0466919F192CE99A0095E1A8 /* Candies.m */; };
		047D58A3192F2C0A003CE8BC /* FPFlovers.m in Sources */ = {isa = PBXBuildFile; fileRef = 047D58A2192F2C0A003CE8BC /* FPFlovers.m */; };
		7F31615B192C9F9D00C49EAE /* BallView.m in Sources */ = {isa = PBXBuildFile; fileRef = 7F31615A192C9F9D00C49EAE /* BallView.m */; };
		7F316160192C9FC200C49EAE /* CloudView.m in Sources */ = {isa = PBXBuildFile; fileRef = 7F31615F192C9FC200C49EAE /* CloudView.m */; };
		7F316164192C9FDA00C49EAE /* Segment.m in Sources */ = {isa = PBXBuildFile; fileRef = 7F316163192C9FDA00C49EAE /* Segment.m */; };
		7F316168192C9FF500C49EAE /* GameModel.m in Sources */ = {isa = PBXBuildFile; fileRef = 7F316167192C9FF500C49EAE /* GameModel.m */; };
		7F316176192CA05A00C49EAE /* GamePlayViewController.m in Sources */ = {isa = PBXBuildFile; fileRef = 7F316173192CA05A00C49EAE /* GamePlayViewController.m */; };
		7F316177192CA05A00C49EAE /* StartViewController.m in Sources */ = {isa = PBXBuildFile; fileRef = 7F316175192CA05A00C49EAE /* StartViewController.m */; };
		7F31617F192CCBE200C49EAE /* Levels in Resources */ = {isa = PBXBuildFile; fileRef = 7F31617E192CCBE200C49EAE /* Levels */; };
		7F316182192D092300C49EAE /* Preferences.m in Sources */ = {isa = PBXBuildFile; fileRef = 7F316181192D092300C49EAE /* Preferences.m */; };
		7F8A15B9192E0FFC006A9D6B /* PDFImage.framework in Frameworks */ = {isa = PBXBuildFile; fileRef = 7F8A15B8192E0FFC006A9D6B /* PDFImage.framework */; };
		7F8A15C0192E2069006A9D6B /* Localizable.strings in Resources */ = {isa = PBXBuildFile; fileRef = 7F8A15C2192E2069006A9D6B /* Localizable.strings */; };
		7F8A15C5192E389A006A9D6B /* ball1.pdf in Resources */ = {isa = PBXBuildFile; fileRef = 7F8A15C3192E389A006A9D6B /* ball1.pdf */; };
		7FA4BA42192C9AFD00A772BA /* Foundation.framework in Frameworks */ = {isa = PBXBuildFile; fileRef = 7FA4BA41192C9AFD00A772BA /* Foundation.framework */; };
		7FA4BA44192C9AFD00A772BA /* CoreGraphics.framework in Frameworks */ = {isa = PBXBuildFile; fileRef = 7FA4BA43192C9AFD00A772BA /* CoreGraphics.framework */; };
		7FA4BA46192C9AFD00A772BA /* UIKit.framework in Frameworks */ = {isa = PBXBuildFile; fileRef = 7FA4BA45192C9AFD00A772BA /* UIKit.framework */; };
		7FA4BA4C192C9AFD00A772BA /* InfoPlist.strings in Resources */ = {isa = PBXBuildFile; fileRef = 7FA4BA4A192C9AFD00A772BA /* InfoPlist.strings */; };
		7FA4BA4E192C9AFD00A772BA /* main.m in Sources */ = {isa = PBXBuildFile; fileRef = 7FA4BA4D192C9AFD00A772BA /* main.m */; };
		7FA4BA52192C9AFD00A772BA /* FPAppDelegate.m in Sources */ = {isa = PBXBuildFile; fileRef = 7FA4BA51192C9AFD00A772BA /* FPAppDelegate.m */; };
		7FA4BA55192C9AFD00A772BA /* Main.storyboard in Resources */ = {isa = PBXBuildFile; fileRef = 7FA4BA53192C9AFD00A772BA /* Main.storyboard */; };
		7FA4BA5A192C9AFD00A772BA /* Images.xcassets in Resources */ = {isa = PBXBuildFile; fileRef = 7FA4BA59192C9AFD00A772BA /* Images.xcassets */; };
		7FA4BA61192C9AFD00A772BA /* XCTest.framework in Frameworks */ = {isa = PBXBuildFile; fileRef = 7FA4BA60192C9AFD00A772BA /* XCTest.framework */; };
		7FA4BA62192C9AFD00A772BA /* Foundation.framework in Frameworks */ = {isa = PBXBuildFile; fileRef = 7FA4BA41192C9AFD00A772BA /* Foundation.framework */; };
		7FA4BA63192C9AFD00A772BA /* UIKit.framework in Frameworks */ = {isa = PBXBuildFile; fileRef = 7FA4BA45192C9AFD00A772BA /* UIKit.framework */; };
		7FA4BA6B192C9AFD00A772BA /* InfoPlist.strings in Resources */ = {isa = PBXBuildFile; fileRef = 7FA4BA69192C9AFD00A772BA /* InfoPlist.strings */; };
		7FA4BA6D192C9AFD00A772BA /* FunnyPuzzleTests.m in Sources */ = {isa = PBXBuildFile; fileRef = 7FA4BA6C192C9AFD00A772BA /* FunnyPuzzleTests.m */; };
		7FA57033192EA8A400CE84F8 /* QuartzCore.framework in Frameworks */ = {isa = PBXBuildFile; fileRef = 7FA57032192EA8A400CE84F8 /* QuartzCore.framework */; };
		7FA57037192F1B3000CE84F8 /* cloud1.pdf in Resources */ = {isa = PBXBuildFile; fileRef = 7FA57034192F1B3000CE84F8 /* cloud1.pdf */; };
		7FA57038192F1B3000CE84F8 /* cloud2.pdf in Resources */ = {isa = PBXBuildFile; fileRef = 7FA57035192F1B3000CE84F8 /* cloud2.pdf */; };
		7FA57039192F1B3000CE84F8 /* cloud3.pdf in Resources */ = {isa = PBXBuildFile; fileRef = 7FA57036192F1B3000CE84F8 /* cloud3.pdf */; };
		7FA5703F192F399A00CE84F8 /* ground1.pdf in Resources */ = {isa = PBXBuildFile; fileRef = 7FA5703A192F399A00CE84F8 /* ground1.pdf */; };
		7FA57040192F399A00CE84F8 /* ground2.pdf in Resources */ = {isa = PBXBuildFile; fileRef = 7FA5703B192F399A00CE84F8 /* ground2.pdf */; };
		7FA57041192F399A00CE84F8 /* ground3.pdf in Resources */ = {isa = PBXBuildFile; fileRef = 7FA5703C192F399A00CE84F8 /* ground3.pdf */; };
		7FA57042192F399A00CE84F8 /* ground4.pdf in Resources */ = {isa = PBXBuildFile; fileRef = 7FA5703D192F399A00CE84F8 /* ground4.pdf */; };
		7FA57043192F399A00CE84F8 /* ground5.pdf in Resources */ = {isa = PBXBuildFile; fileRef = 7FA5703E192F399A00CE84F8 /* ground5.pdf */; };
		7FA57046192F42C000CE84F8 /* GameField.storyboard in Resources */ = {isa = PBXBuildFile; fileRef = 7FA57045192F42C000CE84F8 /* GameField.storyboard */; };
		8443DDDF192F4796009F1EF8 /* game_background_music.mp3 in Resources */ = {isa = PBXBuildFile; fileRef = 8443DDB5192F4796009F1EF8 /* game_background_music.mp3 */; };
		8443DDE0192F4796009F1EF8 /* menu_background_music.mp3 in Resources */ = {isa = PBXBuildFile; fileRef = 8443DDB6192F4796009F1EF8 /* menu_background_music.mp3 */; };
		8443DDE1192F4796009F1EF8 /* apple.mp3 in Resources */ = {isa = PBXBuildFile; fileRef = 8443DDB8192F4796009F1EF8 /* apple.mp3 */; };
		8443DDE2192F4796009F1EF8 /* carrot.mp3 in Resources */ = {isa = PBXBuildFile; fileRef = 8443DDB9192F4796009F1EF8 /* carrot.mp3 */; };
		8443DDE3192F4796009F1EF8 /* chicken.mp3 in Resources */ = {isa = PBXBuildFile; fileRef = 8443DDBA192F4796009F1EF8 /* chicken.mp3 */; };
		8443DDE4192F4796009F1EF8 /* cochlea.mp3 in Resources */ = {isa = PBXBuildFile; fileRef = 8443DDBB192F4796009F1EF8 /* cochlea.mp3 */; };
		8443DDE5192F4796009F1EF8 /* dove.mp3 in Resources */ = {isa = PBXBuildFile; fileRef = 8443DDBC192F4796009F1EF8 /* dove.mp3 */; };
		8443DDE6192F4796009F1EF8 /* elephant.mp3 in Resources */ = {isa = PBXBuildFile; fileRef = 8443DDBD192F4796009F1EF8 /* elephant.mp3 */; };
		8443DDE7192F4796009F1EF8 /* excellent.mp3 in Resources */ = {isa = PBXBuildFile; fileRef = 8443DDBE192F4796009F1EF8 /* excellent.mp3 */; };
		8443DDE8192F4796009F1EF8 /* fish.mp3 in Resources */ = {isa = PBXBuildFile; fileRef = 8443DDBF192F4796009F1EF8 /* fish.mp3 */; };
		8443DDE9192F4796009F1EF8 /* icecream.mp3 in Resources */ = {isa = PBXBuildFile; fileRef = 8443DDC0192F4796009F1EF8 /* icecream.mp3 */; };
		8443DDEA192F4796009F1EF8 /* lamb.mp3 in Resources */ = {isa = PBXBuildFile; fileRef = 8443DDC1192F4796009F1EF8 /* lamb.mp3 */; };
		8443DDEB192F4796009F1EF8 /* octopus.mp3 in Resources */ = {isa = PBXBuildFile; fileRef = 8443DDC2192F4796009F1EF8 /* octopus.mp3 */; };
		8443DDEC192F4796009F1EF8 /* owl.mp3 in Resources */ = {isa = PBXBuildFile; fileRef = 8443DDC3192F4796009F1EF8 /* owl.mp3 */; };
		8443DDED192F4796009F1EF8 /* pencil.mp3 in Resources */ = {isa = PBXBuildFile; fileRef = 8443DDC4192F4796009F1EF8 /* pencil.mp3 */; };
		8443DDEE192F4796009F1EF8 /* pig.mp3 in Resources */ = {isa = PBXBuildFile; fileRef = 8443DDC5192F4796009F1EF8 /* pig.mp3 */; };
		8443DDEF192F4796009F1EF8 /* rabbit.mp3 in Resources */ = {isa = PBXBuildFile; fileRef = 8443DDC6192F4796009F1EF8 /* rabbit.mp3 */; };
		8443DDF0192F4796009F1EF8 /* snail.mp3 in Resources */ = {isa = PBXBuildFile; fileRef = 8443DDC7192F4796009F1EF8 /* snail.mp3 */; };
		8443DDF1192F4796009F1EF8 /* squirrel.mp3 in Resources */ = {isa = PBXBuildFile; fileRef = 8443DDC8192F4796009F1EF8 /* squirrel.mp3 */; };
		8443DDF2192F4796009F1EF8 /* toad.mp3 in Resources */ = {isa = PBXBuildFile; fileRef = 8443DDC9192F4796009F1EF8 /* toad.mp3 */; };
		8443DDF3192F4796009F1EF8 /* well_done.mp3 in Resources */ = {isa = PBXBuildFile; fileRef = 8443DDCA192F4796009F1EF8 /* well_done.mp3 */; };
		8443DDF4192F4796009F1EF8 /* apple_ru.mp3 in Resources */ = {isa = PBXBuildFile; fileRef = 8443DDCC192F4796009F1EF8 /* apple_ru.mp3 */; };
		8443DDF5192F4796009F1EF8 /* carrot_ru.mp3 in Resources */ = {isa = PBXBuildFile; fileRef = 8443DDCD192F4796009F1EF8 /* carrot_ru.mp3 */; };
		8443DDF6192F4796009F1EF8 /* chicken_ru.mp3 in Resources */ = {isa = PBXBuildFile; fileRef = 8443DDCE192F4796009F1EF8 /* chicken_ru.mp3 */; };
		8443DDF7192F4796009F1EF8 /* cochlea_ru.mp3 in Resources */ = {isa = PBXBuildFile; fileRef = 8443DDCF192F4796009F1EF8 /* cochlea_ru.mp3 */; };
		8443DDF8192F4796009F1EF8 /* dove_ru.mp3 in Resources */ = {isa = PBXBuildFile; fileRef = 8443DDD0192F4796009F1EF8 /* dove_ru.mp3 */; };
		8443DDF9192F4796009F1EF8 /* elephant_ru.mp3 in Resources */ = {isa = PBXBuildFile; fileRef = 8443DDD1192F4796009F1EF8 /* elephant_ru.mp3 */; };
		8443DDFA192F4796009F1EF8 /* excellent_ru.mp3 in Resources */ = {isa = PBXBuildFile; fileRef = 8443DDD2192F4796009F1EF8 /* excellent_ru.mp3 */; };
		8443DDFB192F4796009F1EF8 /* fish_ru.mp3 in Resources */ = {isa = PBXBuildFile; fileRef = 8443DDD3192F4796009F1EF8 /* fish_ru.mp3 */; };
		8443DDFC192F4796009F1EF8 /* icecream_ru.mp3 in Resources */ = {isa = PBXBuildFile; fileRef = 8443DDD4192F4796009F1EF8 /* icecream_ru.mp3 */; };
		8443DDFD192F4796009F1EF8 /* lamb_ru.mp3 in Resources */ = {isa = PBXBuildFile; fileRef = 8443DDD5192F4796009F1EF8 /* lamb_ru.mp3 */; };
		8443DDFE192F4796009F1EF8 /* octopus_ru.mp3 in Resources */ = {isa = PBXBuildFile; fileRef = 8443DDD6192F4796009F1EF8 /* octopus_ru.mp3 */; };
		8443DDFF192F4796009F1EF8 /* owl_ru.mp3 in Resources */ = {isa = PBXBuildFile; fileRef = 8443DDD7192F4796009F1EF8 /* owl_ru.mp3 */; };
		8443DE00192F4796009F1EF8 /* pencil_ru.mp3 in Resources */ = {isa = PBXBuildFile; fileRef = 8443DDD8192F4796009F1EF8 /* pencil_ru.mp3 */; };
		8443DE01192F4796009F1EF8 /* pig_ru.mp3 in Resources */ = {isa = PBXBuildFile; fileRef = 8443DDD9192F4796009F1EF8 /* pig_ru.mp3 */; };
		8443DE02192F4796009F1EF8 /* rabbit_ru.mp3 in Resources */ = {isa = PBXBuildFile; fileRef = 8443DDDA192F4796009F1EF8 /* rabbit_ru.mp3 */; };
		8443DE03192F4796009F1EF8 /* snail_ru.mp3 in Resources */ = {isa = PBXBuildFile; fileRef = 8443DDDB192F4796009F1EF8 /* snail_ru.mp3 */; };
		8443DE04192F4796009F1EF8 /* squirrel_ru.mp3 in Resources */ = {isa = PBXBuildFile; fileRef = 8443DDDC192F4796009F1EF8 /* squirrel_ru.mp3 */; };
		8443DE05192F4796009F1EF8 /* toad_ru.mp3 in Resources */ = {isa = PBXBuildFile; fileRef = 8443DDDD192F4796009F1EF8 /* toad_ru.mp3 */; };
		8443DE06192F4796009F1EF8 /* well_done_ru.mp3 in Resources */ = {isa = PBXBuildFile; fileRef = 8443DDDE192F4796009F1EF8 /* well_done_ru.mp3 */; };
		84E962D6192F512700DC785C /* FPObjectsManager.m in Sources */ = {isa = PBXBuildFile; fileRef = 84E962D5192F512700DC785C /* FPObjectsManager.m */; };
		84F85BA5192E6A5B00BDECB5 /* ball2.pdf in Resources */ = {isa = PBXBuildFile; fileRef = 7F8A15C4192E389A006A9D6B /* ball2.pdf */; };
		84F85BA7192E73CC00BDECB5 /* AVFoundation.framework in Frameworks */ = {isa = PBXBuildFile; fileRef = 84F85BA6192E73CC00BDECB5 /* AVFoundation.framework */; };
		84F85BF9192F371D00BDECB5 /* FPGameManager.m in Sources */ = {isa = PBXBuildFile; fileRef = 84F85BF8192F371D00BDECB5 /* FPGameManager.m */; };
/* End PBXBuildFile section */

/* Begin PBXContainerItemProxy section */
		7FA4BA64192C9AFD00A772BA /* PBXContainerItemProxy */ = {
			isa = PBXContainerItemProxy;
			containerPortal = 7FA4BA36192C9AFD00A772BA /* Project object */;
			proxyType = 1;
			remoteGlobalIDString = 7FA4BA3D192C9AFD00A772BA;
			remoteInfo = FunnyPuzzle;
		};
/* End PBXContainerItemProxy section */

/* Begin PBXFileReference section */
		0466919A192CE88D0095E1A8 /* FPBonusViewController.h */ = {isa = PBXFileReference; fileEncoding = 4; lastKnownFileType = sourcecode.c.h; name = FPBonusViewController.h; path = "View Controllers/Bonus View Controller/FPBonusViewController.h"; sourceTree = "<group>"; };
		0466919B192CE88D0095E1A8 /* FPBonusViewController.m */ = {isa = PBXFileReference; fileEncoding = 4; lastKnownFileType = sourcecode.c.objc; name = FPBonusViewController.m; path = "View Controllers/Bonus View Controller/FPBonusViewController.m"; sourceTree = "<group>"; };
		0466919E192CE99A0095E1A8 /* Candies.h */ = {isa = PBXFileReference; fileEncoding = 4; lastKnownFileType = sourcecode.c.h; name = Candies.h; path = "Custom Views/Candies/Candies.h"; sourceTree = "<group>"; };
		0466919F192CE99A0095E1A8 /* Candies.m */ = {isa = PBXFileReference; fileEncoding = 4; lastKnownFileType = sourcecode.c.objc; name = Candies.m; path = "Custom Views/Candies/Candies.m"; sourceTree = "<group>"; };
		047D58A1192F2C0A003CE8BC /* FPFlovers.h */ = {isa = PBXFileReference; fileEncoding = 4; lastKnownFileType = sourcecode.c.h; path = FPFlovers.h; sourceTree = "<group>"; };
		047D58A2192F2C0A003CE8BC /* FPFlovers.m */ = {isa = PBXFileReference; fileEncoding = 4; lastKnownFileType = sourcecode.c.objc; path = FPFlovers.m; sourceTree = "<group>"; };
		7F316159192C9F9D00C49EAE /* BallView.h */ = {isa = PBXFileReference; fileEncoding = 4; lastKnownFileType = sourcecode.c.h; name = BallView.h; path = "Custom Views/Ball View/BallView.h"; sourceTree = "<group>"; };
		7F31615A192C9F9D00C49EAE /* BallView.m */ = {isa = PBXFileReference; fileEncoding = 4; lastKnownFileType = sourcecode.c.objc; name = BallView.m; path = "Custom Views/Ball View/BallView.m"; sourceTree = "<group>"; };
		7F31615E192C9FC200C49EAE /* CloudView.h */ = {isa = PBXFileReference; fileEncoding = 4; lastKnownFileType = sourcecode.c.h; name = CloudView.h; path = "Custom Views/CloudView/CloudView.h"; sourceTree = "<group>"; };
		7F31615F192C9FC200C49EAE /* CloudView.m */ = {isa = PBXFileReference; fileEncoding = 4; lastKnownFileType = sourcecode.c.objc; name = CloudView.m; path = "Custom Views/CloudView/CloudView.m"; sourceTree = "<group>"; };
		7F316162192C9FDA00C49EAE /* Segment.h */ = {isa = PBXFileReference; fileEncoding = 4; lastKnownFileType = sourcecode.c.h; name = Segment.h; path = "Custom Views/Segment/Segment.h"; sourceTree = "<group>"; };
		7F316163192C9FDA00C49EAE /* Segment.m */ = {isa = PBXFileReference; fileEncoding = 4; lastKnownFileType = sourcecode.c.objc; name = Segment.m; path = "Custom Views/Segment/Segment.m"; sourceTree = "<group>"; };
		7F316166192C9FF500C49EAE /* GameModel.h */ = {isa = PBXFileReference; fileEncoding = 4; lastKnownFileType = sourcecode.c.h; name = GameModel.h; path = "Game Model/GameModel.h"; sourceTree = "<group>"; };
		7F316167192C9FF500C49EAE /* GameModel.m */ = {isa = PBXFileReference; fileEncoding = 4; lastKnownFileType = sourcecode.c.objc; name = GameModel.m; path = "Game Model/GameModel.m"; sourceTree = "<group>"; };
		7F316172192CA05A00C49EAE /* GamePlayViewController.h */ = {isa = PBXFileReference; fileEncoding = 4; lastKnownFileType = sourcecode.c.h; name = GamePlayViewController.h; path = "View Controllers/GamePlay/GamePlayViewController.h"; sourceTree = "<group>"; };
		7F316173192CA05A00C49EAE /* GamePlayViewController.m */ = {isa = PBXFileReference; fileEncoding = 4; lastKnownFileType = sourcecode.c.objc; name = GamePlayViewController.m; path = "View Controllers/GamePlay/GamePlayViewController.m"; sourceTree = "<group>"; };
		7F316174192CA05A00C49EAE /* StartViewController.h */ = {isa = PBXFileReference; fileEncoding = 4; lastKnownFileType = sourcecode.c.h; name = StartViewController.h; path = "View Controllers/Start View Controller/StartViewController.h"; sourceTree = "<group>"; };
		7F316175192CA05A00C49EAE /* StartViewController.m */ = {isa = PBXFileReference; fileEncoding = 4; lastKnownFileType = sourcecode.c.objc; name = StartViewController.m; path = "View Controllers/Start View Controller/StartViewController.m"; sourceTree = "<group>"; };
		7F31617E192CCBE200C49EAE /* Levels */ = {isa = PBXFileReference; lastKnownFileType = folder; name = Levels; path = Resources/Levels; sourceTree = "<group>"; };
		7F316180192D092300C49EAE /* Preferences.h */ = {isa = PBXFileReference; fileEncoding = 4; lastKnownFileType = sourcecode.c.h; name = Preferences.h; path = "View Controllers/Preferenсes/Preferences.h"; sourceTree = "<group>"; };
		7F316181192D092300C49EAE /* Preferences.m */ = {isa = PBXFileReference; fileEncoding = 4; lastKnownFileType = sourcecode.c.objc; name = Preferences.m; path = "View Controllers/Preferenсes/Preferences.m"; sourceTree = "<group>"; };
		7F8A15B8192E0FFC006A9D6B /* PDFImage.framework */ = {isa = PBXFileReference; lastKnownFileType = wrapper.framework; name = PDFImage.framework; path = FunnyPuzzle/Frameworks/PDFImage.framework; sourceTree = "<group>"; };
		7F8A15C1192E2069006A9D6B /* Base */ = {isa = PBXFileReference; lastKnownFileType = text.plist.strings; name = Base; path = Base.lproj/Localizable.strings; sourceTree = "<group>"; };
		7F8A15C3192E389A006A9D6B /* ball1.pdf */ = {isa = PBXFileReference; lastKnownFileType = image.pdf; name = ball1.pdf; path = Resources/General/ball1.pdf; sourceTree = "<group>"; };
		7F8A15C4192E389A006A9D6B /* ball2.pdf */ = {isa = PBXFileReference; lastKnownFileType = image.pdf; name = ball2.pdf; path = Resources/General/ball2.pdf; sourceTree = "<group>"; };
		7FA4BA3E192C9AFD00A772BA /* FunnyPuzzle.app */ = {isa = PBXFileReference; explicitFileType = wrapper.application; includeInIndex = 0; path = FunnyPuzzle.app; sourceTree = BUILT_PRODUCTS_DIR; };
		7FA4BA41192C9AFD00A772BA /* Foundation.framework */ = {isa = PBXFileReference; lastKnownFileType = wrapper.framework; name = Foundation.framework; path = System/Library/Frameworks/Foundation.framework; sourceTree = SDKROOT; };
		7FA4BA43192C9AFD00A772BA /* CoreGraphics.framework */ = {isa = PBXFileReference; lastKnownFileType = wrapper.framework; name = CoreGraphics.framework; path = System/Library/Frameworks/CoreGraphics.framework; sourceTree = SDKROOT; };
		7FA4BA45192C9AFD00A772BA /* UIKit.framework */ = {isa = PBXFileReference; lastKnownFileType = wrapper.framework; name = UIKit.framework; path = System/Library/Frameworks/UIKit.framework; sourceTree = SDKROOT; };
		7FA4BA49192C9AFD00A772BA /* FunnyPuzzle-Info.plist */ = {isa = PBXFileReference; lastKnownFileType = text.plist.xml; path = "FunnyPuzzle-Info.plist"; sourceTree = "<group>"; };
		7FA4BA4B192C9AFD00A772BA /* en */ = {isa = PBXFileReference; lastKnownFileType = text.plist.strings; name = en; path = en.lproj/InfoPlist.strings; sourceTree = "<group>"; };
		7FA4BA4D192C9AFD00A772BA /* main.m */ = {isa = PBXFileReference; lastKnownFileType = sourcecode.c.objc; path = main.m; sourceTree = "<group>"; };
		7FA4BA4F192C9AFD00A772BA /* FunnyPuzzle-Prefix.pch */ = {isa = PBXFileReference; lastKnownFileType = sourcecode.c.h; path = "FunnyPuzzle-Prefix.pch"; sourceTree = "<group>"; };
		7FA4BA50192C9AFD00A772BA /* FPAppDelegate.h */ = {isa = PBXFileReference; lastKnownFileType = sourcecode.c.h; path = FPAppDelegate.h; sourceTree = "<group>"; };
		7FA4BA51192C9AFD00A772BA /* FPAppDelegate.m */ = {isa = PBXFileReference; lastKnownFileType = sourcecode.c.objc; path = FPAppDelegate.m; sourceTree = "<group>"; };
		7FA4BA54192C9AFD00A772BA /* Base */ = {isa = PBXFileReference; lastKnownFileType = file.storyboard; name = Base; path = Base.lproj/Main.storyboard; sourceTree = "<group>"; };
		7FA4BA59192C9AFD00A772BA /* Images.xcassets */ = {isa = PBXFileReference; lastKnownFileType = folder.assetcatalog; path = Images.xcassets; sourceTree = "<group>"; };
		7FA4BA5F192C9AFD00A772BA /* FunnyPuzzleTests.xctest */ = {isa = PBXFileReference; explicitFileType = wrapper.cfbundle; includeInIndex = 0; path = FunnyPuzzleTests.xctest; sourceTree = BUILT_PRODUCTS_DIR; };
		7FA4BA60192C9AFD00A772BA /* XCTest.framework */ = {isa = PBXFileReference; lastKnownFileType = wrapper.framework; name = XCTest.framework; path = Library/Frameworks/XCTest.framework; sourceTree = DEVELOPER_DIR; };
		7FA4BA68192C9AFD00A772BA /* FunnyPuzzleTests-Info.plist */ = {isa = PBXFileReference; lastKnownFileType = text.plist.xml; path = "FunnyPuzzleTests-Info.plist"; sourceTree = "<group>"; };
		7FA4BA6A192C9AFD00A772BA /* en */ = {isa = PBXFileReference; lastKnownFileType = text.plist.strings; name = en; path = en.lproj/InfoPlist.strings; sourceTree = "<group>"; };
		7FA4BA6C192C9AFD00A772BA /* FunnyPuzzleTests.m */ = {isa = PBXFileReference; lastKnownFileType = sourcecode.c.objc; path = FunnyPuzzleTests.m; sourceTree = "<group>"; };
		7FA57032192EA8A400CE84F8 /* QuartzCore.framework */ = {isa = PBXFileReference; lastKnownFileType = wrapper.framework; name = QuartzCore.framework; path = System/Library/Frameworks/QuartzCore.framework; sourceTree = SDKROOT; };
		7FA57034192F1B3000CE84F8 /* cloud1.pdf */ = {isa = PBXFileReference; lastKnownFileType = image.pdf; name = cloud1.pdf; path = Resources/General/cloud1.pdf; sourceTree = "<group>"; };
		7FA57035192F1B3000CE84F8 /* cloud2.pdf */ = {isa = PBXFileReference; lastKnownFileType = image.pdf; name = cloud2.pdf; path = Resources/General/cloud2.pdf; sourceTree = "<group>"; };
		7FA57036192F1B3000CE84F8 /* cloud3.pdf */ = {isa = PBXFileReference; lastKnownFileType = image.pdf; name = cloud3.pdf; path = Resources/General/cloud3.pdf; sourceTree = "<group>"; };
		7FA5703A192F399A00CE84F8 /* ground1.pdf */ = {isa = PBXFileReference; lastKnownFileType = image.pdf; name = ground1.pdf; path = Resources/General/ground1.pdf; sourceTree = "<group>"; };
		7FA5703B192F399A00CE84F8 /* ground2.pdf */ = {isa = PBXFileReference; lastKnownFileType = image.pdf; name = ground2.pdf; path = Resources/General/ground2.pdf; sourceTree = "<group>"; };
		7FA5703C192F399A00CE84F8 /* ground3.pdf */ = {isa = PBXFileReference; lastKnownFileType = image.pdf; name = ground3.pdf; path = Resources/General/ground3.pdf; sourceTree = "<group>"; };
		7FA5703D192F399A00CE84F8 /* ground4.pdf */ = {isa = PBXFileReference; lastKnownFileType = image.pdf; name = ground4.pdf; path = Resources/General/ground4.pdf; sourceTree = "<group>"; };
		7FA5703E192F399A00CE84F8 /* ground5.pdf */ = {isa = PBXFileReference; lastKnownFileType = image.pdf; name = ground5.pdf; path = Resources/General/ground5.pdf; sourceTree = "<group>"; };
		7FA57045192F42C000CE84F8 /* GameField.storyboard */ = {isa = PBXFileReference; fileEncoding = 4; lastKnownFileType = file.storyboard; name = GameField.storyboard; path = "View Controllers/GamePlay/GameField.storyboard"; sourceTree = "<group>"; };
		8443DDB5192F4796009F1EF8 /* game_background_music.mp3 */ = {isa = PBXFileReference; lastKnownFileType = audio.mp3; path = game_background_music.mp3; sourceTree = "<group>"; };
		8443DDB6192F4796009F1EF8 /* menu_background_music.mp3 */ = {isa = PBXFileReference; lastKnownFileType = audio.mp3; path = menu_background_music.mp3; sourceTree = "<group>"; };
		8443DDB8192F4796009F1EF8 /* apple.mp3 */ = {isa = PBXFileReference; lastKnownFileType = audio.mp3; path = apple.mp3; sourceTree = "<group>"; };
		8443DDB9192F4796009F1EF8 /* carrot.mp3 */ = {isa = PBXFileReference; lastKnownFileType = audio.mp3; path = carrot.mp3; sourceTree = "<group>"; };
		8443DDBA192F4796009F1EF8 /* chicken.mp3 */ = {isa = PBXFileReference; lastKnownFileType = audio.mp3; path = chicken.mp3; sourceTree = "<group>"; };
		8443DDBB192F4796009F1EF8 /* cochlea.mp3 */ = {isa = PBXFileReference; lastKnownFileType = audio.mp3; path = cochlea.mp3; sourceTree = "<group>"; };
		8443DDBC192F4796009F1EF8 /* dove.mp3 */ = {isa = PBXFileReference; lastKnownFileType = audio.mp3; path = dove.mp3; sourceTree = "<group>"; };
		8443DDBD192F4796009F1EF8 /* elephant.mp3 */ = {isa = PBXFileReference; lastKnownFileType = audio.mp3; path = elephant.mp3; sourceTree = "<group>"; };
		8443DDBE192F4796009F1EF8 /* excellent.mp3 */ = {isa = PBXFileReference; lastKnownFileType = audio.mp3; path = excellent.mp3; sourceTree = "<group>"; };
		8443DDBF192F4796009F1EF8 /* fish.mp3 */ = {isa = PBXFileReference; lastKnownFileType = audio.mp3; path = fish.mp3; sourceTree = "<group>"; };
		8443DDC0192F4796009F1EF8 /* icecream.mp3 */ = {isa = PBXFileReference; lastKnownFileType = audio.mp3; path = icecream.mp3; sourceTree = "<group>"; };
		8443DDC1192F4796009F1EF8 /* lamb.mp3 */ = {isa = PBXFileReference; lastKnownFileType = audio.mp3; path = lamb.mp3; sourceTree = "<group>"; };
		8443DDC2192F4796009F1EF8 /* octopus.mp3 */ = {isa = PBXFileReference; lastKnownFileType = audio.mp3; path = octopus.mp3; sourceTree = "<group>"; };
		8443DDC3192F4796009F1EF8 /* owl.mp3 */ = {isa = PBXFileReference; lastKnownFileType = audio.mp3; path = owl.mp3; sourceTree = "<group>"; };
		8443DDC4192F4796009F1EF8 /* pencil.mp3 */ = {isa = PBXFileReference; lastKnownFileType = audio.mp3; path = pencil.mp3; sourceTree = "<group>"; };
		8443DDC5192F4796009F1EF8 /* pig.mp3 */ = {isa = PBXFileReference; lastKnownFileType = audio.mp3; path = pig.mp3; sourceTree = "<group>"; };
		8443DDC6192F4796009F1EF8 /* rabbit.mp3 */ = {isa = PBXFileReference; lastKnownFileType = audio.mp3; path = rabbit.mp3; sourceTree = "<group>"; };
		8443DDC7192F4796009F1EF8 /* snail.mp3 */ = {isa = PBXFileReference; lastKnownFileType = audio.mp3; path = snail.mp3; sourceTree = "<group>"; };
		8443DDC8192F4796009F1EF8 /* squirrel.mp3 */ = {isa = PBXFileReference; lastKnownFileType = audio.mp3; path = squirrel.mp3; sourceTree = "<group>"; };
		8443DDC9192F4796009F1EF8 /* toad.mp3 */ = {isa = PBXFileReference; lastKnownFileType = audio.mp3; path = toad.mp3; sourceTree = "<group>"; };
		8443DDCA192F4796009F1EF8 /* well_done.mp3 */ = {isa = PBXFileReference; lastKnownFileType = audio.mp3; path = well_done.mp3; sourceTree = "<group>"; };
		8443DDCC192F4796009F1EF8 /* apple_ru.mp3 */ = {isa = PBXFileReference; lastKnownFileType = audio.mp3; path = apple_ru.mp3; sourceTree = "<group>"; };
		8443DDCD192F4796009F1EF8 /* carrot_ru.mp3 */ = {isa = PBXFileReference; lastKnownFileType = audio.mp3; path = carrot_ru.mp3; sourceTree = "<group>"; };
		8443DDCE192F4796009F1EF8 /* chicken_ru.mp3 */ = {isa = PBXFileReference; lastKnownFileType = audio.mp3; path = chicken_ru.mp3; sourceTree = "<group>"; };
		8443DDCF192F4796009F1EF8 /* cochlea_ru.mp3 */ = {isa = PBXFileReference; lastKnownFileType = audio.mp3; path = cochlea_ru.mp3; sourceTree = "<group>"; };
		8443DDD0192F4796009F1EF8 /* dove_ru.mp3 */ = {isa = PBXFileReference; lastKnownFileType = audio.mp3; path = dove_ru.mp3; sourceTree = "<group>"; };
		8443DDD1192F4796009F1EF8 /* elephant_ru.mp3 */ = {isa = PBXFileReference; lastKnownFileType = audio.mp3; path = elephant_ru.mp3; sourceTree = "<group>"; };
		8443DDD2192F4796009F1EF8 /* excellent_ru.mp3 */ = {isa = PBXFileReference; lastKnownFileType = audio.mp3; path = excellent_ru.mp3; sourceTree = "<group>"; };
		8443DDD3192F4796009F1EF8 /* fish_ru.mp3 */ = {isa = PBXFileReference; lastKnownFileType = audio.mp3; path = fish_ru.mp3; sourceTree = "<group>"; };
		8443DDD4192F4796009F1EF8 /* icecream_ru.mp3 */ = {isa = PBXFileReference; lastKnownFileType = audio.mp3; path = icecream_ru.mp3; sourceTree = "<group>"; };
		8443DDD5192F4796009F1EF8 /* lamb_ru.mp3 */ = {isa = PBXFileReference; lastKnownFileType = audio.mp3; path = lamb_ru.mp3; sourceTree = "<group>"; };
		8443DDD6192F4796009F1EF8 /* octopus_ru.mp3 */ = {isa = PBXFileReference; lastKnownFileType = audio.mp3; path = octopus_ru.mp3; sourceTree = "<group>"; };
		8443DDD7192F4796009F1EF8 /* owl_ru.mp3 */ = {isa = PBXFileReference; lastKnownFileType = audio.mp3; path = owl_ru.mp3; sourceTree = "<group>"; };
		8443DDD8192F4796009F1EF8 /* pencil_ru.mp3 */ = {isa = PBXFileReference; lastKnownFileType = audio.mp3; path = pencil_ru.mp3; sourceTree = "<group>"; };
		8443DDD9192F4796009F1EF8 /* pig_ru.mp3 */ = {isa = PBXFileReference; lastKnownFileType = audio.mp3; path = pig_ru.mp3; sourceTree = "<group>"; };
		8443DDDA192F4796009F1EF8 /* rabbit_ru.mp3 */ = {isa = PBXFileReference; lastKnownFileType = audio.mp3; path = rabbit_ru.mp3; sourceTree = "<group>"; };
		8443DDDB192F4796009F1EF8 /* snail_ru.mp3 */ = {isa = PBXFileReference; lastKnownFileType = audio.mp3; path = snail_ru.mp3; sourceTree = "<group>"; };
		8443DDDC192F4796009F1EF8 /* squirrel_ru.mp3 */ = {isa = PBXFileReference; lastKnownFileType = audio.mp3; path = squirrel_ru.mp3; sourceTree = "<group>"; };
		8443DDDD192F4796009F1EF8 /* toad_ru.mp3 */ = {isa = PBXFileReference; lastKnownFileType = audio.mp3; path = toad_ru.mp3; sourceTree = "<group>"; };
		8443DDDE192F4796009F1EF8 /* well_done_ru.mp3 */ = {isa = PBXFileReference; lastKnownFileType = audio.mp3; path = well_done_ru.mp3; sourceTree = "<group>"; };
		84E962D4192F512700DC785C /* FPObjectsManager.h */ = {isa = PBXFileReference; fileEncoding = 4; lastKnownFileType = sourcecode.c.h; path = FPObjectsManager.h; sourceTree = "<group>"; };
		84E962D5192F512700DC785C /* FPObjectsManager.m */ = {isa = PBXFileReference; fileEncoding = 4; lastKnownFileType = sourcecode.c.objc; path = FPObjectsManager.m; sourceTree = "<group>"; };
		84F85BA4192E67CA00BDECB5 /* Constants.h */ = {isa = PBXFileReference; fileEncoding = 4; lastKnownFileType = sourcecode.c.h; name = Constants.h; path = Constants/Constants.h; sourceTree = "<group>"; };
		84F85BA6192E73CC00BDECB5 /* AVFoundation.framework */ = {isa = PBXFileReference; lastKnownFileType = wrapper.framework; name = AVFoundation.framework; path = System/Library/Frameworks/AVFoundation.framework; sourceTree = SDKROOT; };
		84F85BBF192E97BB00BDECB5 /* FPSoundManager.h */ = {isa = PBXFileReference; fileEncoding = 4; lastKnownFileType = sourcecode.c.h; path = FPSoundManager.h; sourceTree = "<group>"; };
		84F85BC0192E97BB00BDECB5 /* FPSoundManager.m */ = {isa = PBXFileReference; fileEncoding = 4; lastKnownFileType = sourcecode.c.objc; path = FPSoundManager.m; sourceTree = "<group>"; };
		84F85BF7192F371D00BDECB5 /* FPGameManager.h */ = {isa = PBXFileReference; fileEncoding = 4; lastKnownFileType = sourcecode.c.h; path = FPGameManager.h; sourceTree = "<group>"; };
		84F85BF8192F371D00BDECB5 /* FPGameManager.m */ = {isa = PBXFileReference; fileEncoding = 4; lastKnownFileType = sourcecode.c.objc; path = FPGameManager.m; sourceTree = "<group>"; };
/* End PBXFileReference section */

/* Begin PBXFrameworksBuildPhase section */
		7FA4BA3B192C9AFD00A772BA /* Frameworks */ = {
			isa = PBXFrameworksBuildPhase;
			buildActionMask = 2147483647;
			files = (
				7FA57033192EA8A400CE84F8 /* QuartzCore.framework in Frameworks */,
				84F85BA7192E73CC00BDECB5 /* AVFoundation.framework in Frameworks */,
				7F8A15B9192E0FFC006A9D6B /* PDFImage.framework in Frameworks */,
				7FA4BA44192C9AFD00A772BA /* CoreGraphics.framework in Frameworks */,
				7FA4BA46192C9AFD00A772BA /* UIKit.framework in Frameworks */,
				7FA4BA42192C9AFD00A772BA /* Foundation.framework in Frameworks */,
			);
			runOnlyForDeploymentPostprocessing = 0;
		};
		7FA4BA5C192C9AFD00A772BA /* Frameworks */ = {
			isa = PBXFrameworksBuildPhase;
			buildActionMask = 2147483647;
			files = (
				7FA4BA61192C9AFD00A772BA /* XCTest.framework in Frameworks */,
				7FA4BA63192C9AFD00A772BA /* UIKit.framework in Frameworks */,
				7FA4BA62192C9AFD00A772BA /* Foundation.framework in Frameworks */,
			);
			runOnlyForDeploymentPostprocessing = 0;
		};
/* End PBXFrameworksBuildPhase section */

/* Begin PBXGroup section */
		0466919D192CE8930095E1A8 /* Bonus */ = {
			isa = PBXGroup;
			children = (
				0466919A192CE88D0095E1A8 /* FPBonusViewController.h */,
				0466919B192CE88D0095E1A8 /* FPBonusViewController.m */,
			);
			name = Bonus;
			sourceTree = "<group>";
		};
		046691A1192CE9A40095E1A8 /* Candies */ = {
			isa = PBXGroup;
			children = (
				0466919E192CE99A0095E1A8 /* Candies.h */,
				0466919F192CE99A0095E1A8 /* Candies.m */,
			);
			name = Candies;
			sourceTree = "<group>";
		};
		047D58A4192F2C10003CE8BC /* Flovers */ = {
			isa = PBXGroup;
			children = (
				047D58A1192F2C0A003CE8BC /* FPFlovers.h */,
				047D58A2192F2C0A003CE8BC /* FPFlovers.m */,
			);
			name = Flovers;
			sourceTree = "<group>";
		};
		7F31615C192C9FA400C49EAE /* Views */ = {
			isa = PBXGroup;
			children = (
				7F316165192C9FDF00C49EAE /* Segment */,
				7F316161192C9FC600C49EAE /* Cloud */,
				7F31615D192C9FAF00C49EAE /* Ball */,
				046691A1192CE9A40095E1A8 /* Candies */,
				047D58A4192F2C10003CE8BC /* Flovers */,
			);
			name = Views;
			sourceTree = "<group>";
		};
		7F31615D192C9FAF00C49EAE /* Ball */ = {
			isa = PBXGroup;
			children = (
				7F316159192C9F9D00C49EAE /* BallView.h */,
				7F31615A192C9F9D00C49EAE /* BallView.m */,
			);
			name = Ball;
			sourceTree = "<group>";
		};
		7F316161192C9FC600C49EAE /* Cloud */ = {
			isa = PBXGroup;
			children = (
				7F31615E192C9FC200C49EAE /* CloudView.h */,
				7F31615F192C9FC200C49EAE /* CloudView.m */,
			);
			name = Cloud;
			sourceTree = "<group>";
		};
		7F316165192C9FDF00C49EAE /* Segment */ = {
			isa = PBXGroup;
			children = (
				7F316162192C9FDA00C49EAE /* Segment.h */,
				7F316163192C9FDA00C49EAE /* Segment.m */,
			);
			name = Segment;
			sourceTree = "<group>";
		};
		7F316169192C9FFC00C49EAE /* Managers */ = {
			isa = PBXGroup;
			children = (
				84E962D3192F512700DC785C /* Object Manager */,
				84F85BF6192F370500BDECB5 /* Game Manager */,
				84F85BBE192E97BB00BDECB5 /* Sound Manager */,
			);
			name = Managers;
			sourceTree = "<group>";
		};
		7F31616B192CA01500C49EAE /* Other Classes */ = {
			isa = PBXGroup;
			children = (
				8443DE07192F4F16009F1EF8 /* Game Model */,
				84F85BA4192E67CA00BDECB5 /* Constants.h */,
			);
			path = "Other Classes";
			sourceTree = "<group>";
		};
		7F316170192CA03200C49EAE /* Resources */ = {
			isa = PBXGroup;
			children = (
				84F85B9C192E489400BDECB5 /* Music */,
				7F31617E192CCBE200C49EAE /* Levels */,
				7F316171192CA04200C49EAE /* Start */,
				7FA4BA59192C9AFD00A772BA /* Images.xcassets */,
				7F8A15C2192E2069006A9D6B /* Localizable.strings */,
			);
			name = Resources;
			sourceTree = "<group>";
		};
		7F316171192CA04200C49EAE /* Start */ = {
			isa = PBXGroup;
			children = (
				7FA5703A192F399A00CE84F8 /* ground1.pdf */,
				7FA5703B192F399A00CE84F8 /* ground2.pdf */,
				7FA5703C192F399A00CE84F8 /* ground3.pdf */,
				7FA5703D192F399A00CE84F8 /* ground4.pdf */,
				7FA5703E192F399A00CE84F8 /* ground5.pdf */,
				7F8A15C3192E389A006A9D6B /* ball1.pdf */,
				7F8A15C4192E389A006A9D6B /* ball2.pdf */,
				7FA57034192F1B3000CE84F8 /* cloud1.pdf */,
				7FA57035192F1B3000CE84F8 /* cloud2.pdf */,
				7FA57036192F1B3000CE84F8 /* cloud3.pdf */,
			);
			name = Start;
			sourceTree = "<group>";
		};
		7F316178192CA06100C49EAE /* ViewControllers */ = {
			isa = PBXGroup;
			children = (
				7F3161D8192DBB9C00C49EAE /* Preferences */,
				7F316179192CA08300C49EAE /* Gameplay */,
				7F31617A192CA08F00C49EAE /* Start */,
				0466919D192CE8930095E1A8 /* Bonus */,
			);
			name = ViewControllers;
			sourceTree = "<group>";
		};
		7F316179192CA08300C49EAE /* Gameplay */ = {
			isa = PBXGroup;
			children = (
				7F316172192CA05A00C49EAE /* GamePlayViewController.h */,
				7F316173192CA05A00C49EAE /* GamePlayViewController.m */,
				7FA57045192F42C000CE84F8 /* GameField.storyboard */,
			);
			name = Gameplay;
			sourceTree = "<group>";
		};
		7F31617A192CA08F00C49EAE /* Start */ = {
			isa = PBXGroup;
			children = (
				7F316174192CA05A00C49EAE /* StartViewController.h */,
				7F316175192CA05A00C49EAE /* StartViewController.m */,
			);
			name = Start;
			sourceTree = "<group>";
		};
		7F3161D8192DBB9C00C49EAE /* Preferences */ = {
			isa = PBXGroup;
			children = (
				7F316180192D092300C49EAE /* Preferences.h */,
				7F316181192D092300C49EAE /* Preferences.m */,
			);
			name = Preferences;
			sourceTree = "<group>";
		};
		7FA4BA35192C9AFD00A772BA = {
			isa = PBXGroup;
			children = (
				7FA4BA47192C9AFD00A772BA /* FunnyPuzzle */,
				7FA4BA66192C9AFD00A772BA /* FunnyPuzzleTests */,
				7FA4BA40192C9AFD00A772BA /* Frameworks */,
				7FA4BA3F192C9AFD00A772BA /* Products */,
			);
			sourceTree = "<group>";
		};
		7FA4BA3F192C9AFD00A772BA /* Products */ = {
			isa = PBXGroup;
			children = (
				7FA4BA3E192C9AFD00A772BA /* FunnyPuzzle.app */,
				7FA4BA5F192C9AFD00A772BA /* FunnyPuzzleTests.xctest */,
			);
			name = Products;
			sourceTree = "<group>";
		};
		7FA4BA40192C9AFD00A772BA /* Frameworks */ = {
			isa = PBXGroup;
			children = (
				7FA57032192EA8A400CE84F8 /* QuartzCore.framework */,
				84F85BA6192E73CC00BDECB5 /* AVFoundation.framework */,
				7F8A15B8192E0FFC006A9D6B /* PDFImage.framework */,
				7FA4BA41192C9AFD00A772BA /* Foundation.framework */,
				7FA4BA43192C9AFD00A772BA /* CoreGraphics.framework */,
				7FA4BA45192C9AFD00A772BA /* UIKit.framework */,
				7FA4BA60192C9AFD00A772BA /* XCTest.framework */,
			);
			name = Frameworks;
			sourceTree = "<group>";
		};
		7FA4BA47192C9AFD00A772BA /* FunnyPuzzle */ = {
			isa = PBXGroup;
			children = (
				7F316170192CA03200C49EAE /* Resources */,
				7F316178192CA06100C49EAE /* ViewControllers */,
				7FA4BA50192C9AFD00A772BA /* FPAppDelegate.h */,
				7FA4BA51192C9AFD00A772BA /* FPAppDelegate.m */,
				7FA4BA53192C9AFD00A772BA /* Main.storyboard */,
				7F316169192C9FFC00C49EAE /* Managers */,
				7F31615C192C9FA400C49EAE /* Views */,
				7F31616B192CA01500C49EAE /* Other Classes */,
				7FA4BA48192C9AFD00A772BA /* Supporting Files */,
			);
			path = FunnyPuzzle;
			sourceTree = "<group>";
		};
		7FA4BA48192C9AFD00A772BA /* Supporting Files */ = {
			isa = PBXGroup;
			children = (
				7FA4BA49192C9AFD00A772BA /* FunnyPuzzle-Info.plist */,
				7FA4BA4A192C9AFD00A772BA /* InfoPlist.strings */,
				7FA4BA4D192C9AFD00A772BA /* main.m */,
				7FA4BA4F192C9AFD00A772BA /* FunnyPuzzle-Prefix.pch */,
			);
			path = "Supporting Files";
			sourceTree = "<group>";
		};
		7FA4BA66192C9AFD00A772BA /* FunnyPuzzleTests */ = {
			isa = PBXGroup;
			children = (
				7FA4BA6C192C9AFD00A772BA /* FunnyPuzzleTests.m */,
				7FA4BA67192C9AFD00A772BA /* Supporting Files */,
			);
			path = FunnyPuzzleTests;
			sourceTree = "<group>";
		};
		7FA4BA67192C9AFD00A772BA /* Supporting Files */ = {
			isa = PBXGroup;
			children = (
				7FA4BA68192C9AFD00A772BA /* FunnyPuzzleTests-Info.plist */,
				7FA4BA69192C9AFD00A772BA /* InfoPlist.strings */,
			);
			name = "Supporting Files";
			sourceTree = "<group>";
		};
		8443DDB4192F4796009F1EF8 /* Background music */ = {
			isa = PBXGroup;
			children = (
				8443DDB5192F4796009F1EF8 /* game_background_music.mp3 */,
				8443DDB6192F4796009F1EF8 /* menu_background_music.mp3 */,
			);
			path = "Background music";
			sourceTree = "<group>";
		};
		8443DDB7192F4796009F1EF8 /* Sounds EN */ = {
			isa = PBXGroup;
			children = (
				8443DDB8192F4796009F1EF8 /* apple.mp3 */,
				8443DDB9192F4796009F1EF8 /* carrot.mp3 */,
				8443DDBA192F4796009F1EF8 /* chicken.mp3 */,
				8443DDBB192F4796009F1EF8 /* cochlea.mp3 */,
				8443DDBC192F4796009F1EF8 /* dove.mp3 */,
				8443DDBD192F4796009F1EF8 /* elephant.mp3 */,
				8443DDBE192F4796009F1EF8 /* excellent.mp3 */,
				8443DDBF192F4796009F1EF8 /* fish.mp3 */,
				8443DDC0192F4796009F1EF8 /* icecream.mp3 */,
				8443DDC1192F4796009F1EF8 /* lamb.mp3 */,
				8443DDC2192F4796009F1EF8 /* octopus.mp3 */,
				8443DDC3192F4796009F1EF8 /* owl.mp3 */,
				8443DDC4192F4796009F1EF8 /* pencil.mp3 */,
				8443DDC5192F4796009F1EF8 /* pig.mp3 */,
				8443DDC6192F4796009F1EF8 /* rabbit.mp3 */,
				8443DDC7192F4796009F1EF8 /* snail.mp3 */,
				8443DDC8192F4796009F1EF8 /* squirrel.mp3 */,
				8443DDC9192F4796009F1EF8 /* toad.mp3 */,
				8443DDCA192F4796009F1EF8 /* well_done.mp3 */,
			);
			path = "Sounds EN";
			sourceTree = "<group>";
		};
		8443DDCB192F4796009F1EF8 /* Sounds RU */ = {
			isa = PBXGroup;
			children = (
				8443DDCC192F4796009F1EF8 /* apple_ru.mp3 */,
				8443DDCD192F4796009F1EF8 /* carrot_ru.mp3 */,
				8443DDCE192F4796009F1EF8 /* chicken_ru.mp3 */,
				8443DDCF192F4796009F1EF8 /* cochlea_ru.mp3 */,
				8443DDD0192F4796009F1EF8 /* dove_ru.mp3 */,
				8443DDD1192F4796009F1EF8 /* elephant_ru.mp3 */,
				8443DDD2192F4796009F1EF8 /* excellent_ru.mp3 */,
				8443DDD3192F4796009F1EF8 /* fish_ru.mp3 */,
				8443DDD4192F4796009F1EF8 /* icecream_ru.mp3 */,
				8443DDD5192F4796009F1EF8 /* lamb_ru.mp3 */,
				8443DDD6192F4796009F1EF8 /* octopus_ru.mp3 */,
				8443DDD7192F4796009F1EF8 /* owl_ru.mp3 */,
				8443DDD8192F4796009F1EF8 /* pencil_ru.mp3 */,
				8443DDD9192F4796009F1EF8 /* pig_ru.mp3 */,
				8443DDDA192F4796009F1EF8 /* rabbit_ru.mp3 */,
				8443DDDB192F4796009F1EF8 /* snail_ru.mp3 */,
				8443DDDC192F4796009F1EF8 /* squirrel_ru.mp3 */,
				8443DDDD192F4796009F1EF8 /* toad_ru.mp3 */,
				8443DDDE192F4796009F1EF8 /* well_done_ru.mp3 */,
			);
			path = "Sounds RU";
			sourceTree = "<group>";
		};
		8443DE07192F4F16009F1EF8 /* Game Model */ = {
			isa = PBXGroup;
			children = (
				7F316166192C9FF500C49EAE /* GameModel.h */,
				7F316167192C9FF500C49EAE /* GameModel.m */,
			);
			name = "Game Model";
			sourceTree = "<group>";
		};
		84E962D3192F512700DC785C /* Object Manager */ = {
			isa = PBXGroup;
			children = (
				84E962D4192F512700DC785C /* FPObjectsManager.h */,
				84E962D5192F512700DC785C /* FPObjectsManager.m */,
			);
			name = "Object Manager";
			path = "Managers/Object Manager";
			sourceTree = "<group>";
		};
		84F85B9C192E489400BDECB5 /* Music */ = {
			isa = PBXGroup;
			children = (
				8443DDB4192F4796009F1EF8 /* Background music */,
				8443DDB7192F4796009F1EF8 /* Sounds EN */,
				8443DDCB192F4796009F1EF8 /* Sounds RU */,
			);
			name = Music;
			path = Resources/Music;
			sourceTree = "<group>";
		};
		84F85BBE192E97BB00BDECB5 /* Sound Manager */ = {
			isa = PBXGroup;
			children = (
				84F85BBF192E97BB00BDECB5 /* FPSoundManager.h */,
				84F85BC0192E97BB00BDECB5 /* FPSoundManager.m */,
			);
			name = "Sound Manager";
			path = "Managers/Sound Manager";
			sourceTree = "<group>";
		};
		84F85BF6192F370500BDECB5 /* Game Manager */ = {
			isa = PBXGroup;
			children = (
				84F85BF7192F371D00BDECB5 /* FPGameManager.h */,
				84F85BF8192F371D00BDECB5 /* FPGameManager.m */,
			);
			name = "Game Manager";
			path = "Managers/Game Manager";
			sourceTree = "<group>";
		};
/* End PBXGroup section */

/* Begin PBXNativeTarget section */
		7FA4BA3D192C9AFD00A772BA /* FunnyPuzzle */ = {
			isa = PBXNativeTarget;
			buildConfigurationList = 7FA4BA70192C9AFD00A772BA /* Build configuration list for PBXNativeTarget "FunnyPuzzle" */;
			buildPhases = (
				7FA4BA3A192C9AFD00A772BA /* Sources */,
				7FA4BA3B192C9AFD00A772BA /* Frameworks */,
				7FA4BA3C192C9AFD00A772BA /* Resources */,
			);
			buildRules = (
			);
			dependencies = (
			);
			name = FunnyPuzzle;
			productName = FunnyPuzzle;
			productReference = 7FA4BA3E192C9AFD00A772BA /* FunnyPuzzle.app */;
			productType = "com.apple.product-type.application";
		};
		7FA4BA5E192C9AFD00A772BA /* FunnyPuzzleTests */ = {
			isa = PBXNativeTarget;
			buildConfigurationList = 7FA4BA73192C9AFD00A772BA /* Build configuration list for PBXNativeTarget "FunnyPuzzleTests" */;
			buildPhases = (
				7FA4BA5B192C9AFD00A772BA /* Sources */,
				7FA4BA5C192C9AFD00A772BA /* Frameworks */,
				7FA4BA5D192C9AFD00A772BA /* Resources */,
			);
			buildRules = (
			);
			dependencies = (
				7FA4BA65192C9AFD00A772BA /* PBXTargetDependency */,
			);
			name = FunnyPuzzleTests;
			productName = FunnyPuzzleTests;
			productReference = 7FA4BA5F192C9AFD00A772BA /* FunnyPuzzleTests.xctest */;
			productType = "com.apple.product-type.bundle.unit-test";
		};
/* End PBXNativeTarget section */

/* Begin PBXProject section */
		7FA4BA36192C9AFD00A772BA /* Project object */ = {
			isa = PBXProject;
			attributes = {
				CLASSPREFIX = FP;
				LastUpgradeCheck = 0510;
				ORGANIZATIONNAME = Mobilez365;
				TargetAttributes = {
					7FA4BA5E192C9AFD00A772BA = {
						TestTargetID = 7FA4BA3D192C9AFD00A772BA;
					};
				};
			};
			buildConfigurationList = 7FA4BA39192C9AFD00A772BA /* Build configuration list for PBXProject "FunnyPuzzle" */;
			compatibilityVersion = "Xcode 3.2";
			developmentRegion = English;
			hasScannedForEncodings = 0;
			knownRegions = (
				en,
				Base,
			);
			mainGroup = 7FA4BA35192C9AFD00A772BA;
			productRefGroup = 7FA4BA3F192C9AFD00A772BA /* Products */;
			projectDirPath = "";
			projectRoot = "";
			targets = (
				7FA4BA3D192C9AFD00A772BA /* FunnyPuzzle */,
				7FA4BA5E192C9AFD00A772BA /* FunnyPuzzleTests */,
			);
		};
/* End PBXProject section */

/* Begin PBXResourcesBuildPhase section */
		7FA4BA3C192C9AFD00A772BA /* Resources */ = {
			isa = PBXResourcesBuildPhase;
			buildActionMask = 2147483647;
			files = (
				8443DDFF192F4796009F1EF8 /* owl_ru.mp3 in Resources */,
				8443DDDF192F4796009F1EF8 /* game_background_music.mp3 in Resources */,
				8443DDFD192F4796009F1EF8 /* lamb_ru.mp3 in Resources */,
				8443DE03192F4796009F1EF8 /* snail_ru.mp3 in Resources */,
				8443DDFB192F4796009F1EF8 /* fish_ru.mp3 in Resources */,
				8443DE01192F4796009F1EF8 /* pig_ru.mp3 in Resources */,
				8443DDF7192F4796009F1EF8 /* cochlea_ru.mp3 in Resources */,
				8443DDFA192F4796009F1EF8 /* excellent_ru.mp3 in Resources */,
				8443DDEB192F4796009F1EF8 /* octopus.mp3 in Resources */,
				7FA4BA5A192C9AFD00A772BA /* Images.xcassets in Resources */,
				7FA57038192F1B3000CE84F8 /* cloud2.pdf in Resources */,
				7FA4BA4C192C9AFD00A772BA /* InfoPlist.strings in Resources */,
				7FA57040192F399A00CE84F8 /* ground2.pdf in Resources */,
				7FA4BA55192C9AFD00A772BA /* Main.storyboard in Resources */,
				8443DE00192F4796009F1EF8 /* pencil_ru.mp3 in Resources */,
				8443DDE8192F4796009F1EF8 /* fish.mp3 in Resources */,
				7FA57046192F42C000CE84F8 /* GameField.storyboard in Resources */,
				84F85BA5192E6A5B00BDECB5 /* ball2.pdf in Resources */,
				7FA57041192F399A00CE84F8 /* ground3.pdf in Resources */,
				7FA57039192F1B3000CE84F8 /* cloud3.pdf in Resources */,
				8443DDE4192F4796009F1EF8 /* cochlea.mp3 in Resources */,
				8443DDE9192F4796009F1EF8 /* icecream.mp3 in Resources */,
				8443DDE6192F4796009F1EF8 /* elephant.mp3 in Resources */,
				8443DDF8192F4796009F1EF8 /* dove_ru.mp3 in Resources */,
				8443DDF4192F4796009F1EF8 /* apple_ru.mp3 in Resources */,
				8443DDEE192F4796009F1EF8 /* pig.mp3 in Resources */,
				8443DDF1192F4796009F1EF8 /* squirrel.mp3 in Resources */,
				8443DE04192F4796009F1EF8 /* squirrel_ru.mp3 in Resources */,
				8443DDF3192F4796009F1EF8 /* well_done.mp3 in Resources */,
				8443DE02192F4796009F1EF8 /* rabbit_ru.mp3 in Resources */,
				8443DDF9192F4796009F1EF8 /* elephant_ru.mp3 in Resources */,
				7F31617F192CCBE200C49EAE /* Levels in Resources */,
				8443DDFE192F4796009F1EF8 /* octopus_ru.mp3 in Resources */,
				8443DE06192F4796009F1EF8 /* well_done_ru.mp3 in Resources */,
				8443DDF6192F4796009F1EF8 /* chicken_ru.mp3 in Resources */,
				7F8A15C5192E389A006A9D6B /* ball1.pdf in Resources */,
				7F8A15C0192E2069006A9D6B /* Localizable.strings in Resources */,
				7FA57037192F1B3000CE84F8 /* cloud1.pdf in Resources */,
				7FA57043192F399A00CE84F8 /* ground5.pdf in Resources */,
				7FA5703F192F399A00CE84F8 /* ground1.pdf in Resources */,
				7FA57042192F399A00CE84F8 /* ground4.pdf in Resources */,
				8443DDE2192F4796009F1EF8 /* carrot.mp3 in Resources */,
				8443DDED192F4796009F1EF8 /* pencil.mp3 in Resources */,
				8443DDE0192F4796009F1EF8 /* menu_background_music.mp3 in Resources */,
				8443DDEC192F4796009F1EF8 /* owl.mp3 in Resources */,
				8443DDF0192F4796009F1EF8 /* snail.mp3 in Resources */,
				8443DDF2192F4796009F1EF8 /* toad.mp3 in Resources */,
				8443DDE3192F4796009F1EF8 /* chicken.mp3 in Resources */,
				8443DDE5192F4796009F1EF8 /* dove.mp3 in Resources */,
				8443DDEF192F4796009F1EF8 /* rabbit.mp3 in Resources */,
				8443DDE1192F4796009F1EF8 /* apple.mp3 in Resources */,
				8443DDEA192F4796009F1EF8 /* lamb.mp3 in Resources */,
				8443DDF5192F4796009F1EF8 /* carrot_ru.mp3 in Resources */,
				8443DE05192F4796009F1EF8 /* toad_ru.mp3 in Resources */,
				8443DDFC192F4796009F1EF8 /* icecream_ru.mp3 in Resources */,
				8443DDE7192F4796009F1EF8 /* excellent.mp3 in Resources */,
			);
			runOnlyForDeploymentPostprocessing = 0;
		};
		7FA4BA5D192C9AFD00A772BA /* Resources */ = {
			isa = PBXResourcesBuildPhase;
			buildActionMask = 2147483647;
			files = (
				7FA4BA6B192C9AFD00A772BA /* InfoPlist.strings in Resources */,
			);
			runOnlyForDeploymentPostprocessing = 0;
		};
/* End PBXResourcesBuildPhase section */

/* Begin PBXSourcesBuildPhase section */
		7FA4BA3A192C9AFD00A772BA /* Sources */ = {
			isa = PBXSourcesBuildPhase;
			buildActionMask = 2147483647;
			files = (
				84F85BF9192F371D00BDECB5 /* FPGameManager.m in Sources */,
				7FA4BA52192C9AFD00A772BA /* FPAppDelegate.m in Sources */,
				0466919C192CE88D0095E1A8 /* FPBonusViewController.m in Sources */,
				7F316168192C9FF500C49EAE /* GameModel.m in Sources */,
				84E962D6192F512700DC785C /* FPObjectsManager.m in Sources */,
				047D58A3192F2C0A003CE8BC /* FPFlovers.m in Sources */,
				7F316176192CA05A00C49EAE /* GamePlayViewController.m in Sources */,
				7F316177192CA05A00C49EAE /* StartViewController.m in Sources */,
				7FA4BA4E192C9AFD00A772BA /* main.m in Sources */,
				7F316182192D092300C49EAE /* Preferences.m in Sources */,
				7F316160192C9FC200C49EAE /* CloudView.m in Sources */,
				7F31615B192C9F9D00C49EAE /* BallView.m in Sources */,
				7F316164192C9FDA00C49EAE /* Segment.m in Sources */,
				046691A0192CE99A0095E1A8 /* Candies.m in Sources */,
			);
			runOnlyForDeploymentPostprocessing = 0;
		};
		7FA4BA5B192C9AFD00A772BA /* Sources */ = {
			isa = PBXSourcesBuildPhase;
			buildActionMask = 2147483647;
			files = (
				7FA4BA6D192C9AFD00A772BA /* FunnyPuzzleTests.m in Sources */,
			);
			runOnlyForDeploymentPostprocessing = 0;
		};
/* End PBXSourcesBuildPhase section */

/* Begin PBXTargetDependency section */
		7FA4BA65192C9AFD00A772BA /* PBXTargetDependency */ = {
			isa = PBXTargetDependency;
			target = 7FA4BA3D192C9AFD00A772BA /* FunnyPuzzle */;
			targetProxy = 7FA4BA64192C9AFD00A772BA /* PBXContainerItemProxy */;
		};
/* End PBXTargetDependency section */

/* Begin PBXVariantGroup section */
		7F8A15C2192E2069006A9D6B /* Localizable.strings */ = {
			isa = PBXVariantGroup;
			children = (
				7F8A15C1192E2069006A9D6B /* Base */,
			);
			name = Localizable.strings;
			path = Resources;
			sourceTree = "<group>";
		};
		7FA4BA4A192C9AFD00A772BA /* InfoPlist.strings */ = {
			isa = PBXVariantGroup;
			children = (
				7FA4BA4B192C9AFD00A772BA /* en */,
			);
			name = InfoPlist.strings;
			sourceTree = "<group>";
		};
		7FA4BA53192C9AFD00A772BA /* Main.storyboard */ = {
			isa = PBXVariantGroup;
			children = (
				7FA4BA54192C9AFD00A772BA /* Base */,
			);
			name = Main.storyboard;
			sourceTree = "<group>";
		};
		7FA4BA69192C9AFD00A772BA /* InfoPlist.strings */ = {
			isa = PBXVariantGroup;
			children = (
				7FA4BA6A192C9AFD00A772BA /* en */,
			);
			name = InfoPlist.strings;
			sourceTree = "<group>";
		};
/* End PBXVariantGroup section */

/* Begin XCBuildConfiguration section */
		7FA4BA6E192C9AFD00A772BA /* Debug */ = {
			isa = XCBuildConfiguration;
			buildSettings = {
				ALWAYS_SEARCH_USER_PATHS = NO;
				CLANG_CXX_LANGUAGE_STANDARD = "gnu++0x";
				CLANG_CXX_LIBRARY = "libc++";
				CLANG_ENABLE_MODULES = YES;
				CLANG_ENABLE_OBJC_ARC = YES;
				CLANG_WARN_BOOL_CONVERSION = YES;
				CLANG_WARN_CONSTANT_CONVERSION = YES;
				CLANG_WARN_DIRECT_OBJC_ISA_USAGE = YES_ERROR;
				CLANG_WARN_EMPTY_BODY = YES;
				CLANG_WARN_ENUM_CONVERSION = YES;
				CLANG_WARN_INT_CONVERSION = YES;
				CLANG_WARN_OBJC_ROOT_CLASS = YES_ERROR;
				CLANG_WARN__DUPLICATE_METHOD_MATCH = YES;
				"CODE_SIGN_IDENTITY[sdk=iphoneos*]" = "iPhone Developer";
				COPY_PHASE_STRIP = NO;
				GCC_C_LANGUAGE_STANDARD = gnu99;
				GCC_DYNAMIC_NO_PIC = NO;
				GCC_OPTIMIZATION_LEVEL = 0;
				GCC_PREPROCESSOR_DEFINITIONS = (
					"DEBUG=1",
					"$(inherited)",
				);
				GCC_SYMBOLS_PRIVATE_EXTERN = NO;
				GCC_WARN_64_TO_32_BIT_CONVERSION = YES;
				GCC_WARN_ABOUT_RETURN_TYPE = YES_ERROR;
				GCC_WARN_UNDECLARED_SELECTOR = YES;
				GCC_WARN_UNINITIALIZED_AUTOS = YES_AGGRESSIVE;
				GCC_WARN_UNUSED_FUNCTION = YES;
				GCC_WARN_UNUSED_VARIABLE = YES;
				IPHONEOS_DEPLOYMENT_TARGET = 7.1;
				ONLY_ACTIVE_ARCH = YES;
				SDKROOT = iphoneos;
			};
			name = Debug;
		};
		7FA4BA6F192C9AFD00A772BA /* Release */ = {
			isa = XCBuildConfiguration;
			buildSettings = {
				ALWAYS_SEARCH_USER_PATHS = NO;
				CLANG_CXX_LANGUAGE_STANDARD = "gnu++0x";
				CLANG_CXX_LIBRARY = "libc++";
				CLANG_ENABLE_MODULES = YES;
				CLANG_ENABLE_OBJC_ARC = YES;
				CLANG_WARN_BOOL_CONVERSION = YES;
				CLANG_WARN_CONSTANT_CONVERSION = YES;
				CLANG_WARN_DIRECT_OBJC_ISA_USAGE = YES_ERROR;
				CLANG_WARN_EMPTY_BODY = YES;
				CLANG_WARN_ENUM_CONVERSION = YES;
				CLANG_WARN_INT_CONVERSION = YES;
				CLANG_WARN_OBJC_ROOT_CLASS = YES_ERROR;
				CLANG_WARN__DUPLICATE_METHOD_MATCH = YES;
				"CODE_SIGN_IDENTITY[sdk=iphoneos*]" = "iPhone Developer";
				COPY_PHASE_STRIP = YES;
				ENABLE_NS_ASSERTIONS = NO;
				GCC_C_LANGUAGE_STANDARD = gnu99;
				GCC_WARN_64_TO_32_BIT_CONVERSION = YES;
				GCC_WARN_ABOUT_RETURN_TYPE = YES_ERROR;
				GCC_WARN_UNDECLARED_SELECTOR = YES;
				GCC_WARN_UNINITIALIZED_AUTOS = YES_AGGRESSIVE;
				GCC_WARN_UNUSED_FUNCTION = YES;
				GCC_WARN_UNUSED_VARIABLE = YES;
				IPHONEOS_DEPLOYMENT_TARGET = 7.1;
				SDKROOT = iphoneos;
				VALIDATE_PRODUCT = YES;
			};
			name = Release;
		};
		7FA4BA71192C9AFD00A772BA /* Debug */ = {
			isa = XCBuildConfiguration;
			buildSettings = {
				ASSETCATALOG_COMPILER_APPICON_NAME = AppIcon;
				ASSETCATALOG_COMPILER_LAUNCHIMAGE_NAME = LaunchImage;
				CODE_SIGN_IDENTITY = "Apple Configurator (A8:20:66:14:D1:2F)";
				FRAMEWORK_SEARCH_PATHS = (
					"$(inherited)",
					"$(PROJECT_DIR)/FunnyPuzzle/Frameworks",
				);
				GCC_PRECOMPILE_PREFIX_HEADER = YES;
				GCC_PREFIX_HEADER = "FunnyPuzzle/Supporting Files/FunnyPuzzle-Prefix.pch";
				INFOPLIST_FILE = "FunnyPuzzle/Supporting Files/FunnyPuzzle-Info.plist";
				IPHONEOS_DEPLOYMENT_TARGET = 6.1;
				PRODUCT_NAME = "$(TARGET_NAME)";
				PROVISIONING_PROFILE = "BC549EC8-D510-47BB-89AB-C34C4CE67A84";
				WRAPPER_EXTENSION = app;
			};
			name = Debug;
		};
		7FA4BA72192C9AFD00A772BA /* Release */ = {
			isa = XCBuildConfiguration;
			buildSettings = {
				ASSETCATALOG_COMPILER_APPICON_NAME = AppIcon;
				ASSETCATALOG_COMPILER_LAUNCHIMAGE_NAME = LaunchImage;
				FRAMEWORK_SEARCH_PATHS = (
					"$(inherited)",
					"$(PROJECT_DIR)/FunnyPuzzle/Frameworks",
				);
				GCC_PRECOMPILE_PREFIX_HEADER = YES;
				GCC_PREFIX_HEADER = "FunnyPuzzle/Supporting Files/FunnyPuzzle-Prefix.pch";
				INFOPLIST_FILE = "FunnyPuzzle/Supporting Files/FunnyPuzzle-Info.plist";
				IPHONEOS_DEPLOYMENT_TARGET = 6.1;
				PRODUCT_NAME = "$(TARGET_NAME)";
				PROVISIONING_PROFILE = "BC549EC8-D510-47BB-89AB-C34C4CE67A84";
				WRAPPER_EXTENSION = app;
			};
			name = Release;
		};
		7FA4BA74192C9AFD00A772BA /* Debug */ = {
			isa = XCBuildConfiguration;
			buildSettings = {
				BUNDLE_LOADER = "$(BUILT_PRODUCTS_DIR)/FunnyPuzzle.app/FunnyPuzzle";
				FRAMEWORK_SEARCH_PATHS = (
					"$(SDKROOT)/Developer/Library/Frameworks",
					"$(inherited)",
					"$(DEVELOPER_FRAMEWORKS_DIR)",
				);
				GCC_PRECOMPILE_PREFIX_HEADER = YES;
				GCC_PREFIX_HEADER = "FunnyPuzzle/FunnyPuzzle-Prefix.pch";
				GCC_PREPROCESSOR_DEFINITIONS = (
					"DEBUG=1",
					"$(inherited)",
				);
				INFOPLIST_FILE = "FunnyPuzzleTests/FunnyPuzzleTests-Info.plist";
				PRODUCT_NAME = "$(TARGET_NAME)";
				TEST_HOST = "$(BUNDLE_LOADER)";
				WRAPPER_EXTENSION = xctest;
			};
			name = Debug;
		};
		7FA4BA75192C9AFD00A772BA /* Release */ = {
			isa = XCBuildConfiguration;
			buildSettings = {
				BUNDLE_LOADER = "$(BUILT_PRODUCTS_DIR)/FunnyPuzzle.app/FunnyPuzzle";
				FRAMEWORK_SEARCH_PATHS = (
					"$(SDKROOT)/Developer/Library/Frameworks",
					"$(inherited)",
					"$(DEVELOPER_FRAMEWORKS_DIR)",
				);
				GCC_PRECOMPILE_PREFIX_HEADER = YES;
				GCC_PREFIX_HEADER = "FunnyPuzzle/FunnyPuzzle-Prefix.pch";
				INFOPLIST_FILE = "FunnyPuzzleTests/FunnyPuzzleTests-Info.plist";
				PRODUCT_NAME = "$(TARGET_NAME)";
				TEST_HOST = "$(BUNDLE_LOADER)";
				WRAPPER_EXTENSION = xctest;
			};
			name = Release;
		};
/* End XCBuildConfiguration section */

/* Begin XCConfigurationList section */
		7FA4BA39192C9AFD00A772BA /* Build configuration list for PBXProject "FunnyPuzzle" */ = {
			isa = XCConfigurationList;
			buildConfigurations = (
				7FA4BA6E192C9AFD00A772BA /* Debug */,
				7FA4BA6F192C9AFD00A772BA /* Release */,
			);
			defaultConfigurationIsVisible = 0;
			defaultConfigurationName = Release;
		};
		7FA4BA70192C9AFD00A772BA /* Build configuration list for PBXNativeTarget "FunnyPuzzle" */ = {
			isa = XCConfigurationList;
			buildConfigurations = (
				7FA4BA71192C9AFD00A772BA /* Debug */,
				7FA4BA72192C9AFD00A772BA /* Release */,
			);
			defaultConfigurationIsVisible = 0;
			defaultConfigurationName = Release;
		};
		7FA4BA73192C9AFD00A772BA /* Build configuration list for PBXNativeTarget "FunnyPuzzleTests" */ = {
			isa = XCConfigurationList;
			buildConfigurations = (
				7FA4BA74192C9AFD00A772BA /* Debug */,
				7FA4BA75192C9AFD00A772BA /* Release */,
			);
			defaultConfigurationIsVisible = 0;
			defaultConfigurationName = Release;
		};
/* End XCConfigurationList section */
	};
	rootObject = 7FA4BA36192C9AFD00A772BA /* Project object */;
}
