// !$*UTF8*$!
{
	archiveVersion = 1;
	classes = {
	};
	objectVersion = 46;
	objects = {

/* Begin PBXBuildFile section */
		0439945019360CD30006E3DB /* Comp4_1.mp4 in Resources */ = {isa = PBXBuildFile; fileRef = 0439944F19360CD30006E3DB /* Comp4_1.mp4 */; };
		045E3EEB19360B3000258680 /* MediaPlayer.framework in Frameworks */ = {isa = PBXBuildFile; fileRef = 045E3EEA19360B3000258680 /* MediaPlayer.framework */; };
		0466919C192CE88D0095E1A8 /* FPBonusViewController.m in Sources */ = {isa = PBXBuildFile; fileRef = 0466919B192CE88D0095E1A8 /* FPBonusViewController.m */; };
		046691A0192CE99A0095E1A8 /* Candy.m in Sources */ = {isa = PBXBuildFile; fileRef = 0466919F192CE99A0095E1A8 /* Candy.m */; };
		047D58A3192F2C0A003CE8BC /* FPFlover.m in Sources */ = {isa = PBXBuildFile; fileRef = 047D58A2192F2C0A003CE8BC /* FPFlover.m */; };
		7F31615B192C9F9D00C49EAE /* BallView.m in Sources */ = {isa = PBXBuildFile; fileRef = 7F31615A192C9F9D00C49EAE /* BallView.m */; };
		7F316160192C9FC200C49EAE /* CloudView.m in Sources */ = {isa = PBXBuildFile; fileRef = 7F31615F192C9FC200C49EAE /* CloudView.m */; };
		7F316164192C9FDA00C49EAE /* Segment.m in Sources */ = {isa = PBXBuildFile; fileRef = 7F316163192C9FDA00C49EAE /* Segment.m */; };
		7F316168192C9FF500C49EAE /* GameModel.m in Sources */ = {isa = PBXBuildFile; fileRef = 7F316167192C9FF500C49EAE /* GameModel.m */; };
		7F316176192CA05A00C49EAE /* GamePlayViewController.m in Sources */ = {isa = PBXBuildFile; fileRef = 7F316173192CA05A00C49EAE /* GamePlayViewController.m */; };
		7F316177192CA05A00C49EAE /* StartViewController.m in Sources */ = {isa = PBXBuildFile; fileRef = 7F316175192CA05A00C49EAE /* StartViewController.m */; };
		7F31617F192CCBE200C49EAE /* Levels in Resources */ = {isa = PBXBuildFile; fileRef = 7F31617E192CCBE200C49EAE /* Levels */; };
		7F316182192D092300C49EAE /* FPPreferences.m in Sources */ = {isa = PBXBuildFile; fileRef = 7F316181192D092300C49EAE /* FPPreferences.m */; };
		7F8A15B9192E0FFC006A9D6B /* PDFImage.framework in Frameworks */ = {isa = PBXBuildFile; fileRef = 7F8A15B8192E0FFC006A9D6B /* PDFImage.framework */; };
		7F8A15C0192E2069006A9D6B /* Localizable.strings in Resources */ = {isa = PBXBuildFile; fileRef = 7F8A15C2192E2069006A9D6B /* Localizable.strings */; };
		7F8A15C5192E389A006A9D6B /* ball1.pdf in Resources */ = {isa = PBXBuildFile; fileRef = 7F8A15C3192E389A006A9D6B /* ball1.pdf */; };
		7F8C5E29194ED9A5001BA8A2 /* BlurLayer.m in Sources */ = {isa = PBXBuildFile; fileRef = 7F8C5E25194ED9A5001BA8A2 /* BlurLayer.m */; };
		7F8C5E2A194ED9A5001BA8A2 /* BlurView.m in Sources */ = {isa = PBXBuildFile; fileRef = 7F8C5E28194ED9A5001BA8A2 /* BlurView.m */; };
		7F8DAE58193736ED007E154E /* FPLevelPresentationViewController.m in Sources */ = {isa = PBXBuildFile; fileRef = 7F8DAE57193736ED007E154E /* FPLevelPresentationViewController.m */; };
		7F8DAE5C19373BBB007E154E /* FPLevelCell.m in Sources */ = {isa = PBXBuildFile; fileRef = 7F8DAE5B19373BBB007E154E /* FPLevelCell.m */; };
		7F8DAE6219376FC8007E154E /* FPLevelCollectionFlowLayout.m in Sources */ = {isa = PBXBuildFile; fileRef = 7F8DAE6119376FC8007E154E /* FPLevelCollectionFlowLayout.m */; };
		7F8DAE7A19389E32007E154E /* FPGamePlayController.m in Sources */ = {isa = PBXBuildFile; fileRef = 7F8DAE7919389E32007E154E /* FPGamePlayController.m */; };
		7FA4BA42192C9AFD00A772BA /* Foundation.framework in Frameworks */ = {isa = PBXBuildFile; fileRef = 7FA4BA41192C9AFD00A772BA /* Foundation.framework */; };
		7FA4BA44192C9AFD00A772BA /* CoreGraphics.framework in Frameworks */ = {isa = PBXBuildFile; fileRef = 7FA4BA43192C9AFD00A772BA /* CoreGraphics.framework */; };
		7FA4BA46192C9AFD00A772BA /* UIKit.framework in Frameworks */ = {isa = PBXBuildFile; fileRef = 7FA4BA45192C9AFD00A772BA /* UIKit.framework */; };
		7FA4BA4C192C9AFD00A772BA /* InfoPlist.strings in Resources */ = {isa = PBXBuildFile; fileRef = 7FA4BA4A192C9AFD00A772BA /* InfoPlist.strings */; };
		7FA4BA4E192C9AFD00A772BA /* main.m in Sources */ = {isa = PBXBuildFile; fileRef = 7FA4BA4D192C9AFD00A772BA /* main.m */; };
		7FA4BA52192C9AFD00A772BA /* FPAppDelegate.m in Sources */ = {isa = PBXBuildFile; fileRef = 7FA4BA51192C9AFD00A772BA /* FPAppDelegate.m */; };
		7FA4BA55192C9AFD00A772BA /* Main.storyboard in Resources */ = {isa = PBXBuildFile; fileRef = 7FA4BA53192C9AFD00A772BA /* Main.storyboard */; };
		7FA4BA5A192C9AFD00A772BA /* Images.xcassets in Resources */ = {isa = PBXBuildFile; fileRef = 7FA4BA59192C9AFD00A772BA /* Images.xcassets */; };
		7FA4BA61192C9AFD00A772BA /* XCTest.framework in Frameworks */ = {isa = PBXBuildFile; fileRef = 7FA4BA60192C9AFD00A772BA /* XCTest.framework */; };
		7FA4BA62192C9AFD00A772BA /* Foundation.framework in Frameworks */ = {isa = PBXBuildFile; fileRef = 7FA4BA41192C9AFD00A772BA /* Foundation.framework */; };
		7FA4BA63192C9AFD00A772BA /* UIKit.framework in Frameworks */ = {isa = PBXBuildFile; fileRef = 7FA4BA45192C9AFD00A772BA /* UIKit.framework */; };
		7FA4BA6B192C9AFD00A772BA /* InfoPlist.strings in Resources */ = {isa = PBXBuildFile; fileRef = 7FA4BA69192C9AFD00A772BA /* InfoPlist.strings */; };
		7FA4BA6D192C9AFD00A772BA /* FunnyPuzzleTests.m in Sources */ = {isa = PBXBuildFile; fileRef = 7FA4BA6C192C9AFD00A772BA /* FunnyPuzzleTests.m */; };
		7FA57033192EA8A400CE84F8 /* QuartzCore.framework in Frameworks */ = {isa = PBXBuildFile; fileRef = 7FA57032192EA8A400CE84F8 /* QuartzCore.framework */; };
		7FA57037192F1B3000CE84F8 /* cloud1.pdf in Resources */ = {isa = PBXBuildFile; fileRef = 7FA57034192F1B3000CE84F8 /* cloud1.pdf */; };
		7FA57038192F1B3000CE84F8 /* cloud2.pdf in Resources */ = {isa = PBXBuildFile; fileRef = 7FA57035192F1B3000CE84F8 /* cloud2.pdf */; };
		7FA57039192F1B3000CE84F8 /* cloud3.pdf in Resources */ = {isa = PBXBuildFile; fileRef = 7FA57036192F1B3000CE84F8 /* cloud3.pdf */; };
		7FA5703F192F399A00CE84F8 /* ground1.pdf in Resources */ = {isa = PBXBuildFile; fileRef = 7FA5703A192F399A00CE84F8 /* ground1.pdf */; };
		7FA57040192F399A00CE84F8 /* ground2.pdf in Resources */ = {isa = PBXBuildFile; fileRef = 7FA5703B192F399A00CE84F8 /* ground2.pdf */; };
		7FA57041192F399A00CE84F8 /* ground3.pdf in Resources */ = {isa = PBXBuildFile; fileRef = 7FA5703C192F399A00CE84F8 /* ground3.pdf */; };
		7FA57042192F399A00CE84F8 /* ground4.pdf in Resources */ = {isa = PBXBuildFile; fileRef = 7FA5703D192F399A00CE84F8 /* ground4.pdf */; };
		7FA57043192F399A00CE84F8 /* ground5.pdf in Resources */ = {isa = PBXBuildFile; fileRef = 7FA5703E192F399A00CE84F8 /* ground5.pdf */; };
		7FA57046192F42C000CE84F8 /* GameField.storyboard in Resources */ = {isa = PBXBuildFile; fileRef = 7FA57045192F42C000CE84F8 /* GameField.storyboard */; };
		7FC90C7F19479C78001E1E2E /* UIImage+ImageEffects.m in Sources */ = {isa = PBXBuildFile; fileRef = 7FC90C7E19479C78001E1E2E /* UIImage+ImageEffects.m */; };
		7FC9D1FA19337F9F002878BD /* iO0J6mji.ttf in Resources */ = {isa = PBXBuildFile; fileRef = 7FC9D1F819337F9F002878BD /* iO0J6mji.ttf */; };
		7FC9D1FB19337F9F002878BD /* KBCuriousSoul.ttf in Resources */ = {isa = PBXBuildFile; fileRef = 7FC9D1F919337F9F002878BD /* KBCuriousSoul.ttf */; };
		7FC9D1FD1934C4FE002878BD /* CoreMotion.framework in Frameworks */ = {isa = PBXBuildFile; fileRef = 7FC9D1FC1934C4FE002878BD /* CoreMotion.framework */; };
		7FE17A8219353913008BBC3F /* AccelerometerManager.m in Sources */ = {isa = PBXBuildFile; fileRef = 7FE17A8119353913008BBC3F /* AccelerometerManager.m */; };
		8443DDDF192F4796009F1EF8 /* game_background_music.mp3 in Resources */ = {isa = PBXBuildFile; fileRef = 8443DDB5192F4796009F1EF8 /* game_background_music.mp3 */; };
		8443DDE0192F4796009F1EF8 /* menu_background_music.mp3 in Resources */ = {isa = PBXBuildFile; fileRef = 8443DDB6192F4796009F1EF8 /* menu_background_music.mp3 */; };
		84E962D6192F512700DC785C /* FPLevelManager.m in Sources */ = {isa = PBXBuildFile; fileRef = 84E962D5192F512700DC785C /* FPLevelManager.m */; };
		84E962D7192F537E00DC785C /* FPSoundManager.m in Sources */ = {isa = PBXBuildFile; fileRef = 84F85BC0192E97BB00BDECB5 /* FPSoundManager.m */; };
		84E962E6192F737000DC785C /* libGoogleAdMobAds.a in Frameworks */ = {isa = PBXBuildFile; fileRef = 84E962E5192F737000DC785C /* libGoogleAdMobAds.a */; };
		84E962EB192F807900DC785C /* AdSupport.framework in Frameworks */ = {isa = PBXBuildFile; fileRef = 84E962EA192F807900DC785C /* AdSupport.framework */; };
		84E962ED192F808E00DC785C /* AudioToolbox.framework in Frameworks */ = {isa = PBXBuildFile; fileRef = 84E962EC192F808E00DC785C /* AudioToolbox.framework */; };
		84E962EF192F809C00DC785C /* MessageUI.framework in Frameworks */ = {isa = PBXBuildFile; fileRef = 84E962EE192F809C00DC785C /* MessageUI.framework */; };
		84E962F1192F80A300DC785C /* StoreKit.framework in Frameworks */ = {isa = PBXBuildFile; fileRef = 84E962F0192F80A300DC785C /* StoreKit.framework */; };
		84E962F3192F80B200DC785C /* SystemConfiguration.framework in Frameworks */ = {isa = PBXBuildFile; fileRef = 84E962F2192F80B200DC785C /* SystemConfiguration.framework */; };
		84F85BA5192E6A5B00BDECB5 /* ball2.pdf in Resources */ = {isa = PBXBuildFile; fileRef = 7F8A15C4192E389A006A9D6B /* ball2.pdf */; };
		84F85BA7192E73CC00BDECB5 /* AVFoundation.framework in Frameworks */ = {isa = PBXBuildFile; fileRef = 84F85BA6192E73CC00BDECB5 /* AVFoundation.framework */; };
		84F85BF9192F371D00BDECB5 /* FPGameManager.m in Sources */ = {isa = PBXBuildFile; fileRef = 84F85BF8192F371D00BDECB5 /* FPGameManager.m */; };
		84FDADF91935D49F00366C6E /* prefs.pdf in Resources */ = {isa = PBXBuildFile; fileRef = 84FDADF81935D49F00366C6E /* prefs.pdf */; };
		84FDADFB1936210C00366C6E /* candy.pdf in Resources */ = {isa = PBXBuildFile; fileRef = 84FDADFA1936210C00366C6E /* candy.pdf */; };
/* End PBXBuildFile section */

/* Begin PBXContainerItemProxy section */
		7FA4BA64192C9AFD00A772BA /* PBXContainerItemProxy */ = {
			isa = PBXContainerItemProxy;
			containerPortal = 7FA4BA36192C9AFD00A772BA /* Project object */;
			proxyType = 1;
			remoteGlobalIDString = 7FA4BA3D192C9AFD00A772BA;
			remoteInfo = FunnyPuzzle;
		};
/* End PBXContainerItemProxy section */

/* Begin PBXFileReference section */
		0439944F19360CD30006E3DB /* Comp4_1.mp4 */ = {isa = PBXFileReference; lastKnownFileType = file; name = Comp4_1.mp4; path = Resources/Comp4_1.mp4; sourceTree = "<group>"; };
		045781891950451000D7ABA2 /* uk */ = {isa = PBXFileReference; lastKnownFileType = text.plist.strings; name = uk; path = uk.lproj/Localizable.strings; sourceTree = "<group>"; };
		0457818A19505D5700D7ABA2 /* ar */ = {isa = PBXFileReference; lastKnownFileType = text.plist.strings; name = ar; path = ar.lproj/Localizable.strings; sourceTree = "<group>"; };
		0457818B1950628900D7ABA2 /* de */ = {isa = PBXFileReference; lastKnownFileType = text.plist.strings; name = de; path = de.lproj/Localizable.strings; sourceTree = "<group>"; };
		0457818C195066CF00D7ABA2 /* es */ = {isa = PBXFileReference; lastKnownFileType = text.plist.strings; name = es; path = es.lproj/Localizable.strings; sourceTree = "<group>"; };
		0457818D19506AF500D7ABA2 /* fr */ = {isa = PBXFileReference; lastKnownFileType = text.plist.strings; name = fr; path = fr.lproj/Localizable.strings; sourceTree = "<group>"; };
		0457818E19506B0F00D7ABA2 /* hu */ = {isa = PBXFileReference; lastKnownFileType = text.plist.strings; name = hu; path = hu.lproj/Localizable.strings; sourceTree = "<group>"; };
		0457818F19506B3100D7ABA2 /* zh-Hant */ = {isa = PBXFileReference; lastKnownFileType = text.plist.strings; name = "zh-Hant"; path = "zh-Hant.lproj/Localizable.strings"; sourceTree = "<group>"; };
		0457819019507EE000D7ABA2 /* ru */ = {isa = PBXFileReference; lastKnownFileType = text.plist.strings; name = ru; path = ru.lproj/Localizable.strings; sourceTree = "<group>"; };
		045E3EEA19360B3000258680 /* MediaPlayer.framework */ = {isa = PBXFileReference; lastKnownFileType = wrapper.framework; name = MediaPlayer.framework; path = System/Library/Frameworks/MediaPlayer.framework; sourceTree = SDKROOT; };
		0466919A192CE88D0095E1A8 /* FPBonusViewController.h */ = {isa = PBXFileReference; fileEncoding = 4; lastKnownFileType = sourcecode.c.h; name = FPBonusViewController.h; path = "View Controllers/Bonus View Controller/FPBonusViewController.h"; sourceTree = "<group>"; };
		0466919B192CE88D0095E1A8 /* FPBonusViewController.m */ = {isa = PBXFileReference; fileEncoding = 4; lastKnownFileType = sourcecode.c.objc; name = FPBonusViewController.m; path = "View Controllers/Bonus View Controller/FPBonusViewController.m"; sourceTree = "<group>"; };
		0466919E192CE99A0095E1A8 /* Candy.h */ = {isa = PBXFileReference; fileEncoding = 4; lastKnownFileType = sourcecode.c.h; name = Candy.h; path = "Custom Views/Candies/Candy.h"; sourceTree = "<group>"; };
		0466919F192CE99A0095E1A8 /* Candy.m */ = {isa = PBXFileReference; fileEncoding = 4; lastKnownFileType = sourcecode.c.objc; name = Candy.m; path = "Custom Views/Candies/Candy.m"; sourceTree = "<group>"; };
		047D58A1192F2C0A003CE8BC /* FPFlover.h */ = {isa = PBXFileReference; fileEncoding = 4; lastKnownFileType = sourcecode.c.h; path = FPFlover.h; sourceTree = "<group>"; };
		047D58A2192F2C0A003CE8BC /* FPFlover.m */ = {isa = PBXFileReference; fileEncoding = 4; lastKnownFileType = sourcecode.c.objc; path = FPFlover.m; sourceTree = "<group>"; };
		7F316159192C9F9D00C49EAE /* BallView.h */ = {isa = PBXFileReference; fileEncoding = 4; lastKnownFileType = sourcecode.c.h; name = BallView.h; path = "Custom Views/Ball View/BallView.h"; sourceTree = "<group>"; };
		7F31615A192C9F9D00C49EAE /* BallView.m */ = {isa = PBXFileReference; fileEncoding = 4; lastKnownFileType = sourcecode.c.objc; name = BallView.m; path = "Custom Views/Ball View/BallView.m"; sourceTree = "<group>"; };
		7F31615E192C9FC200C49EAE /* CloudView.h */ = {isa = PBXFileReference; fileEncoding = 4; lastKnownFileType = sourcecode.c.h; name = CloudView.h; path = "Custom Views/CloudView/CloudView.h"; sourceTree = "<group>"; };
		7F31615F192C9FC200C49EAE /* CloudView.m */ = {isa = PBXFileReference; fileEncoding = 4; lastKnownFileType = sourcecode.c.objc; name = CloudView.m; path = "Custom Views/CloudView/CloudView.m"; sourceTree = "<group>"; };
		7F316162192C9FDA00C49EAE /* Segment.h */ = {isa = PBXFileReference; fileEncoding = 4; lastKnownFileType = sourcecode.c.h; name = Segment.h; path = "Custom Views/Segment/Segment.h"; sourceTree = "<group>"; };
		7F316163192C9FDA00C49EAE /* Segment.m */ = {isa = PBXFileReference; fileEncoding = 4; lastKnownFileType = sourcecode.c.objc; name = Segment.m; path = "Custom Views/Segment/Segment.m"; sourceTree = "<group>"; };
		7F316166192C9FF500C49EAE /* GameModel.h */ = {isa = PBXFileReference; fileEncoding = 4; lastKnownFileType = sourcecode.c.h; name = GameModel.h; path = "Game Model/GameModel.h"; sourceTree = "<group>"; };
		7F316167192C9FF500C49EAE /* GameModel.m */ = {isa = PBXFileReference; fileEncoding = 4; lastKnownFileType = sourcecode.c.objc; name = GameModel.m; path = "Game Model/GameModel.m"; sourceTree = "<group>"; };
		7F316172192CA05A00C49EAE /* GamePlayViewController.h */ = {isa = PBXFileReference; fileEncoding = 4; lastKnownFileType = sourcecode.c.h; name = GamePlayViewController.h; path = "View Controllers/GamePlay/GamePlayViewController.h"; sourceTree = "<group>"; };
		7F316173192CA05A00C49EAE /* GamePlayViewController.m */ = {isa = PBXFileReference; fileEncoding = 4; lastKnownFileType = sourcecode.c.objc; name = GamePlayViewController.m; path = "View Controllers/GamePlay/GamePlayViewController.m"; sourceTree = "<group>"; };
		7F316174192CA05A00C49EAE /* StartViewController.h */ = {isa = PBXFileReference; fileEncoding = 4; lastKnownFileType = sourcecode.c.h; name = StartViewController.h; path = "View Controllers/Start View Controller/StartViewController.h"; sourceTree = "<group>"; };
		7F316175192CA05A00C49EAE /* StartViewController.m */ = {isa = PBXFileReference; fileEncoding = 4; lastKnownFileType = sourcecode.c.objc; name = StartViewController.m; path = "View Controllers/Start View Controller/StartViewController.m"; sourceTree = "<group>"; };
		7F31617E192CCBE200C49EAE /* Levels */ = {isa = PBXFileReference; lastKnownFileType = folder; name = Levels; path = Resources/Levels; sourceTree = "<group>"; };
		7F316180192D092300C49EAE /* FPPreferences.h */ = {isa = PBXFileReference; fileEncoding = 4; lastKnownFileType = sourcecode.c.h; name = FPPreferences.h; path = "View Controllers/Preferenсes/FPPreferences.h"; sourceTree = "<group>"; };
		7F316181192D092300C49EAE /* FPPreferences.m */ = {isa = PBXFileReference; fileEncoding = 4; lastKnownFileType = sourcecode.c.objc; name = FPPreferences.m; path = "View Controllers/Preferenсes/FPPreferences.m"; sourceTree = "<group>"; };
		7F8A15B8192E0FFC006A9D6B /* PDFImage.framework */ = {isa = PBXFileReference; lastKnownFileType = wrapper.framework; name = PDFImage.framework; path = FunnyPuzzle/Frameworks/PDFImage.framework; sourceTree = "<group>"; };
		7F8A15C1192E2069006A9D6B /* Base */ = {isa = PBXFileReference; lastKnownFileType = text.plist.strings; name = Base; path = Base.lproj/Localizable.strings; sourceTree = "<group>"; };
		7F8A15C3192E389A006A9D6B /* ball1.pdf */ = {isa = PBXFileReference; lastKnownFileType = image.pdf; name = ball1.pdf; path = Resources/General/ball1.pdf; sourceTree = "<group>"; };
		7F8A15C4192E389A006A9D6B /* ball2.pdf */ = {isa = PBXFileReference; lastKnownFileType = image.pdf; name = ball2.pdf; path = Resources/General/ball2.pdf; sourceTree = "<group>"; };
		7F8C5E23194ED9A5001BA8A2 /* JMIBlur.h */ = {isa = PBXFileReference; fileEncoding = 4; lastKnownFileType = sourcecode.c.h; path = JMIBlur.h; sourceTree = "<group>"; };
		7F8C5E24194ED9A5001BA8A2 /* BlurLayer.h */ = {isa = PBXFileReference; fileEncoding = 4; lastKnownFileType = sourcecode.c.h; path = BlurLayer.h; sourceTree = "<group>"; };
		7F8C5E25194ED9A5001BA8A2 /* BlurLayer.m */ = {isa = PBXFileReference; fileEncoding = 4; lastKnownFileType = sourcecode.c.objc; path = BlurLayer.m; sourceTree = "<group>"; };
		7F8C5E26194ED9A5001BA8A2 /* BlurStyle.h */ = {isa = PBXFileReference; fileEncoding = 4; lastKnownFileType = sourcecode.c.h; path = BlurStyle.h; sourceTree = "<group>"; };
		7F8C5E27194ED9A5001BA8A2 /* BlurView.h */ = {isa = PBXFileReference; fileEncoding = 4; lastKnownFileType = sourcecode.c.h; path = BlurView.h; sourceTree = "<group>"; };
		7F8C5E28194ED9A5001BA8A2 /* BlurView.m */ = {isa = PBXFileReference; fileEncoding = 4; lastKnownFileType = sourcecode.c.objc; path = BlurView.m; sourceTree = "<group>"; };
		7F8DAE56193736ED007E154E /* FPLevelPresentationViewController.h */ = {isa = PBXFileReference; fileEncoding = 4; lastKnownFileType = sourcecode.c.h; name = FPLevelPresentationViewController.h; path = "View Controllers/Level Presentation View Controller/FPLevelPresentationViewController.h"; sourceTree = "<group>"; };
		7F8DAE57193736ED007E154E /* FPLevelPresentationViewController.m */ = {isa = PBXFileReference; fileEncoding = 4; lastKnownFileType = sourcecode.c.objc; name = FPLevelPresentationViewController.m; path = "View Controllers/Level Presentation View Controller/FPLevelPresentationViewController.m"; sourceTree = "<group>"; };
		7F8DAE5A19373BBB007E154E /* FPLevelCell.h */ = {isa = PBXFileReference; fileEncoding = 4; lastKnownFileType = sourcecode.c.h; name = FPLevelCell.h; path = "View Controllers/Level Presentation View Controller/FPLevelCell.h"; sourceTree = "<group>"; };
		7F8DAE5B19373BBB007E154E /* FPLevelCell.m */ = {isa = PBXFileReference; fileEncoding = 4; lastKnownFileType = sourcecode.c.objc; name = FPLevelCell.m; path = "View Controllers/Level Presentation View Controller/FPLevelCell.m"; sourceTree = "<group>"; };
		7F8DAE6019376FC8007E154E /* FPLevelCollectionFlowLayout.h */ = {isa = PBXFileReference; fileEncoding = 4; lastKnownFileType = sourcecode.c.h; name = FPLevelCollectionFlowLayout.h; path = "View Controllers/Level Presentation View Controller/FPLevelCollectionFlowLayout.h"; sourceTree = "<group>"; };
		7F8DAE6119376FC8007E154E /* FPLevelCollectionFlowLayout.m */ = {isa = PBXFileReference; fileEncoding = 4; lastKnownFileType = sourcecode.c.objc; name = FPLevelCollectionFlowLayout.m; path = "View Controllers/Level Presentation View Controller/FPLevelCollectionFlowLayout.m"; sourceTree = "<group>"; };
		7F8DAE7819389E32007E154E /* FPGamePlayController.h */ = {isa = PBXFileReference; fileEncoding = 4; lastKnownFileType = sourcecode.c.h; name = FPGamePlayController.h; path = "View Controllers/GamePlay/FPGamePlayController.h"; sourceTree = "<group>"; };
		7F8DAE7919389E32007E154E /* FPGamePlayController.m */ = {isa = PBXFileReference; fileEncoding = 4; lastKnownFileType = sourcecode.c.objc; name = FPGamePlayController.m; path = "View Controllers/GamePlay/FPGamePlayController.m"; sourceTree = "<group>"; };
		7FA4BA3E192C9AFD00A772BA /* FunnyPuzzle.app */ = {isa = PBXFileReference; explicitFileType = wrapper.application; includeInIndex = 0; path = FunnyPuzzle.app; sourceTree = BUILT_PRODUCTS_DIR; };
		7FA4BA41192C9AFD00A772BA /* Foundation.framework */ = {isa = PBXFileReference; lastKnownFileType = wrapper.framework; name = Foundation.framework; path = System/Library/Frameworks/Foundation.framework; sourceTree = SDKROOT; };
		7FA4BA43192C9AFD00A772BA /* CoreGraphics.framework */ = {isa = PBXFileReference; lastKnownFileType = wrapper.framework; name = CoreGraphics.framework; path = System/Library/Frameworks/CoreGraphics.framework; sourceTree = SDKROOT; };
		7FA4BA45192C9AFD00A772BA /* UIKit.framework */ = {isa = PBXFileReference; lastKnownFileType = wrapper.framework; name = UIKit.framework; path = System/Library/Frameworks/UIKit.framework; sourceTree = SDKROOT; };
		7FA4BA49192C9AFD00A772BA /* FunnyPuzzle-Info.plist */ = {isa = PBXFileReference; lastKnownFileType = text.plist.xml; path = "FunnyPuzzle-Info.plist"; sourceTree = "<group>"; };
		7FA4BA4B192C9AFD00A772BA /* en */ = {isa = PBXFileReference; lastKnownFileType = text.plist.strings; name = en; path = en.lproj/InfoPlist.strings; sourceTree = "<group>"; };
		7FA4BA4D192C9AFD00A772BA /* main.m */ = {isa = PBXFileReference; lastKnownFileType = sourcecode.c.objc; path = main.m; sourceTree = "<group>"; };
		7FA4BA4F192C9AFD00A772BA /* FunnyPuzzle-Prefix.pch */ = {isa = PBXFileReference; lastKnownFileType = sourcecode.c.h; path = "FunnyPuzzle-Prefix.pch"; sourceTree = "<group>"; };
		7FA4BA50192C9AFD00A772BA /* FPAppDelegate.h */ = {isa = PBXFileReference; lastKnownFileType = sourcecode.c.h; path = FPAppDelegate.h; sourceTree = "<group>"; };
		7FA4BA51192C9AFD00A772BA /* FPAppDelegate.m */ = {isa = PBXFileReference; lastKnownFileType = sourcecode.c.objc; path = FPAppDelegate.m; sourceTree = "<group>"; };
		7FA4BA54192C9AFD00A772BA /* Base */ = {isa = PBXFileReference; lastKnownFileType = file.storyboard; name = Base; path = Base.lproj/Main.storyboard; sourceTree = "<group>"; };
		7FA4BA59192C9AFD00A772BA /* Images.xcassets */ = {isa = PBXFileReference; lastKnownFileType = folder.assetcatalog; path = Images.xcassets; sourceTree = "<group>"; };
		7FA4BA5F192C9AFD00A772BA /* FunnyPuzzleTests.xctest */ = {isa = PBXFileReference; explicitFileType = wrapper.cfbundle; includeInIndex = 0; path = FunnyPuzzleTests.xctest; sourceTree = BUILT_PRODUCTS_DIR; };
		7FA4BA60192C9AFD00A772BA /* XCTest.framework */ = {isa = PBXFileReference; lastKnownFileType = wrapper.framework; name = XCTest.framework; path = Library/Frameworks/XCTest.framework; sourceTree = DEVELOPER_DIR; };
		7FA4BA68192C9AFD00A772BA /* FunnyPuzzleTests-Info.plist */ = {isa = PBXFileReference; lastKnownFileType = text.plist.xml; path = "FunnyPuzzleTests-Info.plist"; sourceTree = "<group>"; };
		7FA4BA6A192C9AFD00A772BA /* en */ = {isa = PBXFileReference; lastKnownFileType = text.plist.strings; name = en; path = en.lproj/InfoPlist.strings; sourceTree = "<group>"; };
		7FA4BA6C192C9AFD00A772BA /* FunnyPuzzleTests.m */ = {isa = PBXFileReference; lastKnownFileType = sourcecode.c.objc; path = FunnyPuzzleTests.m; sourceTree = "<group>"; };
		7FA57032192EA8A400CE84F8 /* QuartzCore.framework */ = {isa = PBXFileReference; lastKnownFileType = wrapper.framework; name = QuartzCore.framework; path = System/Library/Frameworks/QuartzCore.framework; sourceTree = SDKROOT; };
		7FA57034192F1B3000CE84F8 /* cloud1.pdf */ = {isa = PBXFileReference; lastKnownFileType = image.pdf; name = cloud1.pdf; path = Resources/General/cloud1.pdf; sourceTree = "<group>"; };
		7FA57035192F1B3000CE84F8 /* cloud2.pdf */ = {isa = PBXFileReference; lastKnownFileType = image.pdf; name = cloud2.pdf; path = Resources/General/cloud2.pdf; sourceTree = "<group>"; };
		7FA57036192F1B3000CE84F8 /* cloud3.pdf */ = {isa = PBXFileReference; lastKnownFileType = image.pdf; name = cloud3.pdf; path = Resources/General/cloud3.pdf; sourceTree = "<group>"; };
		7FA5703A192F399A00CE84F8 /* ground1.pdf */ = {isa = PBXFileReference; lastKnownFileType = image.pdf; name = ground1.pdf; path = Resources/General/ground1.pdf; sourceTree = "<group>"; };
		7FA5703B192F399A00CE84F8 /* ground2.pdf */ = {isa = PBXFileReference; lastKnownFileType = image.pdf; name = ground2.pdf; path = Resources/General/ground2.pdf; sourceTree = "<group>"; };
		7FA5703C192F399A00CE84F8 /* ground3.pdf */ = {isa = PBXFileReference; lastKnownFileType = image.pdf; name = ground3.pdf; path = Resources/General/ground3.pdf; sourceTree = "<group>"; };
		7FA5703D192F399A00CE84F8 /* ground4.pdf */ = {isa = PBXFileReference; lastKnownFileType = image.pdf; name = ground4.pdf; path = Resources/General/ground4.pdf; sourceTree = "<group>"; };
		7FA5703E192F399A00CE84F8 /* ground5.pdf */ = {isa = PBXFileReference; lastKnownFileType = image.pdf; name = ground5.pdf; path = Resources/General/ground5.pdf; sourceTree = "<group>"; };
		7FA57045192F42C000CE84F8 /* GameField.storyboard */ = {isa = PBXFileReference; fileEncoding = 4; lastKnownFileType = file.storyboard; name = GameField.storyboard; path = "View Controllers/GamePlay/GameField.storyboard"; sourceTree = "<group>"; };
		7FC90C7D19479C78001E1E2E /* UIImage+ImageEffects.h */ = {isa = PBXFileReference; fileEncoding = 4; lastKnownFileType = sourcecode.c.h; name = "UIImage+ImageEffects.h"; path = "Other Classes/UIImage+ImageEffects/UIImage+ImageEffects.h"; sourceTree = "<group>"; };
		7FC90C7E19479C78001E1E2E /* UIImage+ImageEffects.m */ = {isa = PBXFileReference; fileEncoding = 4; lastKnownFileType = sourcecode.c.objc; name = "UIImage+ImageEffects.m"; path = "Other Classes/UIImage+ImageEffects/UIImage+ImageEffects.m"; sourceTree = "<group>"; };
		7FC9D1F819337F9F002878BD /* iO0J6mji.ttf */ = {isa = PBXFileReference; lastKnownFileType = file; path = iO0J6mji.ttf; sourceTree = "<group>"; };
		7FC9D1F919337F9F002878BD /* KBCuriousSoul.ttf */ = {isa = PBXFileReference; lastKnownFileType = file; path = KBCuriousSoul.ttf; sourceTree = "<group>"; };
		7FC9D1FC1934C4FE002878BD /* CoreMotion.framework */ = {isa = PBXFileReference; lastKnownFileType = wrapper.framework; name = CoreMotion.framework; path = System/Library/Frameworks/CoreMotion.framework; sourceTree = SDKROOT; };
		7FE17A8019353913008BBC3F /* AccelerometerManager.h */ = {isa = PBXFileReference; fileEncoding = 4; lastKnownFileType = sourcecode.c.h; path = AccelerometerManager.h; sourceTree = "<group>"; };
		7FE17A8119353913008BBC3F /* AccelerometerManager.m */ = {isa = PBXFileReference; fileEncoding = 4; lastKnownFileType = sourcecode.c.objc; path = AccelerometerManager.m; sourceTree = "<group>"; };
		8443DDB5192F4796009F1EF8 /* game_background_music.mp3 */ = {isa = PBXFileReference; lastKnownFileType = audio.mp3; path = game_background_music.mp3; sourceTree = "<group>"; };
		8443DDB6192F4796009F1EF8 /* menu_background_music.mp3 */ = {isa = PBXFileReference; lastKnownFileType = audio.mp3; path = menu_background_music.mp3; sourceTree = "<group>"; };
		848CC491193C715A00E13C93 /* hi */ = {isa = PBXFileReference; lastKnownFileType = text.plist.strings; name = hi; path = hi.lproj/Localizable.strings; sourceTree = "<group>"; };
		84AEB9BC1933256C00DF942A /* en */ = {isa = PBXFileReference; lastKnownFileType = text.plist.strings; name = en; path = en.lproj/Localizable.strings; sourceTree = "<group>"; };
		84E962D4192F512700DC785C /* FPLevelManager.h */ = {isa = PBXFileReference; fileEncoding = 4; lastKnownFileType = sourcecode.c.h; path = FPLevelManager.h; sourceTree = "<group>"; };
		84E962D5192F512700DC785C /* FPLevelManager.m */ = {isa = PBXFileReference; fileEncoding = 4; lastKnownFileType = sourcecode.c.objc; path = FPLevelManager.m; sourceTree = "<group>"; };
		84E962D9192F737000DC785C /* GADAdMobExtras.h */ = {isa = PBXFileReference; fileEncoding = 4; lastKnownFileType = sourcecode.c.h; path = GADAdMobExtras.h; sourceTree = "<group>"; };
		84E962DA192F737000DC785C /* GADAdNetworkExtras.h */ = {isa = PBXFileReference; fileEncoding = 4; lastKnownFileType = sourcecode.c.h; path = GADAdNetworkExtras.h; sourceTree = "<group>"; };
		84E962DB192F737000DC785C /* GADAdSize.h */ = {isa = PBXFileReference; fileEncoding = 4; lastKnownFileType = sourcecode.c.h; path = GADAdSize.h; sourceTree = "<group>"; };
		84E962DC192F737000DC785C /* GADBannerView.h */ = {isa = PBXFileReference; fileEncoding = 4; lastKnownFileType = sourcecode.c.h; path = GADBannerView.h; sourceTree = "<group>"; };
		84E962DD192F737000DC785C /* GADBannerViewDelegate.h */ = {isa = PBXFileReference; fileEncoding = 4; lastKnownFileType = sourcecode.c.h; path = GADBannerViewDelegate.h; sourceTree = "<group>"; };
		84E962DE192F737000DC785C /* GADInAppPurchase.h */ = {isa = PBXFileReference; fileEncoding = 4; lastKnownFileType = sourcecode.c.h; path = GADInAppPurchase.h; sourceTree = "<group>"; };
		84E962DF192F737000DC785C /* GADInAppPurchaseDelegate.h */ = {isa = PBXFileReference; fileEncoding = 4; lastKnownFileType = sourcecode.c.h; path = GADInAppPurchaseDelegate.h; sourceTree = "<group>"; };
		84E962E0192F737000DC785C /* GADInterstitial.h */ = {isa = PBXFileReference; fileEncoding = 4; lastKnownFileType = sourcecode.c.h; path = GADInterstitial.h; sourceTree = "<group>"; };
		84E962E1192F737000DC785C /* GADInterstitialDelegate.h */ = {isa = PBXFileReference; fileEncoding = 4; lastKnownFileType = sourcecode.c.h; path = GADInterstitialDelegate.h; sourceTree = "<group>"; };
		84E962E2192F737000DC785C /* GADModules.h */ = {isa = PBXFileReference; fileEncoding = 4; lastKnownFileType = sourcecode.c.h; path = GADModules.h; sourceTree = "<group>"; };
		84E962E3192F737000DC785C /* GADRequest.h */ = {isa = PBXFileReference; fileEncoding = 4; lastKnownFileType = sourcecode.c.h; path = GADRequest.h; sourceTree = "<group>"; };
		84E962E4192F737000DC785C /* GADRequestError.h */ = {isa = PBXFileReference; fileEncoding = 4; lastKnownFileType = sourcecode.c.h; path = GADRequestError.h; sourceTree = "<group>"; };
		84E962E5192F737000DC785C /* libGoogleAdMobAds.a */ = {isa = PBXFileReference; lastKnownFileType = archive.ar; path = libGoogleAdMobAds.a; sourceTree = "<group>"; };
		84E962E8192F802100DC785C /* libz.dylib */ = {isa = PBXFileReference; lastKnownFileType = "compiled.mach-o.dylib"; name = libz.dylib; path = usr/lib/libz.dylib; sourceTree = SDKROOT; };
		84E962EA192F807900DC785C /* AdSupport.framework */ = {isa = PBXFileReference; lastKnownFileType = wrapper.framework; name = AdSupport.framework; path = System/Library/Frameworks/AdSupport.framework; sourceTree = SDKROOT; };
		84E962EC192F808E00DC785C /* AudioToolbox.framework */ = {isa = PBXFileReference; lastKnownFileType = wrapper.framework; name = AudioToolbox.framework; path = System/Library/Frameworks/AudioToolbox.framework; sourceTree = SDKROOT; };
		84E962EE192F809C00DC785C /* MessageUI.framework */ = {isa = PBXFileReference; lastKnownFileType = wrapper.framework; name = MessageUI.framework; path = System/Library/Frameworks/MessageUI.framework; sourceTree = SDKROOT; };
		84E962F0192F80A300DC785C /* StoreKit.framework */ = {isa = PBXFileReference; lastKnownFileType = wrapper.framework; name = StoreKit.framework; path = System/Library/Frameworks/StoreKit.framework; sourceTree = SDKROOT; };
		84E962F2192F80B200DC785C /* SystemConfiguration.framework */ = {isa = PBXFileReference; lastKnownFileType = wrapper.framework; name = SystemConfiguration.framework; path = System/Library/Frameworks/SystemConfiguration.framework; sourceTree = SDKROOT; };
		84F85BA4192E67CA00BDECB5 /* Constants.h */ = {isa = PBXFileReference; fileEncoding = 4; lastKnownFileType = sourcecode.c.h; name = Constants.h; path = Constants/Constants.h; sourceTree = "<group>"; };
		84F85BA6192E73CC00BDECB5 /* AVFoundation.framework */ = {isa = PBXFileReference; lastKnownFileType = wrapper.framework; name = AVFoundation.framework; path = System/Library/Frameworks/AVFoundation.framework; sourceTree = SDKROOT; };
		84F85BBF192E97BB00BDECB5 /* FPSoundManager.h */ = {isa = PBXFileReference; fileEncoding = 4; lastKnownFileType = sourcecode.c.h; path = FPSoundManager.h; sourceTree = "<group>"; };
		84F85BC0192E97BB00BDECB5 /* FPSoundManager.m */ = {isa = PBXFileReference; fileEncoding = 4; lastKnownFileType = sourcecode.c.objc; path = FPSoundManager.m; sourceTree = "<group>"; };
		84F85BF7192F371D00BDECB5 /* FPGameManager.h */ = {isa = PBXFileReference; fileEncoding = 4; lastKnownFileType = sourcecode.c.h; path = FPGameManager.h; sourceTree = "<group>"; };
		84F85BF8192F371D00BDECB5 /* FPGameManager.m */ = {isa = PBXFileReference; fileEncoding = 4; lastKnownFileType = sourcecode.c.objc; path = FPGameManager.m; sourceTree = "<group>"; };
		84FDADF81935D49F00366C6E /* prefs.pdf */ = {isa = PBXFileReference; lastKnownFileType = image.pdf; path = prefs.pdf; sourceTree = "<group>"; };
		84FDADFA1936210C00366C6E /* candy.pdf */ = {isa = PBXFileReference; lastKnownFileType = image.pdf; path = candy.pdf; sourceTree = "<group>"; };
/* End PBXFileReference section */

/* Begin PBXFrameworksBuildPhase section */
		7FA4BA3B192C9AFD00A772BA /* Frameworks */ = {
			isa = PBXFrameworksBuildPhase;
			buildActionMask = 2147483647;
			files = (
				045E3EEB19360B3000258680 /* MediaPlayer.framework in Frameworks */,
				7FC9D1FD1934C4FE002878BD /* CoreMotion.framework in Frameworks */,
				84E962F3192F80B200DC785C /* SystemConfiguration.framework in Frameworks */,
				84E962F1192F80A300DC785C /* StoreKit.framework in Frameworks */,
				84E962EF192F809C00DC785C /* MessageUI.framework in Frameworks */,
				84E962ED192F808E00DC785C /* AudioToolbox.framework in Frameworks */,
				84E962EB192F807900DC785C /* AdSupport.framework in Frameworks */,
				7FA57033192EA8A400CE84F8 /* QuartzCore.framework in Frameworks */,
				84F85BA7192E73CC00BDECB5 /* AVFoundation.framework in Frameworks */,
				7F8A15B9192E0FFC006A9D6B /* PDFImage.framework in Frameworks */,
				7FA4BA44192C9AFD00A772BA /* CoreGraphics.framework in Frameworks */,
				84E962E6192F737000DC785C /* libGoogleAdMobAds.a in Frameworks */,
				7FA4BA46192C9AFD00A772BA /* UIKit.framework in Frameworks */,
				7FA4BA42192C9AFD00A772BA /* Foundation.framework in Frameworks */,
			);
			runOnlyForDeploymentPostprocessing = 0;
		};
		7FA4BA5C192C9AFD00A772BA /* Frameworks */ = {
			isa = PBXFrameworksBuildPhase;
			buildActionMask = 2147483647;
			files = (
				7FA4BA61192C9AFD00A772BA /* XCTest.framework in Frameworks */,
				7FA4BA63192C9AFD00A772BA /* UIKit.framework in Frameworks */,
				7FA4BA62192C9AFD00A772BA /* Foundation.framework in Frameworks */,
			);
			runOnlyForDeploymentPostprocessing = 0;
		};
/* End PBXFrameworksBuildPhase section */

/* Begin PBXGroup section */
		0466919D192CE8930095E1A8 /* BonusLevel Controller */ = {
			isa = PBXGroup;
			children = (
				0466919A192CE88D0095E1A8 /* FPBonusViewController.h */,
				0466919B192CE88D0095E1A8 /* FPBonusViewController.m */,
			);
			name = "BonusLevel Controller";
			sourceTree = "<group>";
		};
		046691A1192CE9A40095E1A8 /* Candies */ = {
			isa = PBXGroup;
			children = (
				0466919E192CE99A0095E1A8 /* Candy.h */,
				0466919F192CE99A0095E1A8 /* Candy.m */,
			);
			name = Candies;
			sourceTree = "<group>";
		};
		047D58A4192F2C10003CE8BC /* Flovers */ = {
			isa = PBXGroup;
			children = (
				047D58A1192F2C0A003CE8BC /* FPFlover.h */,
				047D58A2192F2C0A003CE8BC /* FPFlover.m */,
			);
			name = Flovers;
			sourceTree = "<group>";
		};
		7F31615C192C9FA400C49EAE /* Views */ = {
			isa = PBXGroup;
			children = (
				7F316165192C9FDF00C49EAE /* Segment */,
				7F316161192C9FC600C49EAE /* Cloud */,
				7F31615D192C9FAF00C49EAE /* Ball */,
				046691A1192CE9A40095E1A8 /* Candies */,
				047D58A4192F2C10003CE8BC /* Flovers */,
			);
			name = Views;
			sourceTree = "<group>";
		};
		7F31615D192C9FAF00C49EAE /* Ball */ = {
			isa = PBXGroup;
			children = (
				7F316159192C9F9D00C49EAE /* BallView.h */,
				7F31615A192C9F9D00C49EAE /* BallView.m */,
			);
			name = Ball;
			sourceTree = "<group>";
		};
		7F316161192C9FC600C49EAE /* Cloud */ = {
			isa = PBXGroup;
			children = (
				7F31615E192C9FC200C49EAE /* CloudView.h */,
				7F31615F192C9FC200C49EAE /* CloudView.m */,
			);
			name = Cloud;
			sourceTree = "<group>";
		};
		7F316165192C9FDF00C49EAE /* Segment */ = {
			isa = PBXGroup;
			children = (
				7F316162192C9FDA00C49EAE /* Segment.h */,
				7F316163192C9FDA00C49EAE /* Segment.m */,
			);
			name = Segment;
			sourceTree = "<group>";
		};
		7F316169192C9FFC00C49EAE /* Managers */ = {
			isa = PBXGroup;
			children = (
				7FE17A7F19353913008BBC3F /* Accelerometer Manager */,
				84E962D3192F512700DC785C /* Object Manager */,
				84F85BF6192F370500BDECB5 /* Game Manager */,
				84F85BBE192E97BB00BDECB5 /* Sound Manager */,
			);
			name = Managers;
			sourceTree = "<group>";
		};
		7F31616B192CA01500C49EAE /* Other Classes */ = {
			isa = PBXGroup;
			children = (
				7F8C5E22194ED9A5001BA8A2 /* JMIBlur */,
				8443DE07192F4F16009F1EF8 /* Game Model */,
				84E962E7192F75D200DC785C /* Constants */,
			);
			path = "Other Classes";
			sourceTree = "<group>";
		};
		7F316170192CA03200C49EAE /* Resources */ = {
			isa = PBXGroup;
			children = (
				0439944F19360CD30006E3DB /* Comp4_1.mp4 */,
				7FC9D1F719337F9F002878BD /* Fonts */,
				84F85B9C192E489400BDECB5 /* Music */,
				7F31617E192CCBE200C49EAE /* Levels */,
				7F316171192CA04200C49EAE /* Start */,
				7FA4BA59192C9AFD00A772BA /* Images.xcassets */,
				7F8A15C2192E2069006A9D6B /* Localizable.strings */,
			);
			name = Resources;
			sourceTree = "<group>";
		};
		7F316171192CA04200C49EAE /* Start */ = {
			isa = PBXGroup;
			children = (
				84FDADFA1936210C00366C6E /* candy.pdf */,
				84FDADF81935D49F00366C6E /* prefs.pdf */,
				7FA5703A192F399A00CE84F8 /* ground1.pdf */,
				7FA5703B192F399A00CE84F8 /* ground2.pdf */,
				7FA5703C192F399A00CE84F8 /* ground3.pdf */,
				7FA5703D192F399A00CE84F8 /* ground4.pdf */,
				7FA5703E192F399A00CE84F8 /* ground5.pdf */,
				7F8A15C3192E389A006A9D6B /* ball1.pdf */,
				7F8A15C4192E389A006A9D6B /* ball2.pdf */,
				7FA57034192F1B3000CE84F8 /* cloud1.pdf */,
				7FA57035192F1B3000CE84F8 /* cloud2.pdf */,
				7FA57036192F1B3000CE84F8 /* cloud3.pdf */,
			);
			name = Start;
			sourceTree = "<group>";
		};
		7F316178192CA06100C49EAE /* ViewControllers */ = {
			isa = PBXGroup;
			children = (
				7F3161D8192DBB9C00C49EAE /* Preferences Controller */,
				7F316179192CA08300C49EAE /* Gameplay Controller */,
				7F31617A192CA08F00C49EAE /* Start Controller */,
				0466919D192CE8930095E1A8 /* BonusLevel Controller */,
			);
			name = ViewControllers;
			sourceTree = "<group>";
		};
		7F316179192CA08300C49EAE /* Gameplay Controller */ = {
			isa = PBXGroup;
			children = (
				7F316172192CA05A00C49EAE /* GamePlayViewController.h */,
				7F316173192CA05A00C49EAE /* GamePlayViewController.m */,
				7FA57045192F42C000CE84F8 /* GameField.storyboard */,
				7F8DAE7819389E32007E154E /* FPGamePlayController.h */,
				7F8DAE7919389E32007E154E /* FPGamePlayController.m */,
				7F8DAE59193736F3007E154E /* LevelPresentationViewController */,
			);
			name = "Gameplay Controller";
			sourceTree = "<group>";
		};
		7F31617A192CA08F00C49EAE /* Start Controller */ = {
			isa = PBXGroup;
			children = (
				7F316174192CA05A00C49EAE /* StartViewController.h */,
				7F316175192CA05A00C49EAE /* StartViewController.m */,
			);
			name = "Start Controller";
			sourceTree = "<group>";
		};
		7F3161D8192DBB9C00C49EAE /* Preferences Controller */ = {
			isa = PBXGroup;
			children = (
				7F316180192D092300C49EAE /* FPPreferences.h */,
				7F316181192D092300C49EAE /* FPPreferences.m */,
			);
			name = "Preferences Controller";
			sourceTree = "<group>";
		};
		7F8C5E22194ED9A5001BA8A2 /* JMIBlur */ = {
			isa = PBXGroup;
			children = (
				7F8C5E23194ED9A5001BA8A2 /* JMIBlur.h */,
				7F8C5E24194ED9A5001BA8A2 /* BlurLayer.h */,
				7F8C5E25194ED9A5001BA8A2 /* BlurLayer.m */,
				7F8C5E26194ED9A5001BA8A2 /* BlurStyle.h */,
				7F8C5E27194ED9A5001BA8A2 /* BlurView.h */,
				7F8C5E28194ED9A5001BA8A2 /* BlurView.m */,
			);
			path = JMIBlur;
			sourceTree = "<group>";
		};
		7F8DAE59193736F3007E154E /* LevelPresentationViewController */ = {
			isa = PBXGroup;
			children = (
				7F8DAE56193736ED007E154E /* FPLevelPresentationViewController.h */,
				7F8DAE57193736ED007E154E /* FPLevelPresentationViewController.m */,
				7FC90C7D19479C78001E1E2E /* UIImage+ImageEffects.h */,
				7FC90C7E19479C78001E1E2E /* UIImage+ImageEffects.m */,
				7F8DAE5A19373BBB007E154E /* FPLevelCell.h */,
				7F8DAE5B19373BBB007E154E /* FPLevelCell.m */,
				7F8DAE6019376FC8007E154E /* FPLevelCollectionFlowLayout.h */,
				7F8DAE6119376FC8007E154E /* FPLevelCollectionFlowLayout.m */,
			);
			name = LevelPresentationViewController;
			sourceTree = "<group>";
		};
		7FA4BA35192C9AFD00A772BA = {
			isa = PBXGroup;
			children = (
				7FA4BA47192C9AFD00A772BA /* FunnyPuzzle */,
				7FA4BA66192C9AFD00A772BA /* FunnyPuzzleTests */,
				7FA4BA40192C9AFD00A772BA /* Frameworks */,
				7FA4BA3F192C9AFD00A772BA /* Products */,
			);
			sourceTree = "<group>";
		};
		7FA4BA3F192C9AFD00A772BA /* Products */ = {
			isa = PBXGroup;
			children = (
				7FA4BA3E192C9AFD00A772BA /* FunnyPuzzle.app */,
				7FA4BA5F192C9AFD00A772BA /* FunnyPuzzleTests.xctest */,
			);
			name = Products;
			sourceTree = "<group>";
		};
		7FA4BA40192C9AFD00A772BA /* Frameworks */ = {
			isa = PBXGroup;
			children = (
				045E3EEA19360B3000258680 /* MediaPlayer.framework */,
				7FC9D1FC1934C4FE002878BD /* CoreMotion.framework */,
				84E962F2192F80B200DC785C /* SystemConfiguration.framework */,
				84E962F0192F80A300DC785C /* StoreKit.framework */,
				84E962EE192F809C00DC785C /* MessageUI.framework */,
				84E962EC192F808E00DC785C /* AudioToolbox.framework */,
				84E962EA192F807900DC785C /* AdSupport.framework */,
				84E962E8192F802100DC785C /* libz.dylib */,
				84E962D8192F737000DC785C /* GoogleAdMob */,
				7FA57032192EA8A400CE84F8 /* QuartzCore.framework */,
				84F85BA6192E73CC00BDECB5 /* AVFoundation.framework */,
				7F8A15B8192E0FFC006A9D6B /* PDFImage.framework */,
				7FA4BA41192C9AFD00A772BA /* Foundation.framework */,
				7FA4BA43192C9AFD00A772BA /* CoreGraphics.framework */,
				7FA4BA45192C9AFD00A772BA /* UIKit.framework */,
				7FA4BA60192C9AFD00A772BA /* XCTest.framework */,
			);
			name = Frameworks;
			sourceTree = "<group>";
		};
		7FA4BA47192C9AFD00A772BA /* FunnyPuzzle */ = {
			isa = PBXGroup;
			children = (
				7FA4BA50192C9AFD00A772BA /* FPAppDelegate.h */,
				7FA4BA51192C9AFD00A772BA /* FPAppDelegate.m */,
				7FA4BA53192C9AFD00A772BA /* Main.storyboard */,
				7F316170192CA03200C49EAE /* Resources */,
				7F316178192CA06100C49EAE /* ViewControllers */,
				7F31615C192C9FA400C49EAE /* Views */,
				7F316169192C9FFC00C49EAE /* Managers */,
				7F31616B192CA01500C49EAE /* Other Classes */,
				7FA4BA48192C9AFD00A772BA /* Supporting Files */,
			);
			path = FunnyPuzzle;
			sourceTree = "<group>";
		};
		7FA4BA48192C9AFD00A772BA /* Supporting Files */ = {
			isa = PBXGroup;
			children = (
				7FA4BA49192C9AFD00A772BA /* FunnyPuzzle-Info.plist */,
				7FA4BA4A192C9AFD00A772BA /* InfoPlist.strings */,
				7FA4BA4D192C9AFD00A772BA /* main.m */,
				7FA4BA4F192C9AFD00A772BA /* FunnyPuzzle-Prefix.pch */,
			);
			path = "Supporting Files";
			sourceTree = "<group>";
		};
		7FA4BA66192C9AFD00A772BA /* FunnyPuzzleTests */ = {
			isa = PBXGroup;
			children = (
				7FA4BA6C192C9AFD00A772BA /* FunnyPuzzleTests.m */,
				7FA4BA67192C9AFD00A772BA /* Supporting Files */,
			);
			path = FunnyPuzzleTests;
			sourceTree = "<group>";
		};
		7FA4BA67192C9AFD00A772BA /* Supporting Files */ = {
			isa = PBXGroup;
			children = (
				7FA4BA68192C9AFD00A772BA /* FunnyPuzzleTests-Info.plist */,
				7FA4BA69192C9AFD00A772BA /* InfoPlist.strings */,
			);
			name = "Supporting Files";
			sourceTree = "<group>";
		};
		7FC9D1F719337F9F002878BD /* Fonts */ = {
			isa = PBXGroup;
			children = (
				7FC9D1F819337F9F002878BD /* iO0J6mji.ttf */,
				7FC9D1F919337F9F002878BD /* KBCuriousSoul.ttf */,
			);
			name = Fonts;
			path = Resources/Fonts;
			sourceTree = "<group>";
		};
		7FE17A7F19353913008BBC3F /* Accelerometer Manager */ = {
			isa = PBXGroup;
			children = (
				7FE17A8019353913008BBC3F /* AccelerometerManager.h */,
				7FE17A8119353913008BBC3F /* AccelerometerManager.m */,
			);
			name = "Accelerometer Manager";
			path = "Managers/Accelerometer Manager";
			sourceTree = "<group>";
		};
		8443DDB4192F4796009F1EF8 /* Background music */ = {
			isa = PBXGroup;
			children = (
				8443DDB5192F4796009F1EF8 /* game_background_music.mp3 */,
				8443DDB6192F4796009F1EF8 /* menu_background_music.mp3 */,
			);
			path = "Background music";
			sourceTree = "<group>";
		};
		8443DE07192F4F16009F1EF8 /* Game Model */ = {
			isa = PBXGroup;
			children = (
				7F316166192C9FF500C49EAE /* GameModel.h */,
				7F316167192C9FF500C49EAE /* GameModel.m */,
			);
			name = "Game Model";
			sourceTree = "<group>";
		};
		84E962D3192F512700DC785C /* Object Manager */ = {
			isa = PBXGroup;
			children = (
				84E962D4192F512700DC785C /* FPLevelManager.h */,
				84E962D5192F512700DC785C /* FPLevelManager.m */,
			);
			name = "Object Manager";
			path = "Managers/Object Manager";
			sourceTree = "<group>";
		};
		84E962D8192F737000DC785C /* GoogleAdMob */ = {
			isa = PBXGroup;
			children = (
				84E962D9192F737000DC785C /* GADAdMobExtras.h */,
				84E962DA192F737000DC785C /* GADAdNetworkExtras.h */,
				84E962DB192F737000DC785C /* GADAdSize.h */,
				84E962DC192F737000DC785C /* GADBannerView.h */,
				84E962DD192F737000DC785C /* GADBannerViewDelegate.h */,
				84E962DE192F737000DC785C /* GADInAppPurchase.h */,
				84E962DF192F737000DC785C /* GADInAppPurchaseDelegate.h */,
				84E962E0192F737000DC785C /* GADInterstitial.h */,
				84E962E1192F737000DC785C /* GADInterstitialDelegate.h */,
				84E962E2192F737000DC785C /* GADModules.h */,
				84E962E3192F737000DC785C /* GADRequest.h */,
				84E962E4192F737000DC785C /* GADRequestError.h */,
				84E962E5192F737000DC785C /* libGoogleAdMobAds.a */,
			);
			name = GoogleAdMob;
			path = FunnyPuzzle/Frameworks/GoogleAdMob;
			sourceTree = "<group>";
		};
		84E962E7192F75D200DC785C /* Constants */ = {
			isa = PBXGroup;
			children = (
				84F85BA4192E67CA00BDECB5 /* Constants.h */,
			);
			name = Constants;
			sourceTree = "<group>";
		};
		84F85B9C192E489400BDECB5 /* Music */ = {
			isa = PBXGroup;
			children = (
				8443DDB4192F4796009F1EF8 /* Background music */,
			);
			name = Music;
			path = Resources/Music;
			sourceTree = "<group>";
		};
		84F85BBE192E97BB00BDECB5 /* Sound Manager */ = {
			isa = PBXGroup;
			children = (
				84F85BBF192E97BB00BDECB5 /* FPSoundManager.h */,
				84F85BC0192E97BB00BDECB5 /* FPSoundManager.m */,
			);
			name = "Sound Manager";
			path = "Managers/Sound Manager";
			sourceTree = "<group>";
		};
		84F85BF6192F370500BDECB5 /* Game Manager */ = {
			isa = PBXGroup;
			children = (
				84F85BF7192F371D00BDECB5 /* FPGameManager.h */,
				84F85BF8192F371D00BDECB5 /* FPGameManager.m */,
			);
			name = "Game Manager";
			path = "Managers/Game Manager";
			sourceTree = "<group>";
		};
/* End PBXGroup section */

/* Begin PBXNativeTarget section */
		7FA4BA3D192C9AFD00A772BA /* FunnyPuzzle */ = {
			isa = PBXNativeTarget;
			buildConfigurationList = 7FA4BA70192C9AFD00A772BA /* Build configuration list for PBXNativeTarget "FunnyPuzzle" */;
			buildPhases = (
				7FA4BA3A192C9AFD00A772BA /* Sources */,
				7FA4BA3B192C9AFD00A772BA /* Frameworks */,
				7FA4BA3C192C9AFD00A772BA /* Resources */,
			);
			buildRules = (
			);
			dependencies = (
			);
			name = FunnyPuzzle;
			productName = FunnyPuzzle;
			productReference = 7FA4BA3E192C9AFD00A772BA /* FunnyPuzzle.app */;
			productType = "com.apple.product-type.application";
		};
		7FA4BA5E192C9AFD00A772BA /* FunnyPuzzleTests */ = {
			isa = PBXNativeTarget;
			buildConfigurationList = 7FA4BA73192C9AFD00A772BA /* Build configuration list for PBXNativeTarget "FunnyPuzzleTests" */;
			buildPhases = (
				7FA4BA5B192C9AFD00A772BA /* Sources */,
				7FA4BA5C192C9AFD00A772BA /* Frameworks */,
				7FA4BA5D192C9AFD00A772BA /* Resources */,
			);
			buildRules = (
			);
			dependencies = (
				7FA4BA65192C9AFD00A772BA /* PBXTargetDependency */,
			);
			name = FunnyPuzzleTests;
			productName = FunnyPuzzleTests;
			productReference = 7FA4BA5F192C9AFD00A772BA /* FunnyPuzzleTests.xctest */;
			productType = "com.apple.product-type.bundle.unit-test";
		};
/* End PBXNativeTarget section */

/* Begin PBXProject section */
		7FA4BA36192C9AFD00A772BA /* Project object */ = {
			isa = PBXProject;
			attributes = {
				CLASSPREFIX = FP;
				LastUpgradeCheck = 0510;
				ORGANIZATIONNAME = Mobilez365;
				TargetAttributes = {
					7FA4BA3D192C9AFD00A772BA = {
						DevelopmentTeam = 6V5J5WQA79;
					};
					7FA4BA5E192C9AFD00A772BA = {
						TestTargetID = 7FA4BA3D192C9AFD00A772BA;
					};
				};
			};
			buildConfigurationList = 7FA4BA39192C9AFD00A772BA /* Build configuration list for PBXProject "FunnyPuzzle" */;
			compatibilityVersion = "Xcode 3.2";
			developmentRegion = English;
			hasScannedForEncodings = 0;
			knownRegions = (
				en,
				Base,
				ru,
				hi,
				uk,
				ar,
				de,
				es,
				fr,
				hu,
				"zh-Hant",
			);
			mainGroup = 7FA4BA35192C9AFD00A772BA;
			productRefGroup = 7FA4BA3F192C9AFD00A772BA /* Products */;
			projectDirPath = "";
			projectRoot = "";
			targets = (
				7FA4BA3D192C9AFD00A772BA /* FunnyPuzzle */,
				7FA4BA5E192C9AFD00A772BA /* FunnyPuzzleTests */,
			);
		};
/* End PBXProject section */

/* Begin PBXResourcesBuildPhase section */
		7FA4BA3C192C9AFD00A772BA /* Resources */ = {
			isa = PBXResourcesBuildPhase;
			buildActionMask = 2147483647;
			files = (
				8443DDDF192F4796009F1EF8 /* game_background_music.mp3 in Resources */,
				7FA4BA5A192C9AFD00A772BA /* Images.xcassets in Resources */,
				7FA57038192F1B3000CE84F8 /* cloud2.pdf in Resources */,
				7FA4BA4C192C9AFD00A772BA /* InfoPlist.strings in Resources */,
				7FA57040192F399A00CE84F8 /* ground2.pdf in Resources */,
				7FA4BA55192C9AFD00A772BA /* Main.storyboard in Resources */,
				7FA57046192F42C000CE84F8 /* GameField.storyboard in Resources */,
				84F85BA5192E6A5B00BDECB5 /* ball2.pdf in Resources */,
				7FA57041192F399A00CE84F8 /* ground3.pdf in Resources */,
				7FA57039192F1B3000CE84F8 /* cloud3.pdf in Resources */,
				84FDADF91935D49F00366C6E /* prefs.pdf in Resources */,
				84FDADFB1936210C00366C6E /* candy.pdf in Resources */,
				7FC9D1FB19337F9F002878BD /* KBCuriousSoul.ttf in Resources */,
				7FC9D1FA19337F9F002878BD /* iO0J6mji.ttf in Resources */,
				7F31617F192CCBE200C49EAE /* Levels in Resources */,
				7F8A15C5192E389A006A9D6B /* ball1.pdf in Resources */,
				7F8A15C0192E2069006A9D6B /* Localizable.strings in Resources */,
				7FA57037192F1B3000CE84F8 /* cloud1.pdf in Resources */,
				7FA57043192F399A00CE84F8 /* ground5.pdf in Resources */,
				7FA5703F192F399A00CE84F8 /* ground1.pdf in Resources */,
				0439945019360CD30006E3DB /* Comp4_1.mp4 in Resources */,
				7FA57042192F399A00CE84F8 /* ground4.pdf in Resources */,
				8443DDE0192F4796009F1EF8 /* menu_background_music.mp3 in Resources */,
			);
			runOnlyForDeploymentPostprocessing = 0;
		};
		7FA4BA5D192C9AFD00A772BA /* Resources */ = {
			isa = PBXResourcesBuildPhase;
			buildActionMask = 2147483647;
			files = (
				7FA4BA6B192C9AFD00A772BA /* InfoPlist.strings in Resources */,
			);
			runOnlyForDeploymentPostprocessing = 0;
		};
/* End PBXResourcesBuildPhase section */

/* Begin PBXSourcesBuildPhase section */
		7FA4BA3A192C9AFD00A772BA /* Sources */ = {
			isa = PBXSourcesBuildPhase;
			buildActionMask = 2147483647;
			files = (
				84F85BF9192F371D00BDECB5 /* FPGameManager.m in Sources */,
				7FA4BA52192C9AFD00A772BA /* FPAppDelegate.m in Sources */,
				7FC90C7F19479C78001E1E2E /* UIImage+ImageEffects.m in Sources */,
				7F8DAE58193736ED007E154E /* FPLevelPresentationViewController.m in Sources */,
				0466919C192CE88D0095E1A8 /* FPBonusViewController.m in Sources */,
				7F8DAE6219376FC8007E154E /* FPLevelCollectionFlowLayout.m in Sources */,
				7F316168192C9FF500C49EAE /* GameModel.m in Sources */,
				84E962D6192F512700DC785C /* FPLevelManager.m in Sources */,
				7F8DAE5C19373BBB007E154E /* FPLevelCell.m in Sources */,
				047D58A3192F2C0A003CE8BC /* FPFlover.m in Sources */,
				7F8DAE7A19389E32007E154E /* FPGamePlayController.m in Sources */,
				7F316176192CA05A00C49EAE /* GamePlayViewController.m in Sources */,
				7FE17A8219353913008BBC3F /* AccelerometerManager.m in Sources */,
				7F316177192CA05A00C49EAE /* StartViewController.m in Sources */,
				7FA4BA4E192C9AFD00A772BA /* main.m in Sources */,
				7F8C5E2A194ED9A5001BA8A2 /* BlurView.m in Sources */,
				7F316182192D092300C49EAE /* FPPreferences.m in Sources */,
				7F316160192C9FC200C49EAE /* CloudView.m in Sources */,
				7F31615B192C9F9D00C49EAE /* BallView.m in Sources */,
				7F316164192C9FDA00C49EAE /* Segment.m in Sources */,
				7F8C5E29194ED9A5001BA8A2 /* BlurLayer.m in Sources */,
				046691A0192CE99A0095E1A8 /* Candy.m in Sources */,
				84E962D7192F537E00DC785C /* FPSoundManager.m in Sources */,
			);
			runOnlyForDeploymentPostprocessing = 0;
		};
		7FA4BA5B192C9AFD00A772BA /* Sources */ = {
			isa = PBXSourcesBuildPhase;
			buildActionMask = 2147483647;
			files = (
				7FA4BA6D192C9AFD00A772BA /* FunnyPuzzleTests.m in Sources */,
			);
			runOnlyForDeploymentPostprocessing = 0;
		};
/* End PBXSourcesBuildPhase section */

/* Begin PBXTargetDependency section */
		7FA4BA65192C9AFD00A772BA /* PBXTargetDependency */ = {
			isa = PBXTargetDependency;
			target = 7FA4BA3D192C9AFD00A772BA /* FunnyPuzzle */;
			targetProxy = 7FA4BA64192C9AFD00A772BA /* PBXContainerItemProxy */;
		};
/* End PBXTargetDependency section */

/* Begin PBXVariantGroup section */
		7F8A15C2192E2069006A9D6B /* Localizable.strings */ = {
			isa = PBXVariantGroup;
			children = (
				7F8A15C1192E2069006A9D6B /* Base */,
				84AEB9BC1933256C00DF942A /* en */,
				848CC491193C715A00E13C93 /* hi */,
				045781891950451000D7ABA2 /* uk */,
				0457818A19505D5700D7ABA2 /* ar */,
				0457818B1950628900D7ABA2 /* de */,
				0457818C195066CF00D7ABA2 /* es */,
				0457818D19506AF500D7ABA2 /* fr */,
				0457818E19506B0F00D7ABA2 /* hu */,
				0457818F19506B3100D7ABA2 /* zh-Hant */,
				0457819019507EE000D7ABA2 /* ru */,
			);
			name = Localizable.strings;
			path = Resources;
			sourceTree = "<group>";
		};
		7FA4BA4A192C9AFD00A772BA /* InfoPlist.strings */ = {
			isa = PBXVariantGroup;
			children = (
				7FA4BA4B192C9AFD00A772BA /* en */,
			);
			name = InfoPlist.strings;
			sourceTree = "<group>";
		};
		7FA4BA53192C9AFD00A772BA /* Main.storyboard */ = {
			isa = PBXVariantGroup;
			children = (
				7FA4BA54192C9AFD00A772BA /* Base */,
			);
			name = Main.storyboard;
			sourceTree = "<group>";
		};
		7FA4BA69192C9AFD00A772BA /* InfoPlist.strings */ = {
			isa = PBXVariantGroup;
			children = (
				7FA4BA6A192C9AFD00A772BA /* en */,
			);
			name = InfoPlist.strings;
			sourceTree = "<group>";
		};
/* End PBXVariantGroup section */

/* Begin XCBuildConfiguration section */
		7FA4BA6E192C9AFD00A772BA /* Debug */ = {
			isa = XCBuildConfiguration;
			buildSettings = {
				ALWAYS_SEARCH_USER_PATHS = NO;
				CLANG_CXX_LANGUAGE_STANDARD = "gnu++0x";
				CLANG_CXX_LIBRARY = "libc++";
				CLANG_ENABLE_MODULES = YES;
				CLANG_ENABLE_OBJC_ARC = YES;
				CLANG_WARN_BOOL_CONVERSION = YES;
				CLANG_WARN_CONSTANT_CONVERSION = YES;
				CLANG_WARN_DIRECT_OBJC_ISA_USAGE = YES_ERROR;
				CLANG_WARN_EMPTY_BODY = YES;
				CLANG_WARN_ENUM_CONVERSION = YES;
				CLANG_WARN_INT_CONVERSION = YES;
				CLANG_WARN_OBJC_ROOT_CLASS = YES_ERROR;
				CLANG_WARN__DUPLICATE_METHOD_MATCH = YES;
				"CODE_SIGN_IDENTITY[sdk=iphoneos*]" = "iPhone Developer";
				COPY_PHASE_STRIP = NO;
				GCC_C_LANGUAGE_STANDARD = gnu99;
				GCC_DYNAMIC_NO_PIC = NO;
				GCC_OPTIMIZATION_LEVEL = 0;
				GCC_PREPROCESSOR_DEFINITIONS = (
					"DEBUG=1",
					"$(inherited)",
				);
				GCC_SYMBOLS_PRIVATE_EXTERN = NO;
				GCC_WARN_64_TO_32_BIT_CONVERSION = YES;
				GCC_WARN_ABOUT_RETURN_TYPE = YES_ERROR;
				GCC_WARN_UNDECLARED_SELECTOR = YES;
				GCC_WARN_UNINITIALIZED_AUTOS = YES_AGGRESSIVE;
				GCC_WARN_UNUSED_FUNCTION = YES;
				GCC_WARN_UNUSED_VARIABLE = YES;
				IPHONEOS_DEPLOYMENT_TARGET = 7.1;
				ONLY_ACTIVE_ARCH = YES;
				OTHER_LDFLAGS = "-ObjC";
				PROVISIONING_PROFILE = "5782116A-140E-422B-ADCC-A11145D4584B";
				SDKROOT = iphoneos;
			};
			name = Debug;
		};
		7FA4BA6F192C9AFD00A772BA /* Release */ = {
			isa = XCBuildConfiguration;
			buildSettings = {
				ALWAYS_SEARCH_USER_PATHS = NO;
				CLANG_CXX_LANGUAGE_STANDARD = "gnu++0x";
				CLANG_CXX_LIBRARY = "libc++";
				CLANG_ENABLE_MODULES = YES;
				CLANG_ENABLE_OBJC_ARC = YES;
				CLANG_WARN_BOOL_CONVERSION = YES;
				CLANG_WARN_CONSTANT_CONVERSION = YES;
				CLANG_WARN_DIRECT_OBJC_ISA_USAGE = YES_ERROR;
				CLANG_WARN_EMPTY_BODY = YES;
				CLANG_WARN_ENUM_CONVERSION = YES;
				CLANG_WARN_INT_CONVERSION = YES;
				CLANG_WARN_OBJC_ROOT_CLASS = YES_ERROR;
				CLANG_WARN__DUPLICATE_METHOD_MATCH = YES;
				"CODE_SIGN_IDENTITY[sdk=iphoneos*]" = "iPhone Developer";
				COPY_PHASE_STRIP = YES;
				ENABLE_NS_ASSERTIONS = NO;
				GCC_C_LANGUAGE_STANDARD = gnu99;
				GCC_WARN_64_TO_32_BIT_CONVERSION = YES;
				GCC_WARN_ABOUT_RETURN_TYPE = YES_ERROR;
				GCC_WARN_UNDECLARED_SELECTOR = YES;
				GCC_WARN_UNINITIALIZED_AUTOS = YES_AGGRESSIVE;
				GCC_WARN_UNUSED_FUNCTION = YES;
				GCC_WARN_UNUSED_VARIABLE = YES;
				IPHONEOS_DEPLOYMENT_TARGET = 7.1;
				OTHER_LDFLAGS = "-ObjC";
				PROVISIONING_PROFILE = "5782116A-140E-422B-ADCC-A11145D4584B";
				SDKROOT = iphoneos;
				VALIDATE_PRODUCT = YES;
			};
			name = Release;
		};
		7FA4BA71192C9AFD00A772BA /* Debug */ = {
			isa = XCBuildConfiguration;
			buildSettings = {
				ASSETCATALOG_COMPILER_APPICON_NAME = AppIcon;
				ASSETCATALOG_COMPILER_LAUNCHIMAGE_NAME = LaunchImage;
				CODE_SIGN_IDENTITY = "iPhone Developer";
				"CODE_SIGN_IDENTITY[sdk=iphoneos*]" = "iPhone Developer";
				FRAMEWORK_SEARCH_PATHS = (
					"$(inherited)",
					"$(PROJECT_DIR)/FunnyPuzzle/Frameworks",
				);
				GCC_PRECOMPILE_PREFIX_HEADER = YES;
				GCC_PREFIX_HEADER = "FunnyPuzzle/Supporting Files/FunnyPuzzle-Prefix.pch";
				INFOPLIST_FILE = "FunnyPuzzle/Supporting Files/FunnyPuzzle-Info.plist";
				IPHONEOS_DEPLOYMENT_TARGET = 7.0;
				LIBRARY_SEARCH_PATHS = (
					"$(inherited)",
					"$(PROJECT_DIR)/FunnyPuzzle/Frameworks/GoogleAdMob",
				);
				PRODUCT_NAME = "$(TARGET_NAME)";
				PROVISIONING_PROFILE = "5782116A-140E-422B-ADCC-A11145D4584B";
				WRAPPER_EXTENSION = app;
			};
			name = Debug;
		};
		7FA4BA72192C9AFD00A772BA /* Release */ = {
			isa = XCBuildConfiguration;
			buildSettings = {
				ASSETCATALOG_COMPILER_APPICON_NAME = AppIcon;
				ASSETCATALOG_COMPILER_LAUNCHIMAGE_NAME = LaunchImage;
				CODE_SIGN_IDENTITY = "iPhone Developer";
				"CODE_SIGN_IDENTITY[sdk=iphoneos*]" = "iPhone Developer";
				FRAMEWORK_SEARCH_PATHS = (
					"$(inherited)",
					"$(PROJECT_DIR)/FunnyPuzzle/Frameworks",
				);
				GCC_PRECOMPILE_PREFIX_HEADER = YES;
				GCC_PREFIX_HEADER = "FunnyPuzzle/Supporting Files/FunnyPuzzle-Prefix.pch";
				INFOPLIST_FILE = "FunnyPuzzle/Supporting Files/FunnyPuzzle-Info.plist";
				IPHONEOS_DEPLOYMENT_TARGET = 7.0;
				LIBRARY_SEARCH_PATHS = (
					"$(inherited)",
					"$(PROJECT_DIR)/FunnyPuzzle/Frameworks/GoogleAdMob",
				);
				PRODUCT_NAME = "$(TARGET_NAME)";
				PROVISIONING_PROFILE = "5782116A-140E-422B-ADCC-A11145D4584B";
				WRAPPER_EXTENSION = app;
			};
			name = Release;
		};
		7FA4BA74192C9AFD00A772BA /* Debug */ = {
			isa = XCBuildConfiguration;
			buildSettings = {
				BUNDLE_LOADER = "$(BUILT_PRODUCTS_DIR)/FunnyPuzzle.app/FunnyPuzzle";
				FRAMEWORK_SEARCH_PATHS = (
					"$(SDKROOT)/Developer/Library/Frameworks",
					"$(inherited)",
					"$(DEVELOPER_FRAMEWORKS_DIR)",
				);
				GCC_PRECOMPILE_PREFIX_HEADER = YES;
				GCC_PREFIX_HEADER = "FunnyPuzzle/FunnyPuzzle-Prefix.pch";
				GCC_PREPROCESSOR_DEFINITIONS = (
					"DEBUG=1",
					"$(inherited)",
				);
				INFOPLIST_FILE = "FunnyPuzzleTests/FunnyPuzzleTests-Info.plist";
				PRODUCT_NAME = "$(TARGET_NAME)";
				TEST_HOST = "$(BUNDLE_LOADER)";
				WRAPPER_EXTENSION = xctest;
			};
			name = Debug;
		};
		7FA4BA75192C9AFD00A772BA /* Release */ = {
			isa = XCBuildConfiguration;
			buildSettings = {
				BUNDLE_LOADER = "$(BUILT_PRODUCTS_DIR)/FunnyPuzzle.app/FunnyPuzzle";
				FRAMEWORK_SEARCH_PATHS = (
					"$(SDKROOT)/Developer/Library/Frameworks",
					"$(inherited)",
					"$(DEVELOPER_FRAMEWORKS_DIR)",
				);
				GCC_PRECOMPILE_PREFIX_HEADER = YES;
				GCC_PREFIX_HEADER = "FunnyPuzzle/FunnyPuzzle-Prefix.pch";
				INFOPLIST_FILE = "FunnyPuzzleTests/FunnyPuzzleTests-Info.plist";
				PRODUCT_NAME = "$(TARGET_NAME)";
				TEST_HOST = "$(BUNDLE_LOADER)";
				WRAPPER_EXTENSION = xctest;
			};
			name = Release;
		};
/* End XCBuildConfiguration section */

/* Begin XCConfigurationList section */
		7FA4BA39192C9AFD00A772BA /* Build configuration list for PBXProject "FunnyPuzzle" */ = {
			isa = XCConfigurationList;
			buildConfigurations = (
				7FA4BA6E192C9AFD00A772BA /* Debug */,
				7FA4BA6F192C9AFD00A772BA /* Release */,
			);
			defaultConfigurationIsVisible = 0;
			defaultConfigurationName = Release;
		};
		7FA4BA70192C9AFD00A772BA /* Build configuration list for PBXNativeTarget "FunnyPuzzle" */ = {
			isa = XCConfigurationList;
			buildConfigurations = (
				7FA4BA71192C9AFD00A772BA /* Debug */,
				7FA4BA72192C9AFD00A772BA /* Release */,
			);
			defaultConfigurationIsVisible = 0;
			defaultConfigurationName = Release;
		};
		7FA4BA73192C9AFD00A772BA /* Build configuration list for PBXNativeTarget "FunnyPuzzleTests" */ = {
			isa = XCConfigurationList;
			buildConfigurations = (
				7FA4BA74192C9AFD00A772BA /* Debug */,
				7FA4BA75192C9AFD00A772BA /* Release */,
			);
			defaultConfigurationIsVisible = 0;
			defaultConfigurationName = Release;
		};
/* End XCConfigurationList section */
	};
	rootObject = 7FA4BA36192C9AFD00A772BA /* Project object */;
}
