// !$*UTF8*$!
{
	archiveVersion = 1;
	classes = {
	};
	objectVersion = 46;
	objects = {

/* Begin PBXBuildFile section */
		0439AD61192E104400BD1FE3 /* basket_icon.png in Resources */ = {isa = PBXBuildFile; fileRef = 0439AD5F192E104400BD1FE3 /* basket_icon.png */; };
		0439AD62192E104400BD1FE3 /* basket_icon@2x.png in Resources */ = {isa = PBXBuildFile; fileRef = 0439AD60192E104400BD1FE3 /* basket_icon@2x.png */; };
		0466919C192CE88D0095E1A8 /* FPBonusViewController.m in Sources */ = {isa = PBXBuildFile; fileRef = 0466919B192CE88D0095E1A8 /* FPBonusViewController.m */; };
		046691A0192CE99A0095E1A8 /* Candies.m in Sources */ = {isa = PBXBuildFile; fileRef = 0466919F192CE99A0095E1A8 /* Candies.m */; };
		04802DD3192E0D0900787C67 /* candy_icon.png in Resources */ = {isa = PBXBuildFile; fileRef = 04802DD1192E0D0900787C67 /* candy_icon.png */; };
		04802DD4192E0D0900787C67 /* candy_icon@2x.png in Resources */ = {isa = PBXBuildFile; fileRef = 04802DD2192E0D0900787C67 /* candy_icon@2x.png */; };
		6661D472BFF245DDB705F619 /* libPods.a in Frameworks */ = {isa = PBXBuildFile; fileRef = F279C6C4F84A42CA90619595 /* libPods.a */; };
		7F31615B192C9F9D00C49EAE /* BallView.m in Sources */ = {isa = PBXBuildFile; fileRef = 7F31615A192C9F9D00C49EAE /* BallView.m */; };
		7F316160192C9FC200C49EAE /* CloudView.m in Sources */ = {isa = PBXBuildFile; fileRef = 7F31615F192C9FC200C49EAE /* CloudView.m */; };
		7F316164192C9FDA00C49EAE /* Segment.m in Sources */ = {isa = PBXBuildFile; fileRef = 7F316163192C9FDA00C49EAE /* Segment.m */; };
		7F316168192C9FF500C49EAE /* GameObject.m in Sources */ = {isa = PBXBuildFile; fileRef = 7F316167192C9FF500C49EAE /* GameObject.m */; };
		7F31616E192CA02C00C49EAE /* ball1.svg in Resources */ = {isa = PBXBuildFile; fileRef = 7F31616C192CA02C00C49EAE /* ball1.svg */; };
		7F31616F192CA02C00C49EAE /* ball2.svg in Resources */ = {isa = PBXBuildFile; fileRef = 7F31616D192CA02C00C49EAE /* ball2.svg */; };
		7F316176192CA05A00C49EAE /* GamePlayViewController.m in Sources */ = {isa = PBXBuildFile; fileRef = 7F316173192CA05A00C49EAE /* GamePlayViewController.m */; };
		7F316177192CA05A00C49EAE /* StartViewController.m in Sources */ = {isa = PBXBuildFile; fileRef = 7F316175192CA05A00C49EAE /* StartViewController.m */; };
		7F31617D192CAA4500C49EAE /* FPObjectsManager.m in Sources */ = {isa = PBXBuildFile; fileRef = 7F31617C192CAA4500C49EAE /* FPObjectsManager.m */; };
		7F31617F192CCBE200C49EAE /* Levels in Resources */ = {isa = PBXBuildFile; fileRef = 7F31617E192CCBE200C49EAE /* Levels */; };
		7F316182192D092300C49EAE /* Preferencces.m in Sources */ = {isa = PBXBuildFile; fileRef = 7F316181192D092300C49EAE /* Preferencces.m */; };
		7F8A15B9192E0FFC006A9D6B /* PDFImage.framework in Frameworks */ = {isa = PBXBuildFile; fileRef = 7F8A15B8192E0FFC006A9D6B /* PDFImage.framework */; };
		7F8A15BC192E1620006A9D6B /* ball1.pdf in Resources */ = {isa = PBXBuildFile; fileRef = 7F8A15BA192E1620006A9D6B /* ball1.pdf */; };
		7F8A15C0192E2069006A9D6B /* Localizable.strings in Resources */ = {isa = PBXBuildFile; fileRef = 7F8A15C2192E2069006A9D6B /* Localizable.strings */; };
		7FA4BA42192C9AFD00A772BA /* Foundation.framework in Frameworks */ = {isa = PBXBuildFile; fileRef = 7FA4BA41192C9AFD00A772BA /* Foundation.framework */; };
		7FA4BA44192C9AFD00A772BA /* CoreGraphics.framework in Frameworks */ = {isa = PBXBuildFile; fileRef = 7FA4BA43192C9AFD00A772BA /* CoreGraphics.framework */; };
		7FA4BA46192C9AFD00A772BA /* UIKit.framework in Frameworks */ = {isa = PBXBuildFile; fileRef = 7FA4BA45192C9AFD00A772BA /* UIKit.framework */; };
		7FA4BA4C192C9AFD00A772BA /* InfoPlist.strings in Resources */ = {isa = PBXBuildFile; fileRef = 7FA4BA4A192C9AFD00A772BA /* InfoPlist.strings */; };
		7FA4BA4E192C9AFD00A772BA /* main.m in Sources */ = {isa = PBXBuildFile; fileRef = 7FA4BA4D192C9AFD00A772BA /* main.m */; };
		7FA4BA52192C9AFD00A772BA /* FPAppDelegate.m in Sources */ = {isa = PBXBuildFile; fileRef = 7FA4BA51192C9AFD00A772BA /* FPAppDelegate.m */; };
		7FA4BA55192C9AFD00A772BA /* Main.storyboard in Resources */ = {isa = PBXBuildFile; fileRef = 7FA4BA53192C9AFD00A772BA /* Main.storyboard */; };
		7FA4BA58192C9AFD00A772BA /* FPViewController.m in Sources */ = {isa = PBXBuildFile; fileRef = 7FA4BA57192C9AFD00A772BA /* FPViewController.m */; };
		7FA4BA5A192C9AFD00A772BA /* Images.xcassets in Resources */ = {isa = PBXBuildFile; fileRef = 7FA4BA59192C9AFD00A772BA /* Images.xcassets */; };
		7FA4BA61192C9AFD00A772BA /* XCTest.framework in Frameworks */ = {isa = PBXBuildFile; fileRef = 7FA4BA60192C9AFD00A772BA /* XCTest.framework */; };
		7FA4BA62192C9AFD00A772BA /* Foundation.framework in Frameworks */ = {isa = PBXBuildFile; fileRef = 7FA4BA41192C9AFD00A772BA /* Foundation.framework */; };
		7FA4BA63192C9AFD00A772BA /* UIKit.framework in Frameworks */ = {isa = PBXBuildFile; fileRef = 7FA4BA45192C9AFD00A772BA /* UIKit.framework */; };
		7FA4BA6B192C9AFD00A772BA /* InfoPlist.strings in Resources */ = {isa = PBXBuildFile; fileRef = 7FA4BA69192C9AFD00A772BA /* InfoPlist.strings */; };
		7FA4BA6D192C9AFD00A772BA /* FunnyPuzzleTests.m in Sources */ = {isa = PBXBuildFile; fileRef = 7FA4BA6C192C9AFD00A772BA /* FunnyPuzzleTests.m */; };
/* End PBXBuildFile section */

/* Begin PBXContainerItemProxy section */
		7FA4BA64192C9AFD00A772BA /* PBXContainerItemProxy */ = {
			isa = PBXContainerItemProxy;
			containerPortal = 7FA4BA36192C9AFD00A772BA /* Project object */;
			proxyType = 1;
			remoteGlobalIDString = 7FA4BA3D192C9AFD00A772BA;
			remoteInfo = FunnyPuzzle;
		};
/* End PBXContainerItemProxy section */

/* Begin PBXFileReference section */
		0439AD5F192E104400BD1FE3 /* basket_icon.png */ = {isa = PBXFileReference; lastKnownFileType = image.png; name = basket_icon.png; path = "View Controllers/basket_icon.png"; sourceTree = "<group>"; };
		0439AD60192E104400BD1FE3 /* basket_icon@2x.png */ = {isa = PBXFileReference; lastKnownFileType = image.png; name = "basket_icon@2x.png"; path = "View Controllers/basket_icon@2x.png"; sourceTree = "<group>"; };
		0466919A192CE88D0095E1A8 /* FPBonusViewController.h */ = {isa = PBXFileReference; fileEncoding = 4; lastKnownFileType = sourcecode.c.h; path = FPBonusViewController.h; sourceTree = "<group>"; };
		0466919B192CE88D0095E1A8 /* FPBonusViewController.m */ = {isa = PBXFileReference; fileEncoding = 4; lastKnownFileType = sourcecode.c.objc; path = FPBonusViewController.m; sourceTree = "<group>"; };
		0466919E192CE99A0095E1A8 /* Candies.h */ = {isa = PBXFileReference; fileEncoding = 4; lastKnownFileType = sourcecode.c.h; path = Candies.h; sourceTree = "<group>"; };
		0466919F192CE99A0095E1A8 /* Candies.m */ = {isa = PBXFileReference; fileEncoding = 4; lastKnownFileType = sourcecode.c.objc; path = Candies.m; sourceTree = "<group>"; };
		04802DD1192E0D0900787C67 /* candy_icon.png */ = {isa = PBXFileReference; lastKnownFileType = image.png; name = candy_icon.png; path = "View Controllers/candy_icon.png"; sourceTree = "<group>"; };
		04802DD2192E0D0900787C67 /* candy_icon@2x.png */ = {isa = PBXFileReference; lastKnownFileType = image.png; name = "candy_icon@2x.png"; path = "View Controllers/candy_icon@2x.png"; sourceTree = "<group>"; };
		09B2AE5F26204B769DFEAAF9 /* Pods.xcconfig */ = {isa = PBXFileReference; includeInIndex = 1; lastKnownFileType = text.xcconfig; name = Pods.xcconfig; path = Pods/Pods.xcconfig; sourceTree = "<group>"; };
		7F316159192C9F9D00C49EAE /* BallView.h */ = {isa = PBXFileReference; fileEncoding = 4; lastKnownFileType = sourcecode.c.h; name = BallView.h; path = "Custom Views/Ball View/BallView.h"; sourceTree = "<group>"; };
		7F31615A192C9F9D00C49EAE /* BallView.m */ = {isa = PBXFileReference; fileEncoding = 4; lastKnownFileType = sourcecode.c.objc; name = BallView.m; path = "Custom Views/Ball View/BallView.m"; sourceTree = "<group>"; };
		7F31615E192C9FC200C49EAE /* CloudView.h */ = {isa = PBXFileReference; fileEncoding = 4; lastKnownFileType = sourcecode.c.h; name = CloudView.h; path = "Custom Views/CloudView/CloudView.h"; sourceTree = "<group>"; };
		7F31615F192C9FC200C49EAE /* CloudView.m */ = {isa = PBXFileReference; fileEncoding = 4; lastKnownFileType = sourcecode.c.objc; name = CloudView.m; path = "Custom Views/CloudView/CloudView.m"; sourceTree = "<group>"; };
		7F316162192C9FDA00C49EAE /* Segment.h */ = {isa = PBXFileReference; fileEncoding = 4; lastKnownFileType = sourcecode.c.h; name = Segment.h; path = "Custom Views/Segment/Segment.h"; sourceTree = "<group>"; };
		7F316163192C9FDA00C49EAE /* Segment.m */ = {isa = PBXFileReference; fileEncoding = 4; lastKnownFileType = sourcecode.c.objc; name = Segment.m; path = "Custom Views/Segment/Segment.m"; sourceTree = "<group>"; };
		7F316166192C9FF500C49EAE /* GameObject.h */ = {isa = PBXFileReference; fileEncoding = 4; lastKnownFileType = sourcecode.c.h; name = GameObject.h; path = Managers/GameObject.h; sourceTree = "<group>"; };
		7F316167192C9FF500C49EAE /* GameObject.m */ = {isa = PBXFileReference; fileEncoding = 4; lastKnownFileType = sourcecode.c.objc; name = GameObject.m; path = Managers/GameObject.m; sourceTree = "<group>"; };
		7F31616A192CA01000C49EAE /* Constansts.h */ = {isa = PBXFileReference; lastKnownFileType = sourcecode.c.h; name = Constansts.h; path = "Oser Classes/Constansts.h"; sourceTree = "<group>"; };
		7F31616C192CA02C00C49EAE /* ball1.svg */ = {isa = PBXFileReference; fileEncoding = 4; lastKnownFileType = text.xml; name = ball1.svg; path = Resources/General/ball1.svg; sourceTree = "<group>"; };
		7F31616D192CA02C00C49EAE /* ball2.svg */ = {isa = PBXFileReference; fileEncoding = 4; lastKnownFileType = text.xml; name = ball2.svg; path = Resources/General/ball2.svg; sourceTree = "<group>"; };
		7F316172192CA05A00C49EAE /* GamePlayViewController.h */ = {isa = PBXFileReference; fileEncoding = 4; lastKnownFileType = sourcecode.c.h; name = GamePlayViewController.h; path = "View Controllers/GamePlay/GamePlayViewController.h"; sourceTree = "<group>"; };
		7F316173192CA05A00C49EAE /* GamePlayViewController.m */ = {isa = PBXFileReference; fileEncoding = 4; lastKnownFileType = sourcecode.c.objc; name = GamePlayViewController.m; path = "View Controllers/GamePlay/GamePlayViewController.m"; sourceTree = "<group>"; };
		7F316174192CA05A00C49EAE /* StartViewController.h */ = {isa = PBXFileReference; fileEncoding = 4; lastKnownFileType = sourcecode.c.h; name = StartViewController.h; path = "View Controllers/Start View Controller/StartViewController.h"; sourceTree = "<group>"; };
		7F316175192CA05A00C49EAE /* StartViewController.m */ = {isa = PBXFileReference; fileEncoding = 4; lastKnownFileType = sourcecode.c.objc; name = StartViewController.m; path = "View Controllers/Start View Controller/StartViewController.m"; sourceTree = "<group>"; };
		7F31617B192CAA4500C49EAE /* FPObjectsManager.h */ = {isa = PBXFileReference; fileEncoding = 4; lastKnownFileType = sourcecode.c.h; name = FPObjectsManager.h; path = Managers/FPObjectsManager.h; sourceTree = "<group>"; };
		7F31617C192CAA4500C49EAE /* FPObjectsManager.m */ = {isa = PBXFileReference; fileEncoding = 4; lastKnownFileType = sourcecode.c.objc; name = FPObjectsManager.m; path = Managers/FPObjectsManager.m; sourceTree = "<group>"; };
		7F31617E192CCBE200C49EAE /* Levels */ = {isa = PBXFileReference; lastKnownFileType = folder; name = Levels; path = Resources/Levels; sourceTree = "<group>"; };
		7F316180192D092300C49EAE /* Preferencces.h */ = {isa = PBXFileReference; fileEncoding = 4; lastKnownFileType = sourcecode.c.h; name = Preferencces.h; path = "View Controllers/Preferensses/Preferencces.h"; sourceTree = "<group>"; };
		7F316181192D092300C49EAE /* Preferencces.m */ = {isa = PBXFileReference; fileEncoding = 4; lastKnownFileType = sourcecode.c.objc; name = Preferencces.m; path = "View Controllers/Preferensses/Preferencces.m"; sourceTree = "<group>"; };
		7F8A15B8192E0FFC006A9D6B /* PDFImage.framework */ = {isa = PBXFileReference; lastKnownFileType = wrapper.framework; name = PDFImage.framework; path = FunnyPuzzle/Frameworks/PDFImage.framework; sourceTree = "<group>"; };
		7F8A15BA192E1620006A9D6B /* ball1.pdf */ = {isa = PBXFileReference; lastKnownFileType = image.pdf; name = ball1.pdf; path = Resources/General/ball1.pdf; sourceTree = "<group>"; };
		7F8A15BB192E1620006A9D6B /* ball2.pdf */ = {isa = PBXFileReference; lastKnownFileType = image.pdf; name = ball2.pdf; path = Resources/General/ball2.pdf; sourceTree = "<group>"; };
		7F8A15C1192E2069006A9D6B /* Base */ = {isa = PBXFileReference; lastKnownFileType = text.plist.strings; name = Base; path = Base.lproj/Localizable.strings; sourceTree = "<group>"; };
		7FA4BA3E192C9AFD00A772BA /* FunnyPuzzle.app */ = {isa = PBXFileReference; explicitFileType = wrapper.application; includeInIndex = 0; path = FunnyPuzzle.app; sourceTree = BUILT_PRODUCTS_DIR; };
		7FA4BA41192C9AFD00A772BA /* Foundation.framework */ = {isa = PBXFileReference; lastKnownFileType = wrapper.framework; name = Foundation.framework; path = System/Library/Frameworks/Foundation.framework; sourceTree = SDKROOT; };
		7FA4BA43192C9AFD00A772BA /* CoreGraphics.framework */ = {isa = PBXFileReference; lastKnownFileType = wrapper.framework; name = CoreGraphics.framework; path = System/Library/Frameworks/CoreGraphics.framework; sourceTree = SDKROOT; };
		7FA4BA45192C9AFD00A772BA /* UIKit.framework */ = {isa = PBXFileReference; lastKnownFileType = wrapper.framework; name = UIKit.framework; path = System/Library/Frameworks/UIKit.framework; sourceTree = SDKROOT; };
		7FA4BA49192C9AFD00A772BA /* FunnyPuzzle-Info.plist */ = {isa = PBXFileReference; lastKnownFileType = text.plist.xml; path = "FunnyPuzzle-Info.plist"; sourceTree = "<group>"; };
		7FA4BA4B192C9AFD00A772BA /* en */ = {isa = PBXFileReference; lastKnownFileType = text.plist.strings; name = en; path = en.lproj/InfoPlist.strings; sourceTree = "<group>"; };
		7FA4BA4D192C9AFD00A772BA /* main.m */ = {isa = PBXFileReference; lastKnownFileType = sourcecode.c.objc; path = main.m; sourceTree = "<group>"; };
		7FA4BA4F192C9AFD00A772BA /* FunnyPuzzle-Prefix.pch */ = {isa = PBXFileReference; lastKnownFileType = sourcecode.c.h; path = "FunnyPuzzle-Prefix.pch"; sourceTree = "<group>"; };
		7FA4BA50192C9AFD00A772BA /* FPAppDelegate.h */ = {isa = PBXFileReference; lastKnownFileType = sourcecode.c.h; path = FPAppDelegate.h; sourceTree = "<group>"; };
		7FA4BA51192C9AFD00A772BA /* FPAppDelegate.m */ = {isa = PBXFileReference; lastKnownFileType = sourcecode.c.objc; path = FPAppDelegate.m; sourceTree = "<group>"; };
		7FA4BA54192C9AFD00A772BA /* Base */ = {isa = PBXFileReference; lastKnownFileType = file.storyboard; name = Base; path = Base.lproj/Main.storyboard; sourceTree = "<group>"; };
		7FA4BA56192C9AFD00A772BA /* FPViewController.h */ = {isa = PBXFileReference; lastKnownFileType = sourcecode.c.h; path = FPViewController.h; sourceTree = "<group>"; };
		7FA4BA57192C9AFD00A772BA /* FPViewController.m */ = {isa = PBXFileReference; lastKnownFileType = sourcecode.c.objc; path = FPViewController.m; sourceTree = "<group>"; };
		7FA4BA59192C9AFD00A772BA /* Images.xcassets */ = {isa = PBXFileReference; lastKnownFileType = folder.assetcatalog; path = Images.xcassets; sourceTree = "<group>"; };
		7FA4BA5F192C9AFD00A772BA /* FunnyPuzzleTests.xctest */ = {isa = PBXFileReference; explicitFileType = wrapper.cfbundle; includeInIndex = 0; path = FunnyPuzzleTests.xctest; sourceTree = BUILT_PRODUCTS_DIR; };
		7FA4BA60192C9AFD00A772BA /* XCTest.framework */ = {isa = PBXFileReference; lastKnownFileType = wrapper.framework; name = XCTest.framework; path = Library/Frameworks/XCTest.framework; sourceTree = DEVELOPER_DIR; };
		7FA4BA68192C9AFD00A772BA /* FunnyPuzzleTests-Info.plist */ = {isa = PBXFileReference; lastKnownFileType = text.plist.xml; path = "FunnyPuzzleTests-Info.plist"; sourceTree = "<group>"; };
		7FA4BA6A192C9AFD00A772BA /* en */ = {isa = PBXFileReference; lastKnownFileType = text.plist.strings; name = en; path = en.lproj/InfoPlist.strings; sourceTree = "<group>"; };
		7FA4BA6C192C9AFD00A772BA /* FunnyPuzzleTests.m */ = {isa = PBXFileReference; lastKnownFileType = sourcecode.c.objc; path = FunnyPuzzleTests.m; sourceTree = "<group>"; };
		F279C6C4F84A42CA90619595 /* libPods.a */ = {isa = PBXFileReference; explicitFileType = archive.ar; includeInIndex = 0; path = libPods.a; sourceTree = BUILT_PRODUCTS_DIR; };
/* End PBXFileReference section */

/* Begin PBXFrameworksBuildPhase section */
		7FA4BA3B192C9AFD00A772BA /* Frameworks */ = {
			isa = PBXFrameworksBuildPhase;
			buildActionMask = 2147483647;
			files = (
				7F8A15B9192E0FFC006A9D6B /* PDFImage.framework in Frameworks */,
				7FA4BA44192C9AFD00A772BA /* CoreGraphics.framework in Frameworks */,
				7FA4BA46192C9AFD00A772BA /* UIKit.framework in Frameworks */,
				7FA4BA42192C9AFD00A772BA /* Foundation.framework in Frameworks */,
				6661D472BFF245DDB705F619 /* libPods.a in Frameworks */,
			);
			runOnlyForDeploymentPostprocessing = 0;
		};
		7FA4BA5C192C9AFD00A772BA /* Frameworks */ = {
			isa = PBXFrameworksBuildPhase;
			buildActionMask = 2147483647;
			files = (
				7FA4BA61192C9AFD00A772BA /* XCTest.framework in Frameworks */,
				7FA4BA63192C9AFD00A772BA /* UIKit.framework in Frameworks */,
				7FA4BA62192C9AFD00A772BA /* Foundation.framework in Frameworks */,
			);
			runOnlyForDeploymentPostprocessing = 0;
		};
/* End PBXFrameworksBuildPhase section */

/* Begin PBXGroup section */
		0466919D192CE8930095E1A8 /* Bonus */ = {
			isa = PBXGroup;
			children = (
				04802DD1192E0D0900787C67 /* candy_icon.png */,
				04802DD2192E0D0900787C67 /* candy_icon@2x.png */,
				0439AD5F192E104400BD1FE3 /* basket_icon.png */,
				0439AD60192E104400BD1FE3 /* basket_icon@2x.png */,
				0466919A192CE88D0095E1A8 /* FPBonusViewController.h */,
				0466919B192CE88D0095E1A8 /* FPBonusViewController.m */,
			);
			name = Bonus;
			sourceTree = "<group>";
		};
		046691A1192CE9A40095E1A8 /* Candies */ = {
			isa = PBXGroup;
			children = (
				0466919E192CE99A0095E1A8 /* Candies.h */,
				0466919F192CE99A0095E1A8 /* Candies.m */,
			);
			name = Candies;
			sourceTree = "<group>";
		};
		7F31615C192C9FA400C49EAE /* Views */ = {
			isa = PBXGroup;
			children = (
				7F316165192C9FDF00C49EAE /* Segment */,
				7F316161192C9FC600C49EAE /* Cloud */,
				7F31615D192C9FAF00C49EAE /* Ball */,
				046691A1192CE9A40095E1A8 /* Candies */,
			);
			name = Views;
			sourceTree = "<group>";
		};
		7F31615D192C9FAF00C49EAE /* Ball */ = {
			isa = PBXGroup;
			children = (
				7F316159192C9F9D00C49EAE /* BallView.h */,
				7F31615A192C9F9D00C49EAE /* BallView.m */,
			);
			name = Ball;
			sourceTree = "<group>";
		};
		7F316161192C9FC600C49EAE /* Cloud */ = {
			isa = PBXGroup;
			children = (
				7F31615E192C9FC200C49EAE /* CloudView.h */,
				7F31615F192C9FC200C49EAE /* CloudView.m */,
			);
			name = Cloud;
			sourceTree = "<group>";
		};
		7F316165192C9FDF00C49EAE /* Segment */ = {
			isa = PBXGroup;
			children = (
				7F316162192C9FDA00C49EAE /* Segment.h */,
				7F316163192C9FDA00C49EAE /* Segment.m */,
			);
			name = Segment;
			sourceTree = "<group>";
		};
		7F316169192C9FFC00C49EAE /* Objects */ = {
			isa = PBXGroup;
			children = (
				7F316166192C9FF500C49EAE /* GameObject.h */,
				7F316167192C9FF500C49EAE /* GameObject.m */,
				7F31617B192CAA4500C49EAE /* FPObjectsManager.h */,
				7F31617C192CAA4500C49EAE /* FPObjectsManager.m */,
			);
			name = Objects;
			sourceTree = "<group>";
		};
		7F31616B192CA01500C49EAE /* Other */ = {
			isa = PBXGroup;
			children = (
				7F31616A192CA01000C49EAE /* Constansts.h */,
			);
			name = Other;
			sourceTree = "<group>";
		};
		7F316170192CA03200C49EAE /* Resources */ = {
			isa = PBXGroup;
			children = (
				7F31617E192CCBE200C49EAE /* Levels */,
				7F316171192CA04200C49EAE /* Start */,
				7F8A15C2192E2069006A9D6B /* Localizable.strings */,
			);
			name = Resources;
			sourceTree = "<group>";
		};
		7F316171192CA04200C49EAE /* Start */ = {
			isa = PBXGroup;
			children = (
				7F8A15BA192E1620006A9D6B /* ball1.pdf */,
				7F8A15BB192E1620006A9D6B /* ball2.pdf */,
				7F31616C192CA02C00C49EAE /* ball1.svg */,
				7F31616D192CA02C00C49EAE /* ball2.svg */,
			);
			name = Start;
			sourceTree = "<group>";
		};
		7F316178192CA06100C49EAE /* VirewControllers */ = {
			isa = PBXGroup;
			children = (
				7F3161D8192DBB9C00C49EAE /* Prefs */,
				7F316179192CA08300C49EAE /* Gameplay */,
				7F31617A192CA08F00C49EAE /* Start */,
				0466919D192CE8930095E1A8 /* Bonus */,
			);
			name = VirewControllers;
			sourceTree = "<group>";
		};
		7F316179192CA08300C49EAE /* Gameplay */ = {
			isa = PBXGroup;
			children = (
				7F316172192CA05A00C49EAE /* GamePlayViewController.h */,
				7F316173192CA05A00C49EAE /* GamePlayViewController.m */,
			);
			name = Gameplay;
			sourceTree = "<group>";
		};
		7F31617A192CA08F00C49EAE /* Start */ = {
			isa = PBXGroup;
			children = (
				7F316174192CA05A00C49EAE /* StartViewController.h */,
				7F316175192CA05A00C49EAE /* StartViewController.m */,
			);
			name = Start;
			sourceTree = "<group>";
		};
		7F3161D8192DBB9C00C49EAE /* Prefs */ = {
			isa = PBXGroup;
			children = (
				7F316180192D092300C49EAE /* Preferencces.h */,
				7F316181192D092300C49EAE /* Preferencces.m */,
			);
			name = Prefs;
			sourceTree = "<group>";
		};
		7FA4BA35192C9AFD00A772BA = {
			isa = PBXGroup;
			children = (
				7FA4BA47192C9AFD00A772BA /* FunnyPuzzle */,
				7FA4BA66192C9AFD00A772BA /* FunnyPuzzleTests */,
				7FA4BA40192C9AFD00A772BA /* Frameworks */,
				7FA4BA3F192C9AFD00A772BA /* Products */,
				09B2AE5F26204B769DFEAAF9 /* Pods.xcconfig */,
			);
			sourceTree = "<group>";
		};
		7FA4BA3F192C9AFD00A772BA /* Products */ = {
			isa = PBXGroup;
			children = (
				7FA4BA3E192C9AFD00A772BA /* FunnyPuzzle.app */,
				7FA4BA5F192C9AFD00A772BA /* FunnyPuzzleTests.xctest */,
			);
			name = Products;
			sourceTree = "<group>";
		};
		7FA4BA40192C9AFD00A772BA /* Frameworks */ = {
			isa = PBXGroup;
			children = (
				7F8A15B8192E0FFC006A9D6B /* PDFImage.framework */,
				7FA4BA41192C9AFD00A772BA /* Foundation.framework */,
				7FA4BA43192C9AFD00A772BA /* CoreGraphics.framework */,
				7FA4BA45192C9AFD00A772BA /* UIKit.framework */,
				7FA4BA60192C9AFD00A772BA /* XCTest.framework */,
				F279C6C4F84A42CA90619595 /* libPods.a */,
			);
			name = Frameworks;
			sourceTree = "<group>";
		};
		7FA4BA47192C9AFD00A772BA /* FunnyPuzzle */ = {
			isa = PBXGroup;
			children = (
				7F316170192CA03200C49EAE /* Resources */,
				7F316178192CA06100C49EAE /* VirewControllers */,
				7FA4BA50192C9AFD00A772BA /* FPAppDelegate.h */,
				7FA4BA51192C9AFD00A772BA /* FPAppDelegate.m */,
				7FA4BA53192C9AFD00A772BA /* Main.storyboard */,
				7FA4BA56192C9AFD00A772BA /* FPViewController.h */,
				7FA4BA57192C9AFD00A772BA /* FPViewController.m */,
				7F316169192C9FFC00C49EAE /* Objects */,
				7F31615C192C9FA400C49EAE /* Views */,
				7FA4BA59192C9AFD00A772BA /* Images.xcassets */,
				7F31616B192CA01500C49EAE /* Other */,
				7FA4BA48192C9AFD00A772BA /* Supporting Files */,
			);
			path = FunnyPuzzle;
			sourceTree = "<group>";
		};
		7FA4BA48192C9AFD00A772BA /* Supporting Files */ = {
			isa = PBXGroup;
			children = (
				7FA4BA49192C9AFD00A772BA /* FunnyPuzzle-Info.plist */,
				7FA4BA4A192C9AFD00A772BA /* InfoPlist.strings */,
				7FA4BA4D192C9AFD00A772BA /* main.m */,
				7FA4BA4F192C9AFD00A772BA /* FunnyPuzzle-Prefix.pch */,
			);
			name = "Supporting Files";
			sourceTree = "<group>";
		};
		7FA4BA66192C9AFD00A772BA /* FunnyPuzzleTests */ = {
			isa = PBXGroup;
			children = (
				7FA4BA6C192C9AFD00A772BA /* FunnyPuzzleTests.m */,
				7FA4BA67192C9AFD00A772BA /* Supporting Files */,
			);
			path = FunnyPuzzleTests;
			sourceTree = "<group>";
		};
		7FA4BA67192C9AFD00A772BA /* Supporting Files */ = {
			isa = PBXGroup;
			children = (
				7FA4BA68192C9AFD00A772BA /* FunnyPuzzleTests-Info.plist */,
				7FA4BA69192C9AFD00A772BA /* InfoPlist.strings */,
			);
			name = "Supporting Files";
			sourceTree = "<group>";
		};
/* End PBXGroup section */

/* Begin PBXNativeTarget section */
		7FA4BA3D192C9AFD00A772BA /* FunnyPuzzle */ = {
			isa = PBXNativeTarget;
			buildConfigurationList = 7FA4BA70192C9AFD00A772BA /* Build configuration list for PBXNativeTarget "FunnyPuzzle" */;
			buildPhases = (
				46C4048C5D3A4446830864F3 /* Check Pods Manifest.lock */,
				7FA4BA3A192C9AFD00A772BA /* Sources */,
				7FA4BA3B192C9AFD00A772BA /* Frameworks */,
				7FA4BA3C192C9AFD00A772BA /* Resources */,
				BA821DF5D73D4822BEFE23A7 /* Copy Pods Resources */,
			);
			buildRules = (
			);
			dependencies = (
			);
			name = FunnyPuzzle;
			productName = FunnyPuzzle;
			productReference = 7FA4BA3E192C9AFD00A772BA /* FunnyPuzzle.app */;
			productType = "com.apple.product-type.application";
		};
		7FA4BA5E192C9AFD00A772BA /* FunnyPuzzleTests */ = {
			isa = PBXNativeTarget;
			buildConfigurationList = 7FA4BA73192C9AFD00A772BA /* Build configuration list for PBXNativeTarget "FunnyPuzzleTests" */;
			buildPhases = (
				7FA4BA5B192C9AFD00A772BA /* Sources */,
				7FA4BA5C192C9AFD00A772BA /* Frameworks */,
				7FA4BA5D192C9AFD00A772BA /* Resources */,
			);
			buildRules = (
			);
			dependencies = (
				7FA4BA65192C9AFD00A772BA /* PBXTargetDependency */,
			);
			name = FunnyPuzzleTests;
			productName = FunnyPuzzleTests;
			productReference = 7FA4BA5F192C9AFD00A772BA /* FunnyPuzzleTests.xctest */;
			productType = "com.apple.product-type.bundle.unit-test";
		};
/* End PBXNativeTarget section */

/* Begin PBXProject section */
		7FA4BA36192C9AFD00A772BA /* Project object */ = {
			isa = PBXProject;
			attributes = {
				CLASSPREFIX = FP;
				LastUpgradeCheck = 0510;
				ORGANIZATIONNAME = Mobilez365;
				TargetAttributes = {
					7FA4BA5E192C9AFD00A772BA = {
						TestTargetID = 7FA4BA3D192C9AFD00A772BA;
					};
				};
			};
			buildConfigurationList = 7FA4BA39192C9AFD00A772BA /* Build configuration list for PBXProject "FunnyPuzzle" */;
			compatibilityVersion = "Xcode 3.2";
			developmentRegion = English;
			hasScannedForEncodings = 0;
			knownRegions = (
				en,
				Base,
			);
			mainGroup = 7FA4BA35192C9AFD00A772BA;
			productRefGroup = 7FA4BA3F192C9AFD00A772BA /* Products */;
			projectDirPath = "";
			projectRoot = "";
			targets = (
				7FA4BA3D192C9AFD00A772BA /* FunnyPuzzle */,
				7FA4BA5E192C9AFD00A772BA /* FunnyPuzzleTests */,
			);
		};
/* End PBXProject section */

/* Begin PBXResourcesBuildPhase section */
		7FA4BA3C192C9AFD00A772BA /* Resources */ = {
			isa = PBXResourcesBuildPhase;
			buildActionMask = 2147483647;
			files = (
				7FA4BA5A192C9AFD00A772BA /* Images.xcassets in Resources */,
				0439AD61192E104400BD1FE3 /* basket_icon.png in Resources */,
				7FA4BA4C192C9AFD00A772BA /* InfoPlist.strings in Resources */,
				0439AD62192E104400BD1FE3 /* basket_icon@2x.png in Resources */,
				7FA4BA55192C9AFD00A772BA /* Main.storyboard in Resources */,
				7F31617F192CCBE200C49EAE /* Levels in Resources */,
				7F8A15C0192E2069006A9D6B /* Localizable.strings in Resources */,
				7F8A15BC192E1620006A9D6B /* ball1.pdf in Resources */,
				7F31616F192CA02C00C49EAE /* ball2.svg in Resources */,
				04802DD4192E0D0900787C67 /* candy_icon@2x.png in Resources */,
				04802DD3192E0D0900787C67 /* candy_icon.png in Resources */,
				7F31616E192CA02C00C49EAE /* ball1.svg in Resources */,
			);
			runOnlyForDeploymentPostprocessing = 0;
		};
		7FA4BA5D192C9AFD00A772BA /* Resources */ = {
			isa = PBXResourcesBuildPhase;
			buildActionMask = 2147483647;
			files = (
				7FA4BA6B192C9AFD00A772BA /* InfoPlist.strings in Resources */,
			);
			runOnlyForDeploymentPostprocessing = 0;
		};
/* End PBXResourcesBuildPhase section */

/* Begin PBXShellScriptBuildPhase section */
		46C4048C5D3A4446830864F3 /* Check Pods Manifest.lock */ = {
			isa = PBXShellScriptBuildPhase;
			buildActionMask = 2147483647;
			files = (
			);
			inputPaths = (
			);
			name = "Check Pods Manifest.lock";
			outputPaths = (
			);
			runOnlyForDeploymentPostprocessing = 0;
			shellPath = /bin/sh;
			shellScript = "diff \"${PODS_ROOT}/../Podfile.lock\" \"${PODS_ROOT}/Manifest.lock\" > /dev/null\nif [[ $? != 0 ]] ; then\n    cat << EOM\nerror: The sandbox is not in sync with the Podfile.lock. Run 'pod install' or update your CocoaPods installation.\nEOM\n    exit 1\nfi\n";
			showEnvVarsInLog = 0;
		};
		BA821DF5D73D4822BEFE23A7 /* Copy Pods Resources */ = {
			isa = PBXShellScriptBuildPhase;
			buildActionMask = 2147483647;
			files = (
			);
			inputPaths = (
			);
			name = "Copy Pods Resources";
			outputPaths = (
			);
			runOnlyForDeploymentPostprocessing = 0;
			shellPath = /bin/sh;
			shellScript = "\"${SRCROOT}/Pods/Pods-resources.sh\"\n";
			showEnvVarsInLog = 0;
		};
/* End PBXShellScriptBuildPhase section */

/* Begin PBXSourcesBuildPhase section */
		7FA4BA3A192C9AFD00A772BA /* Sources */ = {
			isa = PBXSourcesBuildPhase;
			buildActionMask = 2147483647;
			files = (
				7FA4BA52192C9AFD00A772BA /* FPAppDelegate.m in Sources */,
				0466919C192CE88D0095E1A8 /* FPBonusViewController.m in Sources */,
				7F316168192C9FF500C49EAE /* GameObject.m in Sources */,
				7F316176192CA05A00C49EAE /* GamePlayViewController.m in Sources */,
				7F316177192CA05A00C49EAE /* StartViewController.m in Sources */,
				7F31617D192CAA4500C49EAE /* FPObjectsManager.m in Sources */,
				7FA4BA4E192C9AFD00A772BA /* main.m in Sources */,
				7F316182192D092300C49EAE /* Preferencces.m in Sources */,
				7F316160192C9FC200C49EAE /* CloudView.m in Sources */,
				7FA4BA58192C9AFD00A772BA /* FPViewController.m in Sources */,
				7F31615B192C9F9D00C49EAE /* BallView.m in Sources */,
				7F316164192C9FDA00C49EAE /* Segment.m in Sources */,
				046691A0192CE99A0095E1A8 /* Candies.m in Sources */,
			);
			runOnlyForDeploymentPostprocessing = 0;
		};
		7FA4BA5B192C9AFD00A772BA /* Sources */ = {
			isa = PBXSourcesBuildPhase;
			buildActionMask = 2147483647;
			files = (
				7FA4BA6D192C9AFD00A772BA /* FunnyPuzzleTests.m in Sources */,
			);
			runOnlyForDeploymentPostprocessing = 0;
		};
/* End PBXSourcesBuildPhase section */

/* Begin PBXTargetDependency section */
		7FA4BA65192C9AFD00A772BA /* PBXTargetDependency */ = {
			isa = PBXTargetDependency;
			target = 7FA4BA3D192C9AFD00A772BA /* FunnyPuzzle */;
			targetProxy = 7FA4BA64192C9AFD00A772BA /* PBXContainerItemProxy */;
		};
/* End PBXTargetDependency section */

/* Begin PBXVariantGroup section */
		7F8A15C2192E2069006A9D6B /* Localizable.strings */ = {
			isa = PBXVariantGroup;
			children = (
				7F8A15C1192E2069006A9D6B /* Base */,
			);
			name = Localizable.strings;
			path = Resources;
			sourceTree = "<group>";
		};
		7FA4BA4A192C9AFD00A772BA /* InfoPlist.strings */ = {
			isa = PBXVariantGroup;
			children = (
				7FA4BA4B192C9AFD00A772BA /* en */,
			);
			name = InfoPlist.strings;
			sourceTree = "<group>";
		};
		7FA4BA53192C9AFD00A772BA /* Main.storyboard */ = {
			isa = PBXVariantGroup;
			children = (
				7FA4BA54192C9AFD00A772BA /* Base */,
			);
			name = Main.storyboard;
			sourceTree = "<group>";
		};
		7FA4BA69192C9AFD00A772BA /* InfoPlist.strings */ = {
			isa = PBXVariantGroup;
			children = (
				7FA4BA6A192C9AFD00A772BA /* en */,
			);
			name = InfoPlist.strings;
			sourceTree = "<group>";
		};
/* End PBXVariantGroup section */

/* Begin XCBuildConfiguration section */
		7FA4BA6E192C9AFD00A772BA /* Debug */ = {
			isa = XCBuildConfiguration;
			buildSettings = {
				ALWAYS_SEARCH_USER_PATHS = NO;
				CLANG_CXX_LANGUAGE_STANDARD = "gnu++0x";
				CLANG_CXX_LIBRARY = "libc++";
				CLANG_ENABLE_MODULES = YES;
				CLANG_ENABLE_OBJC_ARC = YES;
				CLANG_WARN_BOOL_CONVERSION = YES;
				CLANG_WARN_CONSTANT_CONVERSION = YES;
				CLANG_WARN_DIRECT_OBJC_ISA_USAGE = YES_ERROR;
				CLANG_WARN_EMPTY_BODY = YES;
				CLANG_WARN_ENUM_CONVERSION = YES;
				CLANG_WARN_INT_CONVERSION = YES;
				CLANG_WARN_OBJC_ROOT_CLASS = YES_ERROR;
				CLANG_WARN__DUPLICATE_METHOD_MATCH = YES;
				"CODE_SIGN_IDENTITY[sdk=iphoneos*]" = "iPhone Developer";
				COPY_PHASE_STRIP = NO;
				GCC_C_LANGUAGE_STANDARD = gnu99;
				GCC_DYNAMIC_NO_PIC = NO;
				GCC_OPTIMIZATION_LEVEL = 0;
				GCC_PREPROCESSOR_DEFINITIONS = (
					"DEBUG=1",
					"$(inherited)",
				);
				GCC_SYMBOLS_PRIVATE_EXTERN = NO;
				GCC_WARN_64_TO_32_BIT_CONVERSION = YES;
				GCC_WARN_ABOUT_RETURN_TYPE = YES_ERROR;
				GCC_WARN_UNDECLARED_SELECTOR = YES;
				GCC_WARN_UNINITIALIZED_AUTOS = YES_AGGRESSIVE;
				GCC_WARN_UNUSED_FUNCTION = YES;
				GCC_WARN_UNUSED_VARIABLE = YES;
				IPHONEOS_DEPLOYMENT_TARGET = 7.1;
				ONLY_ACTIVE_ARCH = YES;
				SDKROOT = iphoneos;
			};
			name = Debug;
		};
		7FA4BA6F192C9AFD00A772BA /* Release */ = {
			isa = XCBuildConfiguration;
			buildSettings = {
				ALWAYS_SEARCH_USER_PATHS = NO;
				CLANG_CXX_LANGUAGE_STANDARD = "gnu++0x";
				CLANG_CXX_LIBRARY = "libc++";
				CLANG_ENABLE_MODULES = YES;
				CLANG_ENABLE_OBJC_ARC = YES;
				CLANG_WARN_BOOL_CONVERSION = YES;
				CLANG_WARN_CONSTANT_CONVERSION = YES;
				CLANG_WARN_DIRECT_OBJC_ISA_USAGE = YES_ERROR;
				CLANG_WARN_EMPTY_BODY = YES;
				CLANG_WARN_ENUM_CONVERSION = YES;
				CLANG_WARN_INT_CONVERSION = YES;
				CLANG_WARN_OBJC_ROOT_CLASS = YES_ERROR;
				CLANG_WARN__DUPLICATE_METHOD_MATCH = YES;
				"CODE_SIGN_IDENTITY[sdk=iphoneos*]" = "iPhone Developer";
				COPY_PHASE_STRIP = YES;
				ENABLE_NS_ASSERTIONS = NO;
				GCC_C_LANGUAGE_STANDARD = gnu99;
				GCC_WARN_64_TO_32_BIT_CONVERSION = YES;
				GCC_WARN_ABOUT_RETURN_TYPE = YES_ERROR;
				GCC_WARN_UNDECLARED_SELECTOR = YES;
				GCC_WARN_UNINITIALIZED_AUTOS = YES_AGGRESSIVE;
				GCC_WARN_UNUSED_FUNCTION = YES;
				GCC_WARN_UNUSED_VARIABLE = YES;
				IPHONEOS_DEPLOYMENT_TARGET = 7.1;
				SDKROOT = iphoneos;
				VALIDATE_PRODUCT = YES;
			};
			name = Release;
		};
		7FA4BA71192C9AFD00A772BA /* Debug */ = {
			isa = XCBuildConfiguration;
			baseConfigurationReference = 09B2AE5F26204B769DFEAAF9 /* Pods.xcconfig */;
			buildSettings = {
				ASSETCATALOG_COMPILER_APPICON_NAME = AppIcon;
				ASSETCATALOG_COMPILER_LAUNCHIMAGE_NAME = LaunchImage;
				FRAMEWORK_SEARCH_PATHS = (
					"$(inherited)",
					/Users/misha2g/Desktop,
					"$(PROJECT_DIR)/FunnyPuzzle/Frameworks",
				);
				GCC_PRECOMPILE_PREFIX_HEADER = YES;
				GCC_PREFIX_HEADER = "FunnyPuzzle/FunnyPuzzle-Prefix.pch";
				INFOPLIST_FILE = "FunnyPuzzle/FunnyPuzzle-Info.plist";
				IPHONEOS_DEPLOYMENT_TARGET = 6.1;
				PRODUCT_NAME = "$(TARGET_NAME)";
				WRAPPER_EXTENSION = app;
			};
			name = Debug;
		};
		7FA4BA72192C9AFD00A772BA /* Release */ = {
			isa = XCBuildConfiguration;
			baseConfigurationReference = 09B2AE5F26204B769DFEAAF9 /* Pods.xcconfig */;
			buildSettings = {
				ASSETCATALOG_COMPILER_APPICON_NAME = AppIcon;
				ASSETCATALOG_COMPILER_LAUNCHIMAGE_NAME = LaunchImage;
				FRAMEWORK_SEARCH_PATHS = (
					"$(inherited)",
					/Users/misha2g/Desktop,
					"$(PROJECT_DIR)/FunnyPuzzle/Frameworks",
				);
				GCC_PRECOMPILE_PREFIX_HEADER = YES;
				GCC_PREFIX_HEADER = "FunnyPuzzle/FunnyPuzzle-Prefix.pch";
				INFOPLIST_FILE = "FunnyPuzzle/FunnyPuzzle-Info.plist";
				IPHONEOS_DEPLOYMENT_TARGET = 6.1;
				PRODUCT_NAME = "$(TARGET_NAME)";
				WRAPPER_EXTENSION = app;
			};
			name = Release;
		};
		7FA4BA74192C9AFD00A772BA /* Debug */ = {
			isa = XCBuildConfiguration;
			buildSettings = {
				BUNDLE_LOADER = "$(BUILT_PRODUCTS_DIR)/FunnyPuzzle.app/FunnyPuzzle";
				FRAMEWORK_SEARCH_PATHS = (
					"$(SDKROOT)/Developer/Library/Frameworks",
					"$(inherited)",
					"$(DEVELOPER_FRAMEWORKS_DIR)",
				);
				GCC_PRECOMPILE_PREFIX_HEADER = YES;
				GCC_PREFIX_HEADER = "FunnyPuzzle/FunnyPuzzle-Prefix.pch";
				GCC_PREPROCESSOR_DEFINITIONS = (
					"DEBUG=1",
					"$(inherited)",
				);
				INFOPLIST_FILE = "FunnyPuzzleTests/FunnyPuzzleTests-Info.plist";
				PRODUCT_NAME = "$(TARGET_NAME)";
				TEST_HOST = "$(BUNDLE_LOADER)";
				WRAPPER_EXTENSION = xctest;
			};
			name = Debug;
		};
		7FA4BA75192C9AFD00A772BA /* Release */ = {
			isa = XCBuildConfiguration;
			buildSettings = {
				BUNDLE_LOADER = "$(BUILT_PRODUCTS_DIR)/FunnyPuzzle.app/FunnyPuzzle";
				FRAMEWORK_SEARCH_PATHS = (
					"$(SDKROOT)/Developer/Library/Frameworks",
					"$(inherited)",
					"$(DEVELOPER_FRAMEWORKS_DIR)",
				);
				GCC_PRECOMPILE_PREFIX_HEADER = YES;
				GCC_PREFIX_HEADER = "FunnyPuzzle/FunnyPuzzle-Prefix.pch";
				INFOPLIST_FILE = "FunnyPuzzleTests/FunnyPuzzleTests-Info.plist";
				PRODUCT_NAME = "$(TARGET_NAME)";
				TEST_HOST = "$(BUNDLE_LOADER)";
				WRAPPER_EXTENSION = xctest;
			};
			name = Release;
		};
/* End XCBuildConfiguration section */

/* Begin XCConfigurationList section */
		7FA4BA39192C9AFD00A772BA /* Build configuration list for PBXProject "FunnyPuzzle" */ = {
			isa = XCConfigurationList;
			buildConfigurations = (
				7FA4BA6E192C9AFD00A772BA /* Debug */,
				7FA4BA6F192C9AFD00A772BA /* Release */,
			);
			defaultConfigurationIsVisible = 0;
			defaultConfigurationName = Release;
		};
		7FA4BA70192C9AFD00A772BA /* Build configuration list for PBXNativeTarget "FunnyPuzzle" */ = {
			isa = XCConfigurationList;
			buildConfigurations = (
				7FA4BA71192C9AFD00A772BA /* Debug */,
				7FA4BA72192C9AFD00A772BA /* Release */,
			);
			defaultConfigurationIsVisible = 0;
			defaultConfigurationName = Release;
		};
		7FA4BA73192C9AFD00A772BA /* Build configuration list for PBXNativeTarget "FunnyPuzzleTests" */ = {
			isa = XCConfigurationList;
			buildConfigurations = (
				7FA4BA74192C9AFD00A772BA /* Debug */,
				7FA4BA75192C9AFD00A772BA /* Release */,
			);
			defaultConfigurationIsVisible = 0;
			defaultConfigurationName = Release;
		};
/* End XCConfigurationList section */
	};
	rootObject = 7FA4BA36192C9AFD00A772BA /* Project object */;
}
